// !$*UTF8*$!
{
	archiveVersion = 1;
	classes = {
	};
	objectVersion = 46;
	objects = {

/* Begin PBXBuildFile section */
		00C302E51ABCBA2D00DB3ED1 /* libRCTActionSheet.a in Frameworks */ = {isa = PBXBuildFile; fileRef = 00C302AC1ABCB8CE00DB3ED1 /* libRCTActionSheet.a */; };
		00C302E71ABCBA2D00DB3ED1 /* libRCTGeolocation.a in Frameworks */ = {isa = PBXBuildFile; fileRef = 00C302BA1ABCB90400DB3ED1 /* libRCTGeolocation.a */; };
		00C302E81ABCBA2D00DB3ED1 /* libRCTImage.a in Frameworks */ = {isa = PBXBuildFile; fileRef = 00C302C01ABCB91800DB3ED1 /* libRCTImage.a */; };
		00C302E91ABCBA2D00DB3ED1 /* libRCTNetwork.a in Frameworks */ = {isa = PBXBuildFile; fileRef = 00C302DC1ABCB9D200DB3ED1 /* libRCTNetwork.a */; };
		00C302EA1ABCBA2D00DB3ED1 /* libRCTVibration.a in Frameworks */ = {isa = PBXBuildFile; fileRef = 00C302E41ABCB9EE00DB3ED1 /* libRCTVibration.a */; };
		09D0D55A1C5F4C29963C44AC /* libyoga.a in Frameworks */ = {isa = PBXBuildFile; fileRef = EDA543951AAC46F19FA8711C /* libyoga.a */; };
		0B8184750A0A4FB89D8D7597 /* libz.tbd in Frameworks */ = {isa = PBXBuildFile; fileRef = 89DE828481A94720B8061C8A /* libz.tbd */; };
		0CB40035ED664B3B96B46D17 /* Zocial.ttf in Resources */ = {isa = PBXBuildFile; fileRef = 78FD789159EC48F68D6CA985 /* Zocial.ttf */; };
		133E29F31AD74F7200F7D852 /* libRCTLinking.a in Frameworks */ = {isa = PBXBuildFile; fileRef = 78C398B91ACF4ADC00677621 /* libRCTLinking.a */; };
		139105C61AF99C1200B5F7CC /* libRCTSettings.a in Frameworks */ = {isa = PBXBuildFile; fileRef = 139105C11AF99BAD00B5F7CC /* libRCTSettings.a */; };
		139FDEF61B0652A700C62182 /* libRCTWebSocket.a in Frameworks */ = {isa = PBXBuildFile; fileRef = 139FDEF41B06529B00C62182 /* libRCTWebSocket.a */; };
		13B07FBC1A68108700A75B9A /* AppDelegate.m in Sources */ = {isa = PBXBuildFile; fileRef = 13B07FB01A68108700A75B9A /* AppDelegate.m */; };
		13B07FBD1A68108700A75B9A /* LaunchScreen.xib in Resources */ = {isa = PBXBuildFile; fileRef = 13B07FB11A68108700A75B9A /* LaunchScreen.xib */; };
		13B07FBF1A68108700A75B9A /* Images.xcassets in Resources */ = {isa = PBXBuildFile; fileRef = 13B07FB51A68108700A75B9A /* Images.xcassets */; };
		13B07FC11A68108700A75B9A /* main.m in Sources */ = {isa = PBXBuildFile; fileRef = 13B07FB71A68108700A75B9A /* main.m */; };
		146834051AC3E58100842450 /* libReact.a in Frameworks */ = {isa = PBXBuildFile; fileRef = 146834041AC3E56700842450 /* libReact.a */; };
		1BDD595C13AF42D896B1CEA2 /* libdouble-conversion.a in Frameworks */ = {isa = PBXBuildFile; fileRef = 7CF875E7A87A4FDEB4AB9850 /* libdouble-conversion.a */; };
		1FAC36314A474A9FA5297279 /* libCodePush.a in Frameworks */ = {isa = PBXBuildFile; fileRef = 2608DF613AA447B5B58577C7 /* libCodePush.a */; };
		250A663515E74D34AF648369 /* libAirMaps.a in Frameworks */ = {isa = PBXBuildFile; fileRef = 6768C5507D634A3BBE7F4898 /* libAirMaps.a */; };
		3830542F728D420F8699007C /* MaterialIcons.ttf in Resources */ = {isa = PBXBuildFile; fileRef = 382174EAB4BE4C44A4750517 /* MaterialIcons.ttf */; };
		4148E0B4C52748BF8F07AC2B /* libthird-party.a in Frameworks */ = {isa = PBXBuildFile; fileRef = AAEAE1EFA1D24D168286547F /* libthird-party.a */; };
		5D26B1906EE243EBB55BD495 /* libReactNativeNavigation.a in Frameworks */ = {isa = PBXBuildFile; fileRef = E51CEEE6F46A4125842304C1 /* libReactNativeNavigation.a */; };
		5E9157361DD0AC6A00FF2AA8 /* libRCTAnimation.a in Frameworks */ = {isa = PBXBuildFile; fileRef = 5E9157331DD0AC6500FF2AA8 /* libRCTAnimation.a */; };
		6F2D90CC6C64488DA1C761B6 /* libcxxreact.a in Frameworks */ = {isa = PBXBuildFile; fileRef = EE9BD72C01A04C15A40CCDA1 /* libcxxreact.a */; };
		6FFC08E74F39AEEB90F946A9 /* libPods-chanmao.a in Frameworks */ = {isa = PBXBuildFile; fileRef = 8AC34398C3803C4C3E534B4C /* libPods-chanmao.a */; };
		7D73A3D9BAFE471FA9ACB183 /* Entypo.ttf in Resources */ = {isa = PBXBuildFile; fileRef = AD42E4D310D44C1EBD58231F /* Entypo.ttf */; };
		832341BD1AAA6AB300B99B32 /* libRCTText.a in Frameworks */ = {isa = PBXBuildFile; fileRef = 832341B51AAA6A8300B99B32 /* libRCTText.a */; };
		91516D2EDEE44355A1065817 /* libRNDeviceInfo.a in Frameworks */ = {isa = PBXBuildFile; fileRef = 2D4D54C2AB274917A124EC13 /* libRNDeviceInfo.a */; };
		A15D5FDE4EF94A89A480276E /* SimpleLineIcons.ttf in Resources */ = {isa = PBXBuildFile; fileRef = B568E9D803634EC5A43C57B1 /* SimpleLineIcons.ttf */; };
		B5598CB4948D42BE94329995 /* libRNVectorIcons.a in Frameworks */ = {isa = PBXBuildFile; fileRef = C75B839C847D4146BEE843F3 /* libRNVectorIcons.a */; };
		C124FCC9065E447A942C2E1C /* Octicons.ttf in Resources */ = {isa = PBXBuildFile; fileRef = 1685BACC95474EFB930421B7 /* Octicons.ttf */; };
		C14F0A27F6E7466491F056F5 /* libReact.a in Frameworks */ = {isa = PBXBuildFile; fileRef = 628B82FBB71A423C8902459A /* libReact.a */; };
		C4BE6B43822840409AC4D8FC /* Foundation.ttf in Resources */ = {isa = PBXBuildFile; fileRef = 0169319F739A4FC7A91B269A /* Foundation.ttf */; };
		C870F361613445E082DE611B /* MaterialCommunityIcons.ttf in Resources */ = {isa = PBXBuildFile; fileRef = 6E925360913B4792958D4017 /* MaterialCommunityIcons.ttf */; };
		C99AD060A8A04FBEBC066BC9 /* libRealmReact.a in Frameworks */ = {isa = PBXBuildFile; fileRef = 25C548088515495783D2644A /* libRealmReact.a */; };
		DCB7F328548F413F9106726E /* Ionicons.ttf in Resources */ = {isa = PBXBuildFile; fileRef = 07D237D42C02444EAE98B449 /* Ionicons.ttf */; };
		DF23174D1F44D4ED000BC41A /* chanmao.ttf in Resources */ = {isa = PBXBuildFile; fileRef = DF23174A1F44D4ED000BC41A /* chanmao.ttf */; };
		DF23174E1F44D4ED000BC41A /* fzzyjt.TTF in Resources */ = {isa = PBXBuildFile; fileRef = DF23174B1F44D4ED000BC41A /* fzzyjt.TTF */; };
		DF23174F1F44D4ED000BC41A /* 方正准圆简体.TTF in Resources */ = {isa = PBXBuildFile; fileRef = DF23174C1F44D4ED000BC41A /* 方正准圆简体.TTF */; };
		DF2317F41F44EC7B000BC41A /* SystemConfiguration.framework in Frameworks */ = {isa = PBXBuildFile; fileRef = DF2317F31F44EC7B000BC41A /* SystemConfiguration.framework */; };
		DF2317F61F44EC82000BC41A /* CoreTelephony.framework in Frameworks */ = {isa = PBXBuildFile; fileRef = DF2317F51F44EC82000BC41A /* CoreTelephony.framework */; };
		DF2317F81F44EC88000BC41A /* libsqlite3.0.tbd in Frameworks */ = {isa = PBXBuildFile; fileRef = DF2317F71F44EC88000BC41A /* libsqlite3.0.tbd */; };
		DF23182A1F44EE3F000BC41A /* libRCTWeChat.a in Frameworks */ = {isa = PBXBuildFile; fileRef = DF2317E01F44EA45000BC41A /* libRCTWeChat.a */; };
		DFB1699C1F55E8E600C07B63 /* StripeBridge.m in Sources */ = {isa = PBXBuildFile; fileRef = DFB1699B1F55E8E600C07B63 /* StripeBridge.m */; };
		E252614AD703442FBE05663B /* libjschelpers.a in Frameworks */ = {isa = PBXBuildFile; fileRef = B155FA5E6ADE475494B6B0FE /* libjschelpers.a */; };
		EB30FB945A85435081309D78 /* EvilIcons.ttf in Resources */ = {isa = PBXBuildFile; fileRef = 9F9AA44EC22A43FFAD86BB0B /* EvilIcons.ttf */; };
		EC564EB3808047C385DE325C /* FontAwesome.ttf in Resources */ = {isa = PBXBuildFile; fileRef = A0FD2B11D6A84A3E97EF69A1 /* FontAwesome.ttf */; };
		F90A92EC20A389980081EDC5 /* QuartzCore.framework in Frameworks */ = {isa = PBXBuildFile; fileRef = F90A92EB20A389980081EDC5 /* QuartzCore.framework */; };
		F90A92EE20A3899C0081EDC5 /* CoreText.framework in Frameworks */ = {isa = PBXBuildFile; fileRef = F90A92ED20A3899C0081EDC5 /* CoreText.framework */; };
		F90A92F020A389A40081EDC5 /* CoreGraphics.framework in Frameworks */ = {isa = PBXBuildFile; fileRef = F90A92EF20A389A40081EDC5 /* CoreGraphics.framework */; };
		F90A92F220A389A80081EDC5 /* UIKit.framework in Frameworks */ = {isa = PBXBuildFile; fileRef = F90A92F120A389A80081EDC5 /* UIKit.framework */; };
		F90A92F420A389AD0081EDC5 /* Foundation.framework in Frameworks */ = {isa = PBXBuildFile; fileRef = F90A92F320A389AD0081EDC5 /* Foundation.framework */; };
		F90A92F620A389B00081EDC5 /* CFNetwork.framework in Frameworks */ = {isa = PBXBuildFile; fileRef = F90A92F520A389B00081EDC5 /* CFNetwork.framework */; };
		F90A92F820A389B40081EDC5 /* CoreMotion.framework in Frameworks */ = {isa = PBXBuildFile; fileRef = F90A92F720A389B40081EDC5 /* CoreMotion.framework */; };
		F93425B820AC791A00D35B8F /* AlipaySDK.framework in Frameworks */ = {isa = PBXBuildFile; fileRef = F93425B220AC791A00D35B8F /* AlipaySDK.framework */; };
		F93425B920AC791A00D35B8F /* AlipaySDK.bundle in Resources */ = {isa = PBXBuildFile; fileRef = F93425B320AC791A00D35B8F /* AlipaySDK.bundle */; };
		F93425BA20AC791A00D35B8F /* Order.m in Sources */ = {isa = PBXBuildFile; fileRef = F93425B420AC791A00D35B8F /* Order.m */; };
		F93425BB20AC791A00D35B8F /* AlipayModule.m in Sources */ = {isa = PBXBuildFile; fileRef = F93425B720AC791A00D35B8F /* AlipayModule.m */; };
		F93425BE20AC7D8100D35B8F /* CmOrder.m in Sources */ = {isa = PBXBuildFile; fileRef = F93425BD20AC7D8100D35B8F /* CmOrder.m */; };
		FE441D83AB884C26AF13567E /* libc++.tbd in Frameworks */ = {isa = PBXBuildFile; fileRef = A8FFC87AF12841D0AD9B329B /* libc++.tbd */; };
/* End PBXBuildFile section */

/* Begin PBXContainerItemProxy section */
		00C302AB1ABCB8CE00DB3ED1 /* PBXContainerItemProxy */ = {
			isa = PBXContainerItemProxy;
			containerPortal = 00C302A71ABCB8CE00DB3ED1 /* RCTActionSheet.xcodeproj */;
			proxyType = 2;
			remoteGlobalIDString = 134814201AA4EA6300B7C361;
			remoteInfo = RCTActionSheet;
		};
		00C302B91ABCB90400DB3ED1 /* PBXContainerItemProxy */ = {
			isa = PBXContainerItemProxy;
			containerPortal = 00C302B51ABCB90400DB3ED1 /* RCTGeolocation.xcodeproj */;
			proxyType = 2;
			remoteGlobalIDString = 134814201AA4EA6300B7C361;
			remoteInfo = RCTGeolocation;
		};
		00C302BF1ABCB91800DB3ED1 /* PBXContainerItemProxy */ = {
			isa = PBXContainerItemProxy;
			containerPortal = 00C302BB1ABCB91800DB3ED1 /* RCTImage.xcodeproj */;
			proxyType = 2;
			remoteGlobalIDString = 58B5115D1A9E6B3D00147676;
			remoteInfo = RCTImage;
		};
		00C302DB1ABCB9D200DB3ED1 /* PBXContainerItemProxy */ = {
			isa = PBXContainerItemProxy;
			containerPortal = 00C302D31ABCB9D200DB3ED1 /* RCTNetwork.xcodeproj */;
			proxyType = 2;
			remoteGlobalIDString = 58B511DB1A9E6C8500147676;
			remoteInfo = RCTNetwork;
		};
		00C302E31ABCB9EE00DB3ED1 /* PBXContainerItemProxy */ = {
			isa = PBXContainerItemProxy;
			containerPortal = 00C302DF1ABCB9EE00DB3ED1 /* RCTVibration.xcodeproj */;
			proxyType = 2;
			remoteGlobalIDString = 832C81801AAF6DEF007FA2F7;
			remoteInfo = RCTVibration;
		};
		139105C01AF99BAD00B5F7CC /* PBXContainerItemProxy */ = {
			isa = PBXContainerItemProxy;
			containerPortal = 139105B61AF99BAD00B5F7CC /* RCTSettings.xcodeproj */;
			proxyType = 2;
			remoteGlobalIDString = 134814201AA4EA6300B7C361;
			remoteInfo = RCTSettings;
		};
		139FDEF31B06529B00C62182 /* PBXContainerItemProxy */ = {
			isa = PBXContainerItemProxy;
			containerPortal = 139FDEE61B06529A00C62182 /* RCTWebSocket.xcodeproj */;
			proxyType = 2;
			remoteGlobalIDString = 3C86DF461ADF2C930047B81A;
			remoteInfo = RCTWebSocket;
		};
		146834031AC3E56700842450 /* PBXContainerItemProxy */ = {
			isa = PBXContainerItemProxy;
			containerPortal = 146833FF1AC3E56700842450 /* React.xcodeproj */;
			proxyType = 2;
			remoteGlobalIDString = 83CBBA2E1A601D0E00E9B192;
			remoteInfo = React;
		};
		3DAD3E831DF850E9000B6D8A /* PBXContainerItemProxy */ = {
			isa = PBXContainerItemProxy;
			containerPortal = 00C302BB1ABCB91800DB3ED1 /* RCTImage.xcodeproj */;
			proxyType = 2;
			remoteGlobalIDString = 2D2A283A1D9B042B00D4039D;
			remoteInfo = "RCTImage-tvOS";
		};
		3DAD3E871DF850E9000B6D8A /* PBXContainerItemProxy */ = {
			isa = PBXContainerItemProxy;
			containerPortal = 78C398B01ACF4ADC00677621 /* RCTLinking.xcodeproj */;
			proxyType = 2;
			remoteGlobalIDString = 2D2A28471D9B043800D4039D;
			remoteInfo = "RCTLinking-tvOS";
		};
		3DAD3E8B1DF850E9000B6D8A /* PBXContainerItemProxy */ = {
			isa = PBXContainerItemProxy;
			containerPortal = 00C302D31ABCB9D200DB3ED1 /* RCTNetwork.xcodeproj */;
			proxyType = 2;
			remoteGlobalIDString = 2D2A28541D9B044C00D4039D;
			remoteInfo = "RCTNetwork-tvOS";
		};
		3DAD3E8F1DF850E9000B6D8A /* PBXContainerItemProxy */ = {
			isa = PBXContainerItemProxy;
			containerPortal = 139105B61AF99BAD00B5F7CC /* RCTSettings.xcodeproj */;
			proxyType = 2;
			remoteGlobalIDString = 2D2A28611D9B046600D4039D;
			remoteInfo = "RCTSettings-tvOS";
		};
		3DAD3E931DF850E9000B6D8A /* PBXContainerItemProxy */ = {
			isa = PBXContainerItemProxy;
			containerPortal = 832341B01AAA6A8300B99B32 /* RCTText.xcodeproj */;
			proxyType = 2;
			remoteGlobalIDString = 2D2A287B1D9B048500D4039D;
			remoteInfo = "RCTText-tvOS";
		};
		3DAD3E981DF850E9000B6D8A /* PBXContainerItemProxy */ = {
			isa = PBXContainerItemProxy;
			containerPortal = 139FDEE61B06529A00C62182 /* RCTWebSocket.xcodeproj */;
			proxyType = 2;
			remoteGlobalIDString = 2D2A28881D9B049200D4039D;
			remoteInfo = "RCTWebSocket-tvOS";
		};
		3DAD3EA21DF850E9000B6D8A /* PBXContainerItemProxy */ = {
			isa = PBXContainerItemProxy;
			containerPortal = 146833FF1AC3E56700842450 /* React.xcodeproj */;
			proxyType = 2;
			remoteGlobalIDString = 2D2A28131D9B038B00D4039D;
			remoteInfo = "React-tvOS";
		};
		3DAD3EA41DF850E9000B6D8A /* PBXContainerItemProxy */ = {
			isa = PBXContainerItemProxy;
			containerPortal = 146833FF1AC3E56700842450 /* React.xcodeproj */;
			proxyType = 2;
			remoteGlobalIDString = 3D3C059A1DE3340900C268FA;
			remoteInfo = yoga;
		};
		3DAD3EA61DF850E9000B6D8A /* PBXContainerItemProxy */ = {
			isa = PBXContainerItemProxy;
			containerPortal = 146833FF1AC3E56700842450 /* React.xcodeproj */;
			proxyType = 2;
			remoteGlobalIDString = 3D3C06751DE3340C00C268FA;
			remoteInfo = "yoga-tvOS";
		};
		3DAD3EA81DF850E9000B6D8A /* PBXContainerItemProxy */ = {
			isa = PBXContainerItemProxy;
			containerPortal = 146833FF1AC3E56700842450 /* React.xcodeproj */;
			proxyType = 2;
			remoteGlobalIDString = 3D3CD9251DE5FBEC00167DC4;
			remoteInfo = cxxreact;
		};
		3DAD3EAA1DF850E9000B6D8A /* PBXContainerItemProxy */ = {
			isa = PBXContainerItemProxy;
			containerPortal = 146833FF1AC3E56700842450 /* React.xcodeproj */;
			proxyType = 2;
			remoteGlobalIDString = 3D3CD9321DE5FBEE00167DC4;
			remoteInfo = "cxxreact-tvOS";
		};
		3DAD3EAC1DF850E9000B6D8A /* PBXContainerItemProxy */ = {
			isa = PBXContainerItemProxy;
			containerPortal = 146833FF1AC3E56700842450 /* React.xcodeproj */;
			proxyType = 2;
			remoteGlobalIDString = 3D3CD90B1DE5FBD600167DC4;
			remoteInfo = jschelpers;
		};
		3DAD3EAE1DF850E9000B6D8A /* PBXContainerItemProxy */ = {
			isa = PBXContainerItemProxy;
			containerPortal = 146833FF1AC3E56700842450 /* React.xcodeproj */;
			proxyType = 2;
			remoteGlobalIDString = 3D3CD9181DE5FBD800167DC4;
			remoteInfo = "jschelpers-tvOS";
		};
		5E9157321DD0AC6500FF2AA8 /* PBXContainerItemProxy */ = {
			isa = PBXContainerItemProxy;
			containerPortal = 5E91572D1DD0AC6500FF2AA8 /* RCTAnimation.xcodeproj */;
			proxyType = 2;
			remoteGlobalIDString = 134814201AA4EA6300B7C361;
			remoteInfo = RCTAnimation;
		};
		5E9157341DD0AC6500FF2AA8 /* PBXContainerItemProxy */ = {
			isa = PBXContainerItemProxy;
			containerPortal = 5E91572D1DD0AC6500FF2AA8 /* RCTAnimation.xcodeproj */;
			proxyType = 2;
			remoteGlobalIDString = 2D2A28201D9B03D100D4039D;
			remoteInfo = "RCTAnimation-tvOS";
		};
		78C398B81ACF4ADC00677621 /* PBXContainerItemProxy */ = {
			isa = PBXContainerItemProxy;
			containerPortal = 78C398B01ACF4ADC00677621 /* RCTLinking.xcodeproj */;
			proxyType = 2;
			remoteGlobalIDString = 134814201AA4EA6300B7C361;
			remoteInfo = RCTLinking;
		};
		832341B41AAA6A8300B99B32 /* PBXContainerItemProxy */ = {
			isa = PBXContainerItemProxy;
			containerPortal = 832341B01AAA6A8300B99B32 /* RCTText.xcodeproj */;
			proxyType = 2;
			remoteGlobalIDString = 58B5119B1A9E6C1200147676;
			remoteInfo = RCTText;
		};
		DF23173E1F44CECF000BC41A /* PBXContainerItemProxy */ = {
			isa = PBXContainerItemProxy;
			containerPortal = 146833FF1AC3E56700842450 /* React.xcodeproj */;
			proxyType = 2;
			remoteGlobalIDString = 139D7ECE1E25DB7D00323FB7;
			remoteInfo = "third-party";
		};
		DF2317401F44CECF000BC41A /* PBXContainerItemProxy */ = {
			isa = PBXContainerItemProxy;
			containerPortal = 146833FF1AC3E56700842450 /* React.xcodeproj */;
			proxyType = 2;
			remoteGlobalIDString = 3D383D3C1EBD27B6005632C8;
			remoteInfo = "third-party-tvOS";
		};
		DF2317421F44CECF000BC41A /* PBXContainerItemProxy */ = {
			isa = PBXContainerItemProxy;
			containerPortal = 146833FF1AC3E56700842450 /* React.xcodeproj */;
			proxyType = 2;
			remoteGlobalIDString = 139D7E881E25C6D100323FB7;
			remoteInfo = "double-conversion";
		};
		DF2317441F44CECF000BC41A /* PBXContainerItemProxy */ = {
			isa = PBXContainerItemProxy;
			containerPortal = 146833FF1AC3E56700842450 /* React.xcodeproj */;
			proxyType = 2;
			remoteGlobalIDString = 3D383D621EBD27B9005632C8;
			remoteInfo = "double-conversion-tvOS";
		};
		DF2317471F44CECF000BC41A /* PBXContainerItemProxy */ = {
			isa = PBXContainerItemProxy;
			containerPortal = 07EEF2267BBE4B8F83A5C1C5 /* ReactNativeNavigation.xcodeproj */;
			proxyType = 2;
			remoteGlobalIDString = D8AFADBD1BEE6F3F00A4592D;
			remoteInfo = ReactNativeNavigation;
		};
		DF23177E1F44D6BC000BC41A /* PBXContainerItemProxy */ = {
			isa = PBXContainerItemProxy;
			containerPortal = 42B70B99995B40128DF2CAB0 /* RealmReact.xcodeproj */;
			proxyType = 2;
			remoteGlobalIDString = F60690131CA2766F0003FB26;
			remoteInfo = RealmReact;
		};
		DF2317831F44D6BC000BC41A /* PBXContainerItemProxy */ = {
			isa = PBXContainerItemProxy;
			containerPortal = 009CEEFC8A3F428B90F81C05 /* RNVectorIcons.xcodeproj */;
			proxyType = 2;
			remoteGlobalIDString = 5DBEB1501B18CEA900B34395;
			remoteInfo = RNVectorIcons;
		};
		DF2317B61F44E854000BC41A /* PBXContainerItemProxy */ = {
			isa = PBXContainerItemProxy;
			containerPortal = E56AD17F2B8B40B0A68F9A42 /* RNDeviceInfo.xcodeproj */;
			proxyType = 2;
			remoteGlobalIDString = DA5891D81BA9A9FC002B4DB2;
			remoteInfo = RNDeviceInfo;
		};
		DF2317DF1F44EA45000BC41A /* PBXContainerItemProxy */ = {
			isa = PBXContainerItemProxy;
			containerPortal = E506C210E15B461FBA97750E /* RCTWeChat.xcodeproj */;
			proxyType = 2;
			remoteGlobalIDString = 86D238421BD0BB9E00C75D01;
			remoteInfo = RCTWeChat;
		};
		DF2317E11F44EA45000BC41A /* PBXContainerItemProxy */ = {
			isa = PBXContainerItemProxy;
			containerPortal = E506C210E15B461FBA97750E /* RCTWeChat.xcodeproj */;
			proxyType = 2;
			remoteGlobalIDString = 10D6D7A41F160C250066F0F3;
			remoteInfo = RCTWeChatTests;
		};
		DF2318401F47518E000BC41A /* PBXContainerItemProxy */ = {
			isa = PBXContainerItemProxy;
			containerPortal = E996899B837242B8928EBBBC /* AirMaps.xcodeproj */;
			proxyType = 2;
			remoteGlobalIDString = 11FA5C511C4A1296003AC2EE;
			remoteInfo = AirMaps;
		};
		DFCBA9621F86AC3800503B6E /* PBXContainerItemProxy */ = {
			isa = PBXContainerItemProxy;
			containerPortal = 1B26D14BCFC947E682DD9A58 /* CodePush.xcodeproj */;
			proxyType = 2;
			remoteGlobalIDString = 134814201AA4EA6300B7C361;
			remoteInfo = CodePush;
		};
		DFCBA9641F86AC3800503B6E /* PBXContainerItemProxy */ = {
			isa = PBXContainerItemProxy;
			containerPortal = 1B26D14BCFC947E682DD9A58 /* CodePush.xcodeproj */;
			proxyType = 2;
			remoteGlobalIDString = F886647B1F4ADB500036D01B;
			remoteInfo = "CodePush-tvOS";
		};
		F90A92C520A3892B0081EDC5 /* PBXContainerItemProxy */ = {
			isa = PBXContainerItemProxy;
			containerPortal = 139FDEE61B06529A00C62182 /* RCTWebSocket.xcodeproj */;
			proxyType = 2;
			remoteGlobalIDString = 3DBE0D001F3B181A0099AA32;
			remoteInfo = fishhook;
		};
		F90A92C720A3892B0081EDC5 /* PBXContainerItemProxy */ = {
			isa = PBXContainerItemProxy;
			containerPortal = 139FDEE61B06529A00C62182 /* RCTWebSocket.xcodeproj */;
			proxyType = 2;
			remoteGlobalIDString = 3DBE0D0D1F3B181C0099AA32;
			remoteInfo = "fishhook-tvOS";
		};
		F90A92DB20A3892B0081EDC5 /* PBXContainerItemProxy */ = {
			isa = PBXContainerItemProxy;
			containerPortal = 146833FF1AC3E56700842450 /* React.xcodeproj */;
			proxyType = 2;
			remoteGlobalIDString = EBF21BDC1FC498900052F4D5;
			remoteInfo = jsinspector;
		};
		F90A92DD20A3892B0081EDC5 /* PBXContainerItemProxy */ = {
			isa = PBXContainerItemProxy;
			containerPortal = 146833FF1AC3E56700842450 /* React.xcodeproj */;
			proxyType = 2;
			remoteGlobalIDString = EBF21BFA1FC4989A0052F4D5;
			remoteInfo = "jsinspector-tvOS";
		};
		F90A92DF20A3892B0081EDC5 /* PBXContainerItemProxy */ = {
			isa = PBXContainerItemProxy;
			containerPortal = 146833FF1AC3E56700842450 /* React.xcodeproj */;
			proxyType = 2;
			remoteGlobalIDString = 9936F3131F5F2E4B0010BF04;
			remoteInfo = privatedata;
		};
		F90A92E120A3892B0081EDC5 /* PBXContainerItemProxy */ = {
			isa = PBXContainerItemProxy;
			containerPortal = 146833FF1AC3E56700842450 /* React.xcodeproj */;
			proxyType = 2;
			remoteGlobalIDString = 9936F32F1F5F2E5B0010BF04;
			remoteInfo = "privatedata-tvOS";
		};
/* End PBXContainerItemProxy section */

/* Begin PBXFileReference section */
		008F07F21AC5B25A0029DE68 /* main.jsbundle */ = {isa = PBXFileReference; fileEncoding = 4; lastKnownFileType = text; path = main.jsbundle; sourceTree = "<group>"; };
		009CEEFC8A3F428B90F81C05 /* RNVectorIcons.xcodeproj */ = {isa = PBXFileReference; explicitFileType = undefined; fileEncoding = 9; includeInIndex = 0; lastKnownFileType = "wrapper.pb-project"; name = RNVectorIcons.xcodeproj; path = "../node_modules/react-native-vector-icons/RNVectorIcons.xcodeproj"; sourceTree = "<group>"; };
		00C302A71ABCB8CE00DB3ED1 /* RCTActionSheet.xcodeproj */ = {isa = PBXFileReference; lastKnownFileType = "wrapper.pb-project"; name = RCTActionSheet.xcodeproj; path = "../node_modules/react-native/Libraries/ActionSheetIOS/RCTActionSheet.xcodeproj"; sourceTree = "<group>"; };
		00C302B51ABCB90400DB3ED1 /* RCTGeolocation.xcodeproj */ = {isa = PBXFileReference; lastKnownFileType = "wrapper.pb-project"; name = RCTGeolocation.xcodeproj; path = "../node_modules/react-native/Libraries/Geolocation/RCTGeolocation.xcodeproj"; sourceTree = "<group>"; };
		00C302BB1ABCB91800DB3ED1 /* RCTImage.xcodeproj */ = {isa = PBXFileReference; lastKnownFileType = "wrapper.pb-project"; name = RCTImage.xcodeproj; path = "../node_modules/react-native/Libraries/Image/RCTImage.xcodeproj"; sourceTree = "<group>"; };
		00C302D31ABCB9D200DB3ED1 /* RCTNetwork.xcodeproj */ = {isa = PBXFileReference; lastKnownFileType = "wrapper.pb-project"; name = RCTNetwork.xcodeproj; path = "../node_modules/react-native/Libraries/Network/RCTNetwork.xcodeproj"; sourceTree = "<group>"; };
		00C302DF1ABCB9EE00DB3ED1 /* RCTVibration.xcodeproj */ = {isa = PBXFileReference; lastKnownFileType = "wrapper.pb-project"; name = RCTVibration.xcodeproj; path = "../node_modules/react-native/Libraries/Vibration/RCTVibration.xcodeproj"; sourceTree = "<group>"; };
		00E356F11AD99517003FC87E /* Info.plist */ = {isa = PBXFileReference; lastKnownFileType = text.plist.xml; path = Info.plist; sourceTree = "<group>"; };
		00E356F21AD99517003FC87E /* chanmaoTests.m */ = {isa = PBXFileReference; lastKnownFileType = sourcecode.c.objc; path = chanmaoTests.m; sourceTree = "<group>"; };
		0169319F739A4FC7A91B269A /* Foundation.ttf */ = {isa = PBXFileReference; explicitFileType = undefined; fileEncoding = 9; includeInIndex = 0; lastKnownFileType = unknown; name = Foundation.ttf; path = "../node_modules/react-native-vector-icons/Fonts/Foundation.ttf"; sourceTree = "<group>"; };
		07D237D42C02444EAE98B449 /* Ionicons.ttf */ = {isa = PBXFileReference; explicitFileType = undefined; fileEncoding = 9; includeInIndex = 0; lastKnownFileType = unknown; name = Ionicons.ttf; path = "../node_modules/react-native-vector-icons/Fonts/Ionicons.ttf"; sourceTree = "<group>"; };
		07EEF2267BBE4B8F83A5C1C5 /* ReactNativeNavigation.xcodeproj */ = {isa = PBXFileReference; explicitFileType = undefined; fileEncoding = 9; includeInIndex = 0; lastKnownFileType = "wrapper.pb-project"; name = ReactNativeNavigation.xcodeproj; path = "../node_modules/react-native-navigation/ios/ReactNativeNavigation.xcodeproj"; sourceTree = "<group>"; };
		139105B61AF99BAD00B5F7CC /* RCTSettings.xcodeproj */ = {isa = PBXFileReference; lastKnownFileType = "wrapper.pb-project"; name = RCTSettings.xcodeproj; path = "../node_modules/react-native/Libraries/Settings/RCTSettings.xcodeproj"; sourceTree = "<group>"; };
		139FDEE61B06529A00C62182 /* RCTWebSocket.xcodeproj */ = {isa = PBXFileReference; lastKnownFileType = "wrapper.pb-project"; name = RCTWebSocket.xcodeproj; path = "../node_modules/react-native/Libraries/WebSocket/RCTWebSocket.xcodeproj"; sourceTree = "<group>"; };
		13B07F961A680F5B00A75B9A /* 馋猫生活.app */ = {isa = PBXFileReference; explicitFileType = wrapper.application; includeInIndex = 0; path = "馋猫生活.app"; sourceTree = BUILT_PRODUCTS_DIR; };
		13B07FAF1A68108700A75B9A /* AppDelegate.h */ = {isa = PBXFileReference; fileEncoding = 4; lastKnownFileType = sourcecode.c.h; name = AppDelegate.h; path = chanmao/AppDelegate.h; sourceTree = "<group>"; };
		13B07FB01A68108700A75B9A /* AppDelegate.m */ = {isa = PBXFileReference; fileEncoding = 4; lastKnownFileType = sourcecode.c.objc; name = AppDelegate.m; path = chanmao/AppDelegate.m; sourceTree = "<group>"; };
		13B07FB21A68108700A75B9A /* Base */ = {isa = PBXFileReference; lastKnownFileType = file.xib; name = Base; path = Base.lproj/LaunchScreen.xib; sourceTree = "<group>"; };
		13B07FB51A68108700A75B9A /* Images.xcassets */ = {isa = PBXFileReference; lastKnownFileType = folder.assetcatalog; name = Images.xcassets; path = chanmao/Images.xcassets; sourceTree = "<group>"; };
		13B07FB61A68108700A75B9A /* Info.plist */ = {isa = PBXFileReference; fileEncoding = 4; lastKnownFileType = text.plist.xml; name = Info.plist; path = chanmao/Info.plist; sourceTree = "<group>"; };
		13B07FB71A68108700A75B9A /* main.m */ = {isa = PBXFileReference; fileEncoding = 4; lastKnownFileType = sourcecode.c.objc; name = main.m; path = chanmao/main.m; sourceTree = "<group>"; };
		146833FF1AC3E56700842450 /* React.xcodeproj */ = {isa = PBXFileReference; lastKnownFileType = "wrapper.pb-project"; name = React.xcodeproj; path = "../node_modules/react-native/React/React.xcodeproj"; sourceTree = "<group>"; };
		1685BACC95474EFB930421B7 /* Octicons.ttf */ = {isa = PBXFileReference; explicitFileType = undefined; fileEncoding = 9; includeInIndex = 0; lastKnownFileType = unknown; name = Octicons.ttf; path = "../node_modules/react-native-vector-icons/Fonts/Octicons.ttf"; sourceTree = "<group>"; };
		1B26D14BCFC947E682DD9A58 /* CodePush.xcodeproj */ = {isa = PBXFileReference; explicitFileType = undefined; fileEncoding = 9; includeInIndex = 0; lastKnownFileType = "wrapper.pb-project"; name = CodePush.xcodeproj; path = "../node_modules/react-native-code-push/ios/CodePush.xcodeproj"; sourceTree = "<group>"; };
		25C548088515495783D2644A /* libRealmReact.a */ = {isa = PBXFileReference; explicitFileType = undefined; fileEncoding = 9; includeInIndex = 0; lastKnownFileType = archive.ar; path = libRealmReact.a; sourceTree = "<group>"; };
		2608DF613AA447B5B58577C7 /* libCodePush.a */ = {isa = PBXFileReference; explicitFileType = undefined; fileEncoding = 9; includeInIndex = 0; lastKnownFileType = archive.ar; path = libCodePush.a; sourceTree = "<group>"; };
		2D4D54C2AB274917A124EC13 /* libRNDeviceInfo.a */ = {isa = PBXFileReference; explicitFileType = undefined; fileEncoding = 9; includeInIndex = 0; lastKnownFileType = archive.ar; path = libRNDeviceInfo.a; sourceTree = "<group>"; };
		382174EAB4BE4C44A4750517 /* MaterialIcons.ttf */ = {isa = PBXFileReference; explicitFileType = undefined; fileEncoding = 9; includeInIndex = 0; lastKnownFileType = unknown; name = MaterialIcons.ttf; path = "../node_modules/react-native-vector-icons/Fonts/MaterialIcons.ttf"; sourceTree = "<group>"; };
		42B70B99995B40128DF2CAB0 /* RealmReact.xcodeproj */ = {isa = PBXFileReference; explicitFileType = undefined; fileEncoding = 9; includeInIndex = 0; lastKnownFileType = "wrapper.pb-project"; name = RealmReact.xcodeproj; path = "../node_modules/realm/react-native/ios/RealmReact.xcodeproj"; sourceTree = "<group>"; };
		5E91572D1DD0AC6500FF2AA8 /* RCTAnimation.xcodeproj */ = {isa = PBXFileReference; lastKnownFileType = "wrapper.pb-project"; name = RCTAnimation.xcodeproj; path = "../node_modules/react-native/Libraries/NativeAnimation/RCTAnimation.xcodeproj"; sourceTree = "<group>"; };
		628B82FBB71A423C8902459A /* libReact.a */ = {isa = PBXFileReference; explicitFileType = undefined; fileEncoding = 9; includeInIndex = 0; lastKnownFileType = archive.ar; path = libReact.a; sourceTree = "<group>"; };
		6768C5507D634A3BBE7F4898 /* libAirMaps.a */ = {isa = PBXFileReference; explicitFileType = undefined; fileEncoding = 9; includeInIndex = 0; lastKnownFileType = archive.ar; path = libAirMaps.a; sourceTree = "<group>"; };
		6E925360913B4792958D4017 /* MaterialCommunityIcons.ttf */ = {isa = PBXFileReference; explicitFileType = undefined; fileEncoding = 9; includeInIndex = 0; lastKnownFileType = unknown; name = MaterialCommunityIcons.ttf; path = "../node_modules/react-native-vector-icons/Fonts/MaterialCommunityIcons.ttf"; sourceTree = "<group>"; };
		78C398B01ACF4ADC00677621 /* RCTLinking.xcodeproj */ = {isa = PBXFileReference; lastKnownFileType = "wrapper.pb-project"; name = RCTLinking.xcodeproj; path = "../node_modules/react-native/Libraries/LinkingIOS/RCTLinking.xcodeproj"; sourceTree = "<group>"; };
		78FD789159EC48F68D6CA985 /* Zocial.ttf */ = {isa = PBXFileReference; explicitFileType = undefined; fileEncoding = 9; includeInIndex = 0; lastKnownFileType = unknown; name = Zocial.ttf; path = "../node_modules/react-native-vector-icons/Fonts/Zocial.ttf"; sourceTree = "<group>"; };
		7CF875E7A87A4FDEB4AB9850 /* libdouble-conversion.a */ = {isa = PBXFileReference; explicitFileType = undefined; fileEncoding = 9; includeInIndex = 0; lastKnownFileType = archive.ar; path = "libdouble-conversion.a"; sourceTree = "<group>"; };
		832341B01AAA6A8300B99B32 /* RCTText.xcodeproj */ = {isa = PBXFileReference; lastKnownFileType = "wrapper.pb-project"; name = RCTText.xcodeproj; path = "../node_modules/react-native/Libraries/Text/RCTText.xcodeproj"; sourceTree = "<group>"; };
		869681224A05BAB7AE22BCF3 /* Pods-chanmao.debug.xcconfig */ = {isa = PBXFileReference; includeInIndex = 1; lastKnownFileType = text.xcconfig; name = "Pods-chanmao.debug.xcconfig"; path = "Pods/Target Support Files/Pods-chanmao/Pods-chanmao.debug.xcconfig"; sourceTree = "<group>"; };
		89DE828481A94720B8061C8A /* libz.tbd */ = {isa = PBXFileReference; explicitFileType = undefined; fileEncoding = 9; includeInIndex = 0; lastKnownFileType = "sourcecode.text-based-dylib-definition"; name = libz.tbd; path = usr/lib/libz.tbd; sourceTree = SDKROOT; };
		8AC34398C3803C4C3E534B4C /* libPods-chanmao.a */ = {isa = PBXFileReference; explicitFileType = archive.ar; includeInIndex = 0; path = "libPods-chanmao.a"; sourceTree = BUILT_PRODUCTS_DIR; };
		9085650A55166AD830629437 /* Pods-chanmao.release.xcconfig */ = {isa = PBXFileReference; includeInIndex = 1; lastKnownFileType = text.xcconfig; name = "Pods-chanmao.release.xcconfig"; path = "Pods/Target Support Files/Pods-chanmao/Pods-chanmao.release.xcconfig"; sourceTree = "<group>"; };
		9F9AA44EC22A43FFAD86BB0B /* EvilIcons.ttf */ = {isa = PBXFileReference; explicitFileType = undefined; fileEncoding = 9; includeInIndex = 0; lastKnownFileType = unknown; name = EvilIcons.ttf; path = "../node_modules/react-native-vector-icons/Fonts/EvilIcons.ttf"; sourceTree = "<group>"; };
		A0FD2B11D6A84A3E97EF69A1 /* FontAwesome.ttf */ = {isa = PBXFileReference; explicitFileType = undefined; fileEncoding = 9; includeInIndex = 0; lastKnownFileType = unknown; name = FontAwesome.ttf; path = "../node_modules/react-native-vector-icons/Fonts/FontAwesome.ttf"; sourceTree = "<group>"; };
		A8FFC87AF12841D0AD9B329B /* libc++.tbd */ = {isa = PBXFileReference; explicitFileType = undefined; fileEncoding = 9; includeInIndex = 0; lastKnownFileType = "sourcecode.text-based-dylib-definition"; name = "libc++.tbd"; path = "usr/lib/libc++.tbd"; sourceTree = SDKROOT; };
		AAEAE1EFA1D24D168286547F /* libthird-party.a */ = {isa = PBXFileReference; explicitFileType = undefined; fileEncoding = 9; includeInIndex = 0; lastKnownFileType = archive.ar; path = "libthird-party.a"; sourceTree = "<group>"; };
		AD42E4D310D44C1EBD58231F /* Entypo.ttf */ = {isa = PBXFileReference; explicitFileType = undefined; fileEncoding = 9; includeInIndex = 0; lastKnownFileType = unknown; name = Entypo.ttf; path = "../node_modules/react-native-vector-icons/Fonts/Entypo.ttf"; sourceTree = "<group>"; };
		B155FA5E6ADE475494B6B0FE /* libjschelpers.a */ = {isa = PBXFileReference; explicitFileType = undefined; fileEncoding = 9; includeInIndex = 0; lastKnownFileType = archive.ar; path = libjschelpers.a; sourceTree = "<group>"; };
		B568E9D803634EC5A43C57B1 /* SimpleLineIcons.ttf */ = {isa = PBXFileReference; explicitFileType = undefined; fileEncoding = 9; includeInIndex = 0; lastKnownFileType = unknown; name = SimpleLineIcons.ttf; path = "../node_modules/react-native-vector-icons/Fonts/SimpleLineIcons.ttf"; sourceTree = "<group>"; };
		C75B839C847D4146BEE843F3 /* libRNVectorIcons.a */ = {isa = PBXFileReference; explicitFileType = undefined; fileEncoding = 9; includeInIndex = 0; lastKnownFileType = archive.ar; path = libRNVectorIcons.a; sourceTree = "<group>"; };
		DF23174A1F44D4ED000BC41A /* chanmao.ttf */ = {isa = PBXFileReference; lastKnownFileType = file; path = chanmao.ttf; sourceTree = "<group>"; };
		DF23174B1F44D4ED000BC41A /* fzzyjt.TTF */ = {isa = PBXFileReference; lastKnownFileType = file; path = fzzyjt.TTF; sourceTree = "<group>"; };
		DF23174C1F44D4ED000BC41A /* 方正准圆简体.TTF */ = {isa = PBXFileReference; lastKnownFileType = file; path = "方正准圆简体.TTF"; sourceTree = "<group>"; };
		DF2317F31F44EC7B000BC41A /* SystemConfiguration.framework */ = {isa = PBXFileReference; lastKnownFileType = wrapper.framework; name = SystemConfiguration.framework; path = System/Library/Frameworks/SystemConfiguration.framework; sourceTree = SDKROOT; };
		DF2317F51F44EC82000BC41A /* CoreTelephony.framework */ = {isa = PBXFileReference; lastKnownFileType = wrapper.framework; name = CoreTelephony.framework; path = System/Library/Frameworks/CoreTelephony.framework; sourceTree = SDKROOT; };
		DF2317F71F44EC88000BC41A /* libsqlite3.0.tbd */ = {isa = PBXFileReference; lastKnownFileType = "sourcecode.text-based-dylib-definition"; name = libsqlite3.0.tbd; path = usr/lib/libsqlite3.0.tbd; sourceTree = SDKROOT; };
		DFB1699A1F55E8E600C07B63 /* StripeBridge.h */ = {isa = PBXFileReference; fileEncoding = 4; lastKnownFileType = sourcecode.c.h; path = StripeBridge.h; sourceTree = "<group>"; };
		DFB1699B1F55E8E600C07B63 /* StripeBridge.m */ = {isa = PBXFileReference; fileEncoding = 4; lastKnownFileType = sourcecode.c.objc; path = StripeBridge.m; sourceTree = "<group>"; };
		DFB16A0E1F55F1F800C07B63 /* Stripe.framework */ = {isa = PBXFileReference; lastKnownFileType = wrapper.framework; name = Stripe.framework; path = "../../../Library/Developer/Xcode/DerivedData/chanmao-epzvghypmqrzgoanyyapajzmsaas/Build/Products/Debug-iphonesimulator/Stripe/Stripe.framework"; sourceTree = "<group>"; };
		DFE9A96D1F56044B00B053AE /* libSystem.B.tbd */ = {isa = PBXFileReference; lastKnownFileType = "sourcecode.text-based-dylib-definition"; name = libSystem.B.tbd; path = usr/lib/libSystem.B.tbd; sourceTree = SDKROOT; };
		E506C210E15B461FBA97750E /* RCTWeChat.xcodeproj */ = {isa = PBXFileReference; explicitFileType = undefined; fileEncoding = 9; includeInIndex = 0; lastKnownFileType = "wrapper.pb-project"; name = RCTWeChat.xcodeproj; path = "../node_modules/react-native-wechat/ios/RCTWeChat.xcodeproj"; sourceTree = "<group>"; };
		E51CEEE6F46A4125842304C1 /* libReactNativeNavigation.a */ = {isa = PBXFileReference; explicitFileType = undefined; fileEncoding = 9; includeInIndex = 0; lastKnownFileType = archive.ar; path = libReactNativeNavigation.a; sourceTree = "<group>"; };
		E56AD17F2B8B40B0A68F9A42 /* RNDeviceInfo.xcodeproj */ = {isa = PBXFileReference; explicitFileType = undefined; fileEncoding = 9; includeInIndex = 0; lastKnownFileType = "wrapper.pb-project"; name = RNDeviceInfo.xcodeproj; path = "../node_modules/react-native-device-info/RNDeviceInfo.xcodeproj"; sourceTree = "<group>"; };
		E996899B837242B8928EBBBC /* AirMaps.xcodeproj */ = {isa = PBXFileReference; explicitFileType = undefined; fileEncoding = 9; includeInIndex = 0; lastKnownFileType = "wrapper.pb-project"; name = AirMaps.xcodeproj; path = "../node_modules/react-native-maps/lib/ios/AirMaps.xcodeproj"; sourceTree = "<group>"; };
		EDA543951AAC46F19FA8711C /* libyoga.a */ = {isa = PBXFileReference; explicitFileType = undefined; fileEncoding = 9; includeInIndex = 0; lastKnownFileType = archive.ar; path = libyoga.a; sourceTree = "<group>"; };
		EE9BD72C01A04C15A40CCDA1 /* libcxxreact.a */ = {isa = PBXFileReference; explicitFileType = undefined; fileEncoding = 9; includeInIndex = 0; lastKnownFileType = archive.ar; path = libcxxreact.a; sourceTree = "<group>"; };
		F90A92EB20A389980081EDC5 /* QuartzCore.framework */ = {isa = PBXFileReference; lastKnownFileType = wrapper.framework; name = QuartzCore.framework; path = System/Library/Frameworks/QuartzCore.framework; sourceTree = SDKROOT; };
		F90A92ED20A3899C0081EDC5 /* CoreText.framework */ = {isa = PBXFileReference; lastKnownFileType = wrapper.framework; name = CoreText.framework; path = System/Library/Frameworks/CoreText.framework; sourceTree = SDKROOT; };
		F90A92EF20A389A40081EDC5 /* CoreGraphics.framework */ = {isa = PBXFileReference; lastKnownFileType = wrapper.framework; name = CoreGraphics.framework; path = System/Library/Frameworks/CoreGraphics.framework; sourceTree = SDKROOT; };
		F90A92F120A389A80081EDC5 /* UIKit.framework */ = {isa = PBXFileReference; lastKnownFileType = wrapper.framework; name = UIKit.framework; path = System/Library/Frameworks/UIKit.framework; sourceTree = SDKROOT; };
		F90A92F320A389AD0081EDC5 /* Foundation.framework */ = {isa = PBXFileReference; lastKnownFileType = wrapper.framework; name = Foundation.framework; path = System/Library/Frameworks/Foundation.framework; sourceTree = SDKROOT; };
		F90A92F520A389B00081EDC5 /* CFNetwork.framework */ = {isa = PBXFileReference; lastKnownFileType = wrapper.framework; name = CFNetwork.framework; path = System/Library/Frameworks/CFNetwork.framework; sourceTree = SDKROOT; };
		F90A92F720A389B40081EDC5 /* CoreMotion.framework */ = {isa = PBXFileReference; lastKnownFileType = wrapper.framework; name = CoreMotion.framework; path = System/Library/Frameworks/CoreMotion.framework; sourceTree = SDKROOT; };
		F93425B220AC791A00D35B8F /* AlipaySDK.framework */ = {isa = PBXFileReference; lastKnownFileType = wrapper.framework; name = AlipaySDK.framework; path = Alipay/AlipaySDK.framework; sourceTree = "<group>"; };
		F93425B320AC791A00D35B8F /* AlipaySDK.bundle */ = {isa = PBXFileReference; lastKnownFileType = "wrapper.plug-in"; name = AlipaySDK.bundle; path = Alipay/AlipaySDK.bundle; sourceTree = "<group>"; };
		F93425B420AC791A00D35B8F /* Order.m */ = {isa = PBXFileReference; fileEncoding = 4; lastKnownFileType = sourcecode.c.objc; name = Order.m; path = Alipay/Order.m; sourceTree = "<group>"; };
		F93425B520AC791A00D35B8F /* AlipayModule.h */ = {isa = PBXFileReference; fileEncoding = 4; lastKnownFileType = sourcecode.c.h; name = AlipayModule.h; path = Alipay/AlipayModule.h; sourceTree = "<group>"; };
		F93425B620AC791A00D35B8F /* Order.h */ = {isa = PBXFileReference; fileEncoding = 4; lastKnownFileType = sourcecode.c.h; name = Order.h; path = Alipay/Order.h; sourceTree = "<group>"; };
		F93425B720AC791A00D35B8F /* AlipayModule.m */ = {isa = PBXFileReference; fileEncoding = 4; lastKnownFileType = sourcecode.c.objc; name = AlipayModule.m; path = Alipay/AlipayModule.m; sourceTree = "<group>"; };
		F93425BC20AC7D8100D35B8F /* CmOrder.h */ = {isa = PBXFileReference; lastKnownFileType = sourcecode.c.h; name = CmOrder.h; path = Alipay/CmOrder.h; sourceTree = "<group>"; };
		F93425BD20AC7D8100D35B8F /* CmOrder.m */ = {isa = PBXFileReference; lastKnownFileType = sourcecode.c.objc; name = CmOrder.m; path = Alipay/CmOrder.m; sourceTree = "<group>"; };
/* End PBXFileReference section */

/* Begin PBXFrameworksBuildPhase section */
		13B07F8C1A680F5B00A75B9A /* Frameworks */ = {
			isa = PBXFrameworksBuildPhase;
			buildActionMask = 2147483647;
			files = (
				F90A92F820A389B40081EDC5 /* CoreMotion.framework in Frameworks */,
				F90A92F620A389B00081EDC5 /* CFNetwork.framework in Frameworks */,
				F90A92F420A389AD0081EDC5 /* Foundation.framework in Frameworks */,
				F90A92F220A389A80081EDC5 /* UIKit.framework in Frameworks */,
				F90A92F020A389A40081EDC5 /* CoreGraphics.framework in Frameworks */,
				F90A92EE20A3899C0081EDC5 /* CoreText.framework in Frameworks */,
				F90A92EC20A389980081EDC5 /* QuartzCore.framework in Frameworks */,
				DF2317F61F44EC82000BC41A /* CoreTelephony.framework in Frameworks */,
				DF2317F41F44EC7B000BC41A /* SystemConfiguration.framework in Frameworks */,
				0B8184750A0A4FB89D8D7597 /* libz.tbd in Frameworks */,
				FE441D83AB884C26AF13567E /* libc++.tbd in Frameworks */,
				DF23182A1F44EE3F000BC41A /* libRCTWeChat.a in Frameworks */,
				DF2317F81F44EC88000BC41A /* libsqlite3.0.tbd in Frameworks */,
				146834051AC3E58100842450 /* libReact.a in Frameworks */,
				5E9157361DD0AC6A00FF2AA8 /* libRCTAnimation.a in Frameworks */,
				00C302E51ABCBA2D00DB3ED1 /* libRCTActionSheet.a in Frameworks */,
				00C302E71ABCBA2D00DB3ED1 /* libRCTGeolocation.a in Frameworks */,
				00C302E81ABCBA2D00DB3ED1 /* libRCTImage.a in Frameworks */,
				133E29F31AD74F7200F7D852 /* libRCTLinking.a in Frameworks */,
				00C302E91ABCBA2D00DB3ED1 /* libRCTNetwork.a in Frameworks */,
				139105C61AF99C1200B5F7CC /* libRCTSettings.a in Frameworks */,
				832341BD1AAA6AB300B99B32 /* libRCTText.a in Frameworks */,
				F93425B820AC791A00D35B8F /* AlipaySDK.framework in Frameworks */,
				00C302EA1ABCBA2D00DB3ED1 /* libRCTVibration.a in Frameworks */,
				139FDEF61B0652A700C62182 /* libRCTWebSocket.a in Frameworks */,
				5D26B1906EE243EBB55BD495 /* libReactNativeNavigation.a in Frameworks */,
				B5598CB4948D42BE94329995 /* libRNVectorIcons.a in Frameworks */,
				C99AD060A8A04FBEBC066BC9 /* libRealmReact.a in Frameworks */,
				91516D2EDEE44355A1065817 /* libRNDeviceInfo.a in Frameworks */,
				C14F0A27F6E7466491F056F5 /* libReact.a in Frameworks */,
				09D0D55A1C5F4C29963C44AC /* libyoga.a in Frameworks */,
				6F2D90CC6C64488DA1C761B6 /* libcxxreact.a in Frameworks */,
				E252614AD703442FBE05663B /* libjschelpers.a in Frameworks */,
				4148E0B4C52748BF8F07AC2B /* libthird-party.a in Frameworks */,
				1BDD595C13AF42D896B1CEA2 /* libdouble-conversion.a in Frameworks */,
				250A663515E74D34AF648369 /* libAirMaps.a in Frameworks */,
				6FFC08E74F39AEEB90F946A9 /* libPods-chanmao.a in Frameworks */,
				1FAC36314A474A9FA5297279 /* libCodePush.a in Frameworks */,
			);
			runOnlyForDeploymentPostprocessing = 0;
		};
/* End PBXFrameworksBuildPhase section */

/* Begin PBXGroup section */
		00C302A81ABCB8CE00DB3ED1 /* Products */ = {
			isa = PBXGroup;
			children = (
				00C302AC1ABCB8CE00DB3ED1 /* libRCTActionSheet.a */,
			);
			name = Products;
			sourceTree = "<group>";
		};
		00C302B61ABCB90400DB3ED1 /* Products */ = {
			isa = PBXGroup;
			children = (
				00C302BA1ABCB90400DB3ED1 /* libRCTGeolocation.a */,
			);
			name = Products;
			sourceTree = "<group>";
		};
		00C302BC1ABCB91800DB3ED1 /* Products */ = {
			isa = PBXGroup;
			children = (
				00C302C01ABCB91800DB3ED1 /* libRCTImage.a */,
				3DAD3E841DF850E9000B6D8A /* libRCTImage-tvOS.a */,
			);
			name = Products;
			sourceTree = "<group>";
		};
		00C302D41ABCB9D200DB3ED1 /* Products */ = {
			isa = PBXGroup;
			children = (
				00C302DC1ABCB9D200DB3ED1 /* libRCTNetwork.a */,
				3DAD3E8C1DF850E9000B6D8A /* libRCTNetwork-tvOS.a */,
			);
			name = Products;
			sourceTree = "<group>";
		};
		00C302E01ABCB9EE00DB3ED1 /* Products */ = {
			isa = PBXGroup;
			children = (
				00C302E41ABCB9EE00DB3ED1 /* libRCTVibration.a */,
			);
			name = Products;
			sourceTree = "<group>";
		};
		00E356EF1AD99517003FC87E /* chanmaoTests */ = {
			isa = PBXGroup;
			children = (
				00E356F21AD99517003FC87E /* chanmaoTests.m */,
				00E356F01AD99517003FC87E /* Supporting Files */,
			);
			path = chanmaoTests;
			sourceTree = "<group>";
		};
		00E356F01AD99517003FC87E /* Supporting Files */ = {
			isa = PBXGroup;
			children = (
				00E356F11AD99517003FC87E /* Info.plist */,
			);
			name = "Supporting Files";
			sourceTree = "<group>";
		};
		139105B71AF99BAD00B5F7CC /* Products */ = {
			isa = PBXGroup;
			children = (
				139105C11AF99BAD00B5F7CC /* libRCTSettings.a */,
				3DAD3E901DF850E9000B6D8A /* libRCTSettings-tvOS.a */,
			);
			name = Products;
			sourceTree = "<group>";
		};
		139FDEE71B06529A00C62182 /* Products */ = {
			isa = PBXGroup;
			children = (
				139FDEF41B06529B00C62182 /* libRCTWebSocket.a */,
				3DAD3E991DF850E9000B6D8A /* libRCTWebSocket-tvOS.a */,
				F90A92C620A3892B0081EDC5 /* libfishhook.a */,
				F90A92C820A3892B0081EDC5 /* libfishhook-tvOS.a */,
			);
			name = Products;
			sourceTree = "<group>";
		};
		13B07FAE1A68108700A75B9A /* chanmao */ = {
			isa = PBXGroup;
			children = (
				DFB169741F55E89900C07B63 /* Classes */,
				DF2317491F44D4ED000BC41A /* font */,
				008F07F21AC5B25A0029DE68 /* main.jsbundle */,
				13B07FAF1A68108700A75B9A /* AppDelegate.h */,
				13B07FB01A68108700A75B9A /* AppDelegate.m */,
				13B07FB51A68108700A75B9A /* Images.xcassets */,
				13B07FB61A68108700A75B9A /* Info.plist */,
				13B07FB11A68108700A75B9A /* LaunchScreen.xib */,
				13B07FB71A68108700A75B9A /* main.m */,
			);
			name = chanmao;
			sourceTree = "<group>";
		};
		146834001AC3E56700842450 /* Products */ = {
			isa = PBXGroup;
			children = (
				146834041AC3E56700842450 /* libReact.a */,
				3DAD3EA31DF850E9000B6D8A /* libReact.a */,
				3DAD3EA51DF850E9000B6D8A /* libyoga.a */,
				3DAD3EA71DF850E9000B6D8A /* libyoga.a */,
				3DAD3EA91DF850E9000B6D8A /* libcxxreact.a */,
				3DAD3EAB1DF850E9000B6D8A /* libcxxreact.a */,
				3DAD3EAD1DF850E9000B6D8A /* libjschelpers.a */,
				3DAD3EAF1DF850E9000B6D8A /* libjschelpers.a */,
				F90A92DC20A3892B0081EDC5 /* libjsinspector.a */,
				F90A92DE20A3892B0081EDC5 /* libjsinspector-tvOS.a */,
				DF23173F1F44CECF000BC41A /* libthird-party.a */,
				DF2317411F44CECF000BC41A /* libthird-party.a */,
				DF2317431F44CECF000BC41A /* libdouble-conversion.a */,
				DF2317451F44CECF000BC41A /* libdouble-conversion.a */,
				F90A92E020A3892B0081EDC5 /* libprivatedata.a */,
				F90A92E220A3892B0081EDC5 /* libprivatedata-tvOS.a */,
			);
			name = Products;
			sourceTree = "<group>";
		};
		29C776DA8CF640C28B762769 /* Frameworks */ = {
			isa = PBXGroup;
			children = (
				F90A92F720A389B40081EDC5 /* CoreMotion.framework */,
				F90A92F520A389B00081EDC5 /* CFNetwork.framework */,
				F90A92F320A389AD0081EDC5 /* Foundation.framework */,
				F90A92F120A389A80081EDC5 /* UIKit.framework */,
				F90A92EF20A389A40081EDC5 /* CoreGraphics.framework */,
				F90A92ED20A3899C0081EDC5 /* CoreText.framework */,
				F90A92EB20A389980081EDC5 /* QuartzCore.framework */,
				DFE9A96D1F56044B00B053AE /* libSystem.B.tbd */,
				DFB16A0E1F55F1F800C07B63 /* Stripe.framework */,
				DF2317F71F44EC88000BC41A /* libsqlite3.0.tbd */,
				DF2317F51F44EC82000BC41A /* CoreTelephony.framework */,
				DF2317F31F44EC7B000BC41A /* SystemConfiguration.framework */,
				A8FFC87AF12841D0AD9B329B /* libc++.tbd */,
				89DE828481A94720B8061C8A /* libz.tbd */,
				8AC34398C3803C4C3E534B4C /* libPods-chanmao.a */,
			);
			name = Frameworks;
			sourceTree = "<group>";
		};
		5E91572E1DD0AC6500FF2AA8 /* Products */ = {
			isa = PBXGroup;
			children = (
				5E9157331DD0AC6500FF2AA8 /* libRCTAnimation.a */,
				5E9157351DD0AC6500FF2AA8 /* libRCTAnimation.a */,
			);
			name = Products;
			sourceTree = "<group>";
		};
		78C398B11ACF4ADC00677621 /* Products */ = {
			isa = PBXGroup;
			children = (
				78C398B91ACF4ADC00677621 /* libRCTLinking.a */,
				3DAD3E881DF850E9000B6D8A /* libRCTLinking-tvOS.a */,
			);
			name = Products;
			sourceTree = "<group>";
		};
		832341AE1AAA6A7D00B99B32 /* Libraries */ = {
			isa = PBXGroup;
			children = (
				5E91572D1DD0AC6500FF2AA8 /* RCTAnimation.xcodeproj */,
				146833FF1AC3E56700842450 /* React.xcodeproj */,
				00C302A71ABCB8CE00DB3ED1 /* RCTActionSheet.xcodeproj */,
				00C302B51ABCB90400DB3ED1 /* RCTGeolocation.xcodeproj */,
				00C302BB1ABCB91800DB3ED1 /* RCTImage.xcodeproj */,
				78C398B01ACF4ADC00677621 /* RCTLinking.xcodeproj */,
				00C302D31ABCB9D200DB3ED1 /* RCTNetwork.xcodeproj */,
				139105B61AF99BAD00B5F7CC /* RCTSettings.xcodeproj */,
				832341B01AAA6A8300B99B32 /* RCTText.xcodeproj */,
				00C302DF1ABCB9EE00DB3ED1 /* RCTVibration.xcodeproj */,
				139FDEE61B06529A00C62182 /* RCTWebSocket.xcodeproj */,
				07EEF2267BBE4B8F83A5C1C5 /* ReactNativeNavigation.xcodeproj */,
				009CEEFC8A3F428B90F81C05 /* RNVectorIcons.xcodeproj */,
				42B70B99995B40128DF2CAB0 /* RealmReact.xcodeproj */,
				E56AD17F2B8B40B0A68F9A42 /* RNDeviceInfo.xcodeproj */,
				E506C210E15B461FBA97750E /* RCTWeChat.xcodeproj */,
				E996899B837242B8928EBBBC /* AirMaps.xcodeproj */,
				1B26D14BCFC947E682DD9A58 /* CodePush.xcodeproj */,
			);
			name = Libraries;
			sourceTree = "<group>";
		};
		832341B11AAA6A8300B99B32 /* Products */ = {
			isa = PBXGroup;
			children = (
				832341B51AAA6A8300B99B32 /* libRCTText.a */,
				3DAD3E941DF850E9000B6D8A /* libRCTText-tvOS.a */,
			);
			name = Products;
			sourceTree = "<group>";
		};
		83CBB9F61A601CBA00E9B192 = {
			isa = PBXGroup;
			children = (
				13B07FAE1A68108700A75B9A /* chanmao */,
				832341AE1AAA6A7D00B99B32 /* Libraries */,
				00E356EF1AD99517003FC87E /* chanmaoTests */,
				83CBBA001A601CBA00E9B192 /* Products */,
				29C776DA8CF640C28B762769 /* Frameworks */,
				FA83D6D4C0674763BCED7F44 /* Resources */,
				EE1ADBB9DCDD860C9E5BAB86 /* Pods */,
				DF9BCD211F7418CD002A5495 /* Recovered References */,
			);
			indentWidth = 2;
			sourceTree = "<group>";
			tabWidth = 2;
		};
		83CBBA001A601CBA00E9B192 /* Products */ = {
			isa = PBXGroup;
			children = (
				13B07F961A680F5B00A75B9A /* 馋猫生活.app */,
			);
			name = Products;
			sourceTree = "<group>";
		};
		DF23171F1F44CECF000BC41A /* Products */ = {
			isa = PBXGroup;
			children = (
				DF2317481F44CECF000BC41A /* libReactNativeNavigation.a */,
			);
			name = Products;
			sourceTree = "<group>";
		};
		DF2317491F44D4ED000BC41A /* font */ = {
			isa = PBXGroup;
			children = (
				DF23174A1F44D4ED000BC41A /* chanmao.ttf */,
				DF23174B1F44D4ED000BC41A /* fzzyjt.TTF */,
				DF23174C1F44D4ED000BC41A /* 方正准圆简体.TTF */,
			);
			name = font;
			path = chanmao/font;
			sourceTree = "<group>";
		};
		DF23175D1F44D6BC000BC41A /* Products */ = {
			isa = PBXGroup;
			children = (
				DF23177F1F44D6BC000BC41A /* libRealmReact.a */,
			);
			name = Products;
			sourceTree = "<group>";
		};
		DF2317801F44D6BC000BC41A /* Products */ = {
			isa = PBXGroup;
			children = (
				DF2317841F44D6BC000BC41A /* libRNVectorIcons.a */,
			);
			name = Products;
			sourceTree = "<group>";
		};
		DF2317941F44E854000BC41A /* Products */ = {
			isa = PBXGroup;
			children = (
				DF2317B71F44E854000BC41A /* libRNDeviceInfo.a */,
			);
			name = Products;
			sourceTree = "<group>";
		};
		DF2317CA1F44EA45000BC41A /* Products */ = {
			isa = PBXGroup;
			children = (
				DF2317E01F44EA45000BC41A /* libRCTWeChat.a */,
				DF2317E21F44EA45000BC41A /* RCTWeChatTests.xctest */,
			);
			name = Products;
			sourceTree = "<group>";
		};
		DF23183D1F47518E000BC41A /* Products */ = {
			isa = PBXGroup;
			children = (
				DF2318411F47518E000BC41A /* libAirMaps.a */,
			);
			name = Products;
			sourceTree = "<group>";
		};
		DF9BCD211F7418CD002A5495 /* Recovered References */ = {
			isa = PBXGroup;
			children = (
				E51CEEE6F46A4125842304C1 /* libReactNativeNavigation.a */,
				C75B839C847D4146BEE843F3 /* libRNVectorIcons.a */,
				25C548088515495783D2644A /* libRealmReact.a */,
				2D4D54C2AB274917A124EC13 /* libRNDeviceInfo.a */,
				628B82FBB71A423C8902459A /* libReact.a */,
				EDA543951AAC46F19FA8711C /* libyoga.a */,
				EE9BD72C01A04C15A40CCDA1 /* libcxxreact.a */,
				B155FA5E6ADE475494B6B0FE /* libjschelpers.a */,
				AAEAE1EFA1D24D168286547F /* libthird-party.a */,
				7CF875E7A87A4FDEB4AB9850 /* libdouble-conversion.a */,
				6768C5507D634A3BBE7F4898 /* libAirMaps.a */,
				2608DF613AA447B5B58577C7 /* libCodePush.a */,
			);
			name = "Recovered References";
			sourceTree = "<group>";
		};
		DFB169741F55E89900C07B63 /* Classes */ = {
			isa = PBXGroup;
			children = (
				F93425B120AC78F900D35B8F /* Alipay */,
				DFB169991F55E8AB00C07B63 /* Stripe */,
			);
			name = Classes;
			sourceTree = "<group>";
		};
		DFB169991F55E8AB00C07B63 /* Stripe */ = {
			isa = PBXGroup;
			children = (
				DFB1699A1F55E8E600C07B63 /* StripeBridge.h */,
				DFB1699B1F55E8E600C07B63 /* StripeBridge.m */,
			);
			name = Stripe;
			sourceTree = "<group>";
		};
		DFCBA95E1F86AC3700503B6E /* Products */ = {
			isa = PBXGroup;
			children = (
				DFCBA9631F86AC3800503B6E /* libCodePush.a */,
				DFCBA9651F86AC3800503B6E /* libCodePush.a */,
			);
			name = Products;
			sourceTree = "<group>";
		};
		EE1ADBB9DCDD860C9E5BAB86 /* Pods */ = {
			isa = PBXGroup;
			children = (
				869681224A05BAB7AE22BCF3 /* Pods-chanmao.debug.xcconfig */,
				9085650A55166AD830629437 /* Pods-chanmao.release.xcconfig */,
			);
			name = Pods;
			sourceTree = "<group>";
		};
		F93425B120AC78F900D35B8F /* Alipay */ = {
			isa = PBXGroup;
			children = (
				F93425B520AC791A00D35B8F /* AlipayModule.h */,
				F93425B720AC791A00D35B8F /* AlipayModule.m */,
				F93425B320AC791A00D35B8F /* AlipaySDK.bundle */,
				F93425B220AC791A00D35B8F /* AlipaySDK.framework */,
				F93425B620AC791A00D35B8F /* Order.h */,
				F93425B420AC791A00D35B8F /* Order.m */,
				F93425BC20AC7D8100D35B8F /* CmOrder.h */,
				F93425BD20AC7D8100D35B8F /* CmOrder.m */,
			);
			name = Alipay;
			sourceTree = "<group>";
		};
		FA83D6D4C0674763BCED7F44 /* Resources */ = {
			isa = PBXGroup;
			children = (
				AD42E4D310D44C1EBD58231F /* Entypo.ttf */,
				9F9AA44EC22A43FFAD86BB0B /* EvilIcons.ttf */,
				A0FD2B11D6A84A3E97EF69A1 /* FontAwesome.ttf */,
				0169319F739A4FC7A91B269A /* Foundation.ttf */,
				07D237D42C02444EAE98B449 /* Ionicons.ttf */,
				6E925360913B4792958D4017 /* MaterialCommunityIcons.ttf */,
				382174EAB4BE4C44A4750517 /* MaterialIcons.ttf */,
				1685BACC95474EFB930421B7 /* Octicons.ttf */,
				B568E9D803634EC5A43C57B1 /* SimpleLineIcons.ttf */,
				78FD789159EC48F68D6CA985 /* Zocial.ttf */,
			);
			name = Resources;
			sourceTree = "<group>";
		};
/* End PBXGroup section */

/* Begin PBXNativeTarget section */
		13B07F861A680F5B00A75B9A /* chanmao */ = {
			isa = PBXNativeTarget;
			buildConfigurationList = 13B07F931A680F5B00A75B9A /* Build configuration list for PBXNativeTarget "chanmao" */;
			buildPhases = (
				157FD043574F2D15B513C850 /* [CP] Check Pods Manifest.lock */,
				13B07F871A680F5B00A75B9A /* Sources */,
				13B07F8C1A680F5B00A75B9A /* Frameworks */,
				13B07F8E1A680F5B00A75B9A /* Resources */,
				00DD1BFF1BD5951E006B06BC /* Bundle React Native code and images */,
				542C1C3075A09243E1419DCC /* [CP] Embed Pods Frameworks */,
				0060719233CB2C5D64CFB6FC /* [CP] Copy Pods Resources */,
			);
			buildRules = (
			);
			dependencies = (
			);
			name = chanmao;
			productName = "Hello World";
			productReference = 13B07F961A680F5B00A75B9A /* 馋猫生活.app */;
			productType = "com.apple.product-type.application";
		};
/* End PBXNativeTarget section */

/* Begin PBXProject section */
		83CBB9F71A601CBA00E9B192 /* Project object */ = {
			isa = PBXProject;
			attributes = {
				LastUpgradeCheck = 610;
				ORGANIZATIONNAME = Facebook;
				TargetAttributes = {
					13B07F861A680F5B00A75B9A = {
						DevelopmentTeam = F8HZ33QZUT;
						LastSwiftMigration = 830;
					};
				};
			};
			buildConfigurationList = 83CBB9FA1A601CBA00E9B192 /* Build configuration list for PBXProject "chanmao" */;
			compatibilityVersion = "Xcode 3.2";
			developmentRegion = English;
			hasScannedForEncodings = 0;
			knownRegions = (
				en,
				Base,
			);
			mainGroup = 83CBB9F61A601CBA00E9B192;
			productRefGroup = 83CBBA001A601CBA00E9B192 /* Products */;
			projectDirPath = "";
			projectReferences = (
				{
					ProductGroup = DF23183D1F47518E000BC41A /* Products */;
					ProjectRef = E996899B837242B8928EBBBC /* AirMaps.xcodeproj */;
				},
				{
					ProductGroup = DFCBA95E1F86AC3700503B6E /* Products */;
					ProjectRef = 1B26D14BCFC947E682DD9A58 /* CodePush.xcodeproj */;
				},
				{
					ProductGroup = 00C302A81ABCB8CE00DB3ED1 /* Products */;
					ProjectRef = 00C302A71ABCB8CE00DB3ED1 /* RCTActionSheet.xcodeproj */;
				},
				{
					ProductGroup = 5E91572E1DD0AC6500FF2AA8 /* Products */;
					ProjectRef = 5E91572D1DD0AC6500FF2AA8 /* RCTAnimation.xcodeproj */;
				},
				{
					ProductGroup = 00C302B61ABCB90400DB3ED1 /* Products */;
					ProjectRef = 00C302B51ABCB90400DB3ED1 /* RCTGeolocation.xcodeproj */;
				},
				{
					ProductGroup = 00C302BC1ABCB91800DB3ED1 /* Products */;
					ProjectRef = 00C302BB1ABCB91800DB3ED1 /* RCTImage.xcodeproj */;
				},
				{
					ProductGroup = 78C398B11ACF4ADC00677621 /* Products */;
					ProjectRef = 78C398B01ACF4ADC00677621 /* RCTLinking.xcodeproj */;
				},
				{
					ProductGroup = 00C302D41ABCB9D200DB3ED1 /* Products */;
					ProjectRef = 00C302D31ABCB9D200DB3ED1 /* RCTNetwork.xcodeproj */;
				},
				{
					ProductGroup = 139105B71AF99BAD00B5F7CC /* Products */;
					ProjectRef = 139105B61AF99BAD00B5F7CC /* RCTSettings.xcodeproj */;
				},
				{
					ProductGroup = 832341B11AAA6A8300B99B32 /* Products */;
					ProjectRef = 832341B01AAA6A8300B99B32 /* RCTText.xcodeproj */;
				},
				{
					ProductGroup = 00C302E01ABCB9EE00DB3ED1 /* Products */;
					ProjectRef = 00C302DF1ABCB9EE00DB3ED1 /* RCTVibration.xcodeproj */;
				},
				{
					ProductGroup = 139FDEE71B06529A00C62182 /* Products */;
					ProjectRef = 139FDEE61B06529A00C62182 /* RCTWebSocket.xcodeproj */;
				},
				{
					ProductGroup = DF2317CA1F44EA45000BC41A /* Products */;
					ProjectRef = E506C210E15B461FBA97750E /* RCTWeChat.xcodeproj */;
				},
				{
					ProductGroup = 146834001AC3E56700842450 /* Products */;
					ProjectRef = 146833FF1AC3E56700842450 /* React.xcodeproj */;
				},
				{
					ProductGroup = DF23171F1F44CECF000BC41A /* Products */;
					ProjectRef = 07EEF2267BBE4B8F83A5C1C5 /* ReactNativeNavigation.xcodeproj */;
				},
				{
					ProductGroup = DF23175D1F44D6BC000BC41A /* Products */;
					ProjectRef = 42B70B99995B40128DF2CAB0 /* RealmReact.xcodeproj */;
				},
				{
					ProductGroup = DF2317941F44E854000BC41A /* Products */;
					ProjectRef = E56AD17F2B8B40B0A68F9A42 /* RNDeviceInfo.xcodeproj */;
				},
				{
					ProductGroup = DF2317801F44D6BC000BC41A /* Products */;
					ProjectRef = 009CEEFC8A3F428B90F81C05 /* RNVectorIcons.xcodeproj */;
				},
			);
			projectRoot = "";
			targets = (
				13B07F861A680F5B00A75B9A /* chanmao */,
			);
		};
/* End PBXProject section */

/* Begin PBXReferenceProxy section */
		00C302AC1ABCB8CE00DB3ED1 /* libRCTActionSheet.a */ = {
			isa = PBXReferenceProxy;
			fileType = archive.ar;
			path = libRCTActionSheet.a;
			remoteRef = 00C302AB1ABCB8CE00DB3ED1 /* PBXContainerItemProxy */;
			sourceTree = BUILT_PRODUCTS_DIR;
		};
		00C302BA1ABCB90400DB3ED1 /* libRCTGeolocation.a */ = {
			isa = PBXReferenceProxy;
			fileType = archive.ar;
			path = libRCTGeolocation.a;
			remoteRef = 00C302B91ABCB90400DB3ED1 /* PBXContainerItemProxy */;
			sourceTree = BUILT_PRODUCTS_DIR;
		};
		00C302C01ABCB91800DB3ED1 /* libRCTImage.a */ = {
			isa = PBXReferenceProxy;
			fileType = archive.ar;
			path = libRCTImage.a;
			remoteRef = 00C302BF1ABCB91800DB3ED1 /* PBXContainerItemProxy */;
			sourceTree = BUILT_PRODUCTS_DIR;
		};
		00C302DC1ABCB9D200DB3ED1 /* libRCTNetwork.a */ = {
			isa = PBXReferenceProxy;
			fileType = archive.ar;
			path = libRCTNetwork.a;
			remoteRef = 00C302DB1ABCB9D200DB3ED1 /* PBXContainerItemProxy */;
			sourceTree = BUILT_PRODUCTS_DIR;
		};
		00C302E41ABCB9EE00DB3ED1 /* libRCTVibration.a */ = {
			isa = PBXReferenceProxy;
			fileType = archive.ar;
			path = libRCTVibration.a;
			remoteRef = 00C302E31ABCB9EE00DB3ED1 /* PBXContainerItemProxy */;
			sourceTree = BUILT_PRODUCTS_DIR;
		};
		139105C11AF99BAD00B5F7CC /* libRCTSettings.a */ = {
			isa = PBXReferenceProxy;
			fileType = archive.ar;
			path = libRCTSettings.a;
			remoteRef = 139105C01AF99BAD00B5F7CC /* PBXContainerItemProxy */;
			sourceTree = BUILT_PRODUCTS_DIR;
		};
		139FDEF41B06529B00C62182 /* libRCTWebSocket.a */ = {
			isa = PBXReferenceProxy;
			fileType = archive.ar;
			path = libRCTWebSocket.a;
			remoteRef = 139FDEF31B06529B00C62182 /* PBXContainerItemProxy */;
			sourceTree = BUILT_PRODUCTS_DIR;
		};
		146834041AC3E56700842450 /* libReact.a */ = {
			isa = PBXReferenceProxy;
			fileType = archive.ar;
			path = libReact.a;
			remoteRef = 146834031AC3E56700842450 /* PBXContainerItemProxy */;
			sourceTree = BUILT_PRODUCTS_DIR;
		};
		3DAD3E841DF850E9000B6D8A /* libRCTImage-tvOS.a */ = {
			isa = PBXReferenceProxy;
			fileType = archive.ar;
			path = "libRCTImage-tvOS.a";
			remoteRef = 3DAD3E831DF850E9000B6D8A /* PBXContainerItemProxy */;
			sourceTree = BUILT_PRODUCTS_DIR;
		};
		3DAD3E881DF850E9000B6D8A /* libRCTLinking-tvOS.a */ = {
			isa = PBXReferenceProxy;
			fileType = archive.ar;
			path = "libRCTLinking-tvOS.a";
			remoteRef = 3DAD3E871DF850E9000B6D8A /* PBXContainerItemProxy */;
			sourceTree = BUILT_PRODUCTS_DIR;
		};
		3DAD3E8C1DF850E9000B6D8A /* libRCTNetwork-tvOS.a */ = {
			isa = PBXReferenceProxy;
			fileType = archive.ar;
			path = "libRCTNetwork-tvOS.a";
			remoteRef = 3DAD3E8B1DF850E9000B6D8A /* PBXContainerItemProxy */;
			sourceTree = BUILT_PRODUCTS_DIR;
		};
		3DAD3E901DF850E9000B6D8A /* libRCTSettings-tvOS.a */ = {
			isa = PBXReferenceProxy;
			fileType = archive.ar;
			path = "libRCTSettings-tvOS.a";
			remoteRef = 3DAD3E8F1DF850E9000B6D8A /* PBXContainerItemProxy */;
			sourceTree = BUILT_PRODUCTS_DIR;
		};
		3DAD3E941DF850E9000B6D8A /* libRCTText-tvOS.a */ = {
			isa = PBXReferenceProxy;
			fileType = archive.ar;
			path = "libRCTText-tvOS.a";
			remoteRef = 3DAD3E931DF850E9000B6D8A /* PBXContainerItemProxy */;
			sourceTree = BUILT_PRODUCTS_DIR;
		};
		3DAD3E991DF850E9000B6D8A /* libRCTWebSocket-tvOS.a */ = {
			isa = PBXReferenceProxy;
			fileType = archive.ar;
			path = "libRCTWebSocket-tvOS.a";
			remoteRef = 3DAD3E981DF850E9000B6D8A /* PBXContainerItemProxy */;
			sourceTree = BUILT_PRODUCTS_DIR;
		};
		3DAD3EA31DF850E9000B6D8A /* libReact.a */ = {
			isa = PBXReferenceProxy;
			fileType = archive.ar;
			path = libReact.a;
			remoteRef = 3DAD3EA21DF850E9000B6D8A /* PBXContainerItemProxy */;
			sourceTree = BUILT_PRODUCTS_DIR;
		};
		3DAD3EA51DF850E9000B6D8A /* libyoga.a */ = {
			isa = PBXReferenceProxy;
			fileType = archive.ar;
			path = libyoga.a;
			remoteRef = 3DAD3EA41DF850E9000B6D8A /* PBXContainerItemProxy */;
			sourceTree = BUILT_PRODUCTS_DIR;
		};
		3DAD3EA71DF850E9000B6D8A /* libyoga.a */ = {
			isa = PBXReferenceProxy;
			fileType = archive.ar;
			path = libyoga.a;
			remoteRef = 3DAD3EA61DF850E9000B6D8A /* PBXContainerItemProxy */;
			sourceTree = BUILT_PRODUCTS_DIR;
		};
		3DAD3EA91DF850E9000B6D8A /* libcxxreact.a */ = {
			isa = PBXReferenceProxy;
			fileType = archive.ar;
			path = libcxxreact.a;
			remoteRef = 3DAD3EA81DF850E9000B6D8A /* PBXContainerItemProxy */;
			sourceTree = BUILT_PRODUCTS_DIR;
		};
		3DAD3EAB1DF850E9000B6D8A /* libcxxreact.a */ = {
			isa = PBXReferenceProxy;
			fileType = archive.ar;
			path = libcxxreact.a;
			remoteRef = 3DAD3EAA1DF850E9000B6D8A /* PBXContainerItemProxy */;
			sourceTree = BUILT_PRODUCTS_DIR;
		};
		3DAD3EAD1DF850E9000B6D8A /* libjschelpers.a */ = {
			isa = PBXReferenceProxy;
			fileType = archive.ar;
			path = libjschelpers.a;
			remoteRef = 3DAD3EAC1DF850E9000B6D8A /* PBXContainerItemProxy */;
			sourceTree = BUILT_PRODUCTS_DIR;
		};
		3DAD3EAF1DF850E9000B6D8A /* libjschelpers.a */ = {
			isa = PBXReferenceProxy;
			fileType = archive.ar;
			path = libjschelpers.a;
			remoteRef = 3DAD3EAE1DF850E9000B6D8A /* PBXContainerItemProxy */;
			sourceTree = BUILT_PRODUCTS_DIR;
		};
		5E9157331DD0AC6500FF2AA8 /* libRCTAnimation.a */ = {
			isa = PBXReferenceProxy;
			fileType = archive.ar;
			path = libRCTAnimation.a;
			remoteRef = 5E9157321DD0AC6500FF2AA8 /* PBXContainerItemProxy */;
			sourceTree = BUILT_PRODUCTS_DIR;
		};
		5E9157351DD0AC6500FF2AA8 /* libRCTAnimation.a */ = {
			isa = PBXReferenceProxy;
			fileType = archive.ar;
			path = libRCTAnimation.a;
			remoteRef = 5E9157341DD0AC6500FF2AA8 /* PBXContainerItemProxy */;
			sourceTree = BUILT_PRODUCTS_DIR;
		};
		78C398B91ACF4ADC00677621 /* libRCTLinking.a */ = {
			isa = PBXReferenceProxy;
			fileType = archive.ar;
			path = libRCTLinking.a;
			remoteRef = 78C398B81ACF4ADC00677621 /* PBXContainerItemProxy */;
			sourceTree = BUILT_PRODUCTS_DIR;
		};
		832341B51AAA6A8300B99B32 /* libRCTText.a */ = {
			isa = PBXReferenceProxy;
			fileType = archive.ar;
			path = libRCTText.a;
			remoteRef = 832341B41AAA6A8300B99B32 /* PBXContainerItemProxy */;
			sourceTree = BUILT_PRODUCTS_DIR;
		};
		DF23173F1F44CECF000BC41A /* libthird-party.a */ = {
			isa = PBXReferenceProxy;
			fileType = archive.ar;
			path = "libthird-party.a";
			remoteRef = DF23173E1F44CECF000BC41A /* PBXContainerItemProxy */;
			sourceTree = BUILT_PRODUCTS_DIR;
		};
		DF2317411F44CECF000BC41A /* libthird-party.a */ = {
			isa = PBXReferenceProxy;
			fileType = archive.ar;
			path = "libthird-party.a";
			remoteRef = DF2317401F44CECF000BC41A /* PBXContainerItemProxy */;
			sourceTree = BUILT_PRODUCTS_DIR;
		};
		DF2317431F44CECF000BC41A /* libdouble-conversion.a */ = {
			isa = PBXReferenceProxy;
			fileType = archive.ar;
			path = "libdouble-conversion.a";
			remoteRef = DF2317421F44CECF000BC41A /* PBXContainerItemProxy */;
			sourceTree = BUILT_PRODUCTS_DIR;
		};
		DF2317451F44CECF000BC41A /* libdouble-conversion.a */ = {
			isa = PBXReferenceProxy;
			fileType = archive.ar;
			path = "libdouble-conversion.a";
			remoteRef = DF2317441F44CECF000BC41A /* PBXContainerItemProxy */;
			sourceTree = BUILT_PRODUCTS_DIR;
		};
		DF2317481F44CECF000BC41A /* libReactNativeNavigation.a */ = {
			isa = PBXReferenceProxy;
			fileType = archive.ar;
			path = libReactNativeNavigation.a;
			remoteRef = DF2317471F44CECF000BC41A /* PBXContainerItemProxy */;
			sourceTree = BUILT_PRODUCTS_DIR;
		};
		DF23177F1F44D6BC000BC41A /* libRealmReact.a */ = {
			isa = PBXReferenceProxy;
			fileType = archive.ar;
			path = libRealmReact.a;
			remoteRef = DF23177E1F44D6BC000BC41A /* PBXContainerItemProxy */;
			sourceTree = BUILT_PRODUCTS_DIR;
		};
		DF2317841F44D6BC000BC41A /* libRNVectorIcons.a */ = {
			isa = PBXReferenceProxy;
			fileType = archive.ar;
			path = libRNVectorIcons.a;
			remoteRef = DF2317831F44D6BC000BC41A /* PBXContainerItemProxy */;
			sourceTree = BUILT_PRODUCTS_DIR;
		};
		DF2317B71F44E854000BC41A /* libRNDeviceInfo.a */ = {
			isa = PBXReferenceProxy;
			fileType = archive.ar;
			path = libRNDeviceInfo.a;
			remoteRef = DF2317B61F44E854000BC41A /* PBXContainerItemProxy */;
			sourceTree = BUILT_PRODUCTS_DIR;
		};
		DF2317E01F44EA45000BC41A /* libRCTWeChat.a */ = {
			isa = PBXReferenceProxy;
			fileType = archive.ar;
			path = libRCTWeChat.a;
			remoteRef = DF2317DF1F44EA45000BC41A /* PBXContainerItemProxy */;
			sourceTree = BUILT_PRODUCTS_DIR;
		};
		DF2317E21F44EA45000BC41A /* RCTWeChatTests.xctest */ = {
			isa = PBXReferenceProxy;
			fileType = wrapper.cfbundle;
			path = RCTWeChatTests.xctest;
			remoteRef = DF2317E11F44EA45000BC41A /* PBXContainerItemProxy */;
			sourceTree = BUILT_PRODUCTS_DIR;
		};
		DF2318411F47518E000BC41A /* libAirMaps.a */ = {
			isa = PBXReferenceProxy;
			fileType = archive.ar;
			path = libAirMaps.a;
			remoteRef = DF2318401F47518E000BC41A /* PBXContainerItemProxy */;
			sourceTree = BUILT_PRODUCTS_DIR;
		};
		DFCBA9631F86AC3800503B6E /* libCodePush.a */ = {
			isa = PBXReferenceProxy;
			fileType = archive.ar;
			path = libCodePush.a;
			remoteRef = DFCBA9621F86AC3800503B6E /* PBXContainerItemProxy */;
			sourceTree = BUILT_PRODUCTS_DIR;
		};
		DFCBA9651F86AC3800503B6E /* libCodePush.a */ = {
			isa = PBXReferenceProxy;
			fileType = archive.ar;
			path = libCodePush.a;
			remoteRef = DFCBA9641F86AC3800503B6E /* PBXContainerItemProxy */;
			sourceTree = BUILT_PRODUCTS_DIR;
		};
		F90A92C620A3892B0081EDC5 /* libfishhook.a */ = {
			isa = PBXReferenceProxy;
			fileType = archive.ar;
			path = libfishhook.a;
			remoteRef = F90A92C520A3892B0081EDC5 /* PBXContainerItemProxy */;
			sourceTree = BUILT_PRODUCTS_DIR;
		};
		F90A92C820A3892B0081EDC5 /* libfishhook-tvOS.a */ = {
			isa = PBXReferenceProxy;
			fileType = archive.ar;
			path = "libfishhook-tvOS.a";
			remoteRef = F90A92C720A3892B0081EDC5 /* PBXContainerItemProxy */;
			sourceTree = BUILT_PRODUCTS_DIR;
		};
		F90A92DC20A3892B0081EDC5 /* libjsinspector.a */ = {
			isa = PBXReferenceProxy;
			fileType = archive.ar;
			path = libjsinspector.a;
			remoteRef = F90A92DB20A3892B0081EDC5 /* PBXContainerItemProxy */;
			sourceTree = BUILT_PRODUCTS_DIR;
		};
		F90A92DE20A3892B0081EDC5 /* libjsinspector-tvOS.a */ = {
			isa = PBXReferenceProxy;
			fileType = archive.ar;
			path = "libjsinspector-tvOS.a";
			remoteRef = F90A92DD20A3892B0081EDC5 /* PBXContainerItemProxy */;
			sourceTree = BUILT_PRODUCTS_DIR;
		};
		F90A92E020A3892B0081EDC5 /* libprivatedata.a */ = {
			isa = PBXReferenceProxy;
			fileType = archive.ar;
			path = libprivatedata.a;
			remoteRef = F90A92DF20A3892B0081EDC5 /* PBXContainerItemProxy */;
			sourceTree = BUILT_PRODUCTS_DIR;
		};
		F90A92E220A3892B0081EDC5 /* libprivatedata-tvOS.a */ = {
			isa = PBXReferenceProxy;
			fileType = archive.ar;
			path = "libprivatedata-tvOS.a";
			remoteRef = F90A92E120A3892B0081EDC5 /* PBXContainerItemProxy */;
			sourceTree = BUILT_PRODUCTS_DIR;
		};
/* End PBXReferenceProxy section */

/* Begin PBXResourcesBuildPhase section */
		13B07F8E1A680F5B00A75B9A /* Resources */ = {
			isa = PBXResourcesBuildPhase;
			buildActionMask = 2147483647;
			files = (
				DF23174D1F44D4ED000BC41A /* chanmao.ttf in Resources */,
				13B07FBF1A68108700A75B9A /* Images.xcassets in Resources */,
				13B07FBD1A68108700A75B9A /* LaunchScreen.xib in Resources */,
				DF23174E1F44D4ED000BC41A /* fzzyjt.TTF in Resources */,
				DF23174F1F44D4ED000BC41A /* 方正准圆简体.TTF in Resources */,
				7D73A3D9BAFE471FA9ACB183 /* Entypo.ttf in Resources */,
				EB30FB945A85435081309D78 /* EvilIcons.ttf in Resources */,
				EC564EB3808047C385DE325C /* FontAwesome.ttf in Resources */,
				C4BE6B43822840409AC4D8FC /* Foundation.ttf in Resources */,
				DCB7F328548F413F9106726E /* Ionicons.ttf in Resources */,
				F93425B920AC791A00D35B8F /* AlipaySDK.bundle in Resources */,
				C870F361613445E082DE611B /* MaterialCommunityIcons.ttf in Resources */,
				3830542F728D420F8699007C /* MaterialIcons.ttf in Resources */,
				C124FCC9065E447A942C2E1C /* Octicons.ttf in Resources */,
				A15D5FDE4EF94A89A480276E /* SimpleLineIcons.ttf in Resources */,
				0CB40035ED664B3B96B46D17 /* Zocial.ttf in Resources */,
			);
			runOnlyForDeploymentPostprocessing = 0;
		};
/* End PBXResourcesBuildPhase section */

/* Begin PBXShellScriptBuildPhase section */
		0060719233CB2C5D64CFB6FC /* [CP] Copy Pods Resources */ = {
			isa = PBXShellScriptBuildPhase;
			buildActionMask = 2147483647;
			files = (
			);
			inputPaths = (
				"${SRCROOT}/Pods/Target Support Files/Pods-chanmao/Pods-chanmao-resources.sh",
				$PODS_CONFIGURATION_BUILD_DIR/Stripe/Stripe.bundle,
			);
			name = "[CP] Copy Pods Resources";
			outputPaths = (
				"${TARGET_BUILD_DIR}/${UNLOCALIZED_RESOURCES_FOLDER_PATH}",
			);
			runOnlyForDeploymentPostprocessing = 0;
			shellPath = /bin/sh;
			shellScript = "\"${SRCROOT}/Pods/Target Support Files/Pods-chanmao/Pods-chanmao-resources.sh\"\n";
			showEnvVarsInLog = 0;
		};
		00DD1BFF1BD5951E006B06BC /* Bundle React Native code and images */ = {
			isa = PBXShellScriptBuildPhase;
			buildActionMask = 2147483647;
			files = (
			);
			inputPaths = (
			);
			name = "Bundle React Native code and images";
			outputPaths = (
			);
			runOnlyForDeploymentPostprocessing = 0;
			shellPath = /bin/sh;
			shellScript = "export NODE_BINARY=node\n../node_modules/react-native/scripts/react-native-xcode.sh";
		};
		157FD043574F2D15B513C850 /* [CP] Check Pods Manifest.lock */ = {
			isa = PBXShellScriptBuildPhase;
			buildActionMask = 2147483647;
			files = (
			);
			inputPaths = (
				"${PODS_PODFILE_DIR_PATH}/Podfile.lock",
				"${PODS_ROOT}/Manifest.lock",
			);
			name = "[CP] Check Pods Manifest.lock";
			outputPaths = (
				"$(DERIVED_FILE_DIR)/Pods-chanmao-checkManifestLockResult.txt",
			);
			runOnlyForDeploymentPostprocessing = 0;
			shellPath = /bin/sh;
			shellScript = "diff \"${PODS_PODFILE_DIR_PATH}/Podfile.lock\" \"${PODS_ROOT}/Manifest.lock\" > /dev/null\nif [ $? != 0 ] ; then\n    # print error to STDERR\n    echo \"error: The sandbox is not in sync with the Podfile.lock. Run 'pod install' or update your CocoaPods installation.\" >&2\n    exit 1\nfi\n# This output is used by Xcode 'outputs' to avoid re-running this script phase.\necho \"SUCCESS\" > \"${SCRIPT_OUTPUT_FILE_0}\"\n";
			showEnvVarsInLog = 0;
		};
		542C1C3075A09243E1419DCC /* [CP] Embed Pods Frameworks */ = {
			isa = PBXShellScriptBuildPhase;
			buildActionMask = 2147483647;
			files = (
			);
			inputPaths = (
			);
			name = "[CP] Embed Pods Frameworks";
			outputPaths = (
			);
			runOnlyForDeploymentPostprocessing = 0;
			shellPath = /bin/sh;
			shellScript = "\"${SRCROOT}/Pods/Target Support Files/Pods-chanmao/Pods-chanmao-frameworks.sh\"\n";
			showEnvVarsInLog = 0;
		};
/* End PBXShellScriptBuildPhase section */

/* Begin PBXSourcesBuildPhase section */
		13B07F871A680F5B00A75B9A /* Sources */ = {
			isa = PBXSourcesBuildPhase;
			buildActionMask = 2147483647;
			files = (
				13B07FBC1A68108700A75B9A /* AppDelegate.m in Sources */,
				F93425BB20AC791A00D35B8F /* AlipayModule.m in Sources */,
				13B07FC11A68108700A75B9A /* main.m in Sources */,
				F93425BA20AC791A00D35B8F /* Order.m in Sources */,
				F93425BE20AC7D8100D35B8F /* CmOrder.m in Sources */,
				DFB1699C1F55E8E600C07B63 /* StripeBridge.m in Sources */,
			);
			runOnlyForDeploymentPostprocessing = 0;
		};
/* End PBXSourcesBuildPhase section */

/* Begin PBXVariantGroup section */
		13B07FB11A68108700A75B9A /* LaunchScreen.xib */ = {
			isa = PBXVariantGroup;
			children = (
				13B07FB21A68108700A75B9A /* Base */,
			);
			name = LaunchScreen.xib;
			path = chanmao;
			sourceTree = "<group>";
		};
/* End PBXVariantGroup section */

/* Begin XCBuildConfiguration section */
		13B07F941A680F5B00A75B9A /* Debug */ = {
			isa = XCBuildConfiguration;
			baseConfigurationReference = 869681224A05BAB7AE22BCF3 /* Pods-chanmao.debug.xcconfig */;
			buildSettings = {
				ALWAYS_EMBED_SWIFT_STANDARD_LIBRARIES = YES;
				ASSETCATALOG_COMPILER_APPICON_NAME = AppIcon;
				CLANG_ENABLE_MODULES = YES;
				CURRENT_PROJECT_VERSION = 1;
				DEAD_CODE_STRIPPING = NO;
				DEFINES_MODULE = YES;
				DEVELOPMENT_TEAM = F8HZ33QZUT;
				FRAMEWORK_SEARCH_PATHS = (
					"$(PROJECT_DIR)",
					"$(PROJECT_DIR)/Alipay",
				);
				HEADER_SEARCH_PATHS = (
					"$(inherited)",
					"$(SRCROOT)/../node_modules/react-native-navigation/ios/**",
					"$(SRCROOT)/../node_modules/react-native-vector-icons/RNVectorIconsManager",
					"$(SRCROOT)/../node_modules/realm/src/**",
					"$(SRCROOT)/../node_modules/react-native-device-info/RNDeviceInfo",
					"$(SRCROOT)/../node_modules/react-native-wechat/ios",
					"$(SRCROOT)/../node_modules/react-native-maps/lib/ios/**",
					"$(SRCROOT)/../node_modules/react-native-code-push/ios/CodePush/**",
				);
				INFOPLIST_FILE = chanmao/Info.plist;
				LD_RUNPATH_SEARCH_PATHS = "$(inherited) @executable_path/Frameworks";
				LIBRARY_SEARCH_PATHS = (
					"$(inherited)",
					"\"$(SRCROOT)/chanmao\"",
				);
				OTHER_LDFLAGS = (
					"$(inherited)",
					"-ObjC",
					"-lc++",
				);
				PRODUCT_BUNDLE_IDENTIFIER = ca.chanmao.orderapp;
				PRODUCT_NAME = "馋猫生活";
				SWIFT_OBJC_BRIDGING_HEADER = "$(SRCROOT)/chanmao-Bridging-Header.h";
				SWIFT_OPTIMIZATION_LEVEL = "-Onone";
				SWIFT_VERSION = 3.0;
				VERSIONING_SYSTEM = "apple-generic";
			};
			name = Debug;
		};
		13B07F951A680F5B00A75B9A /* Release */ = {
			isa = XCBuildConfiguration;
			baseConfigurationReference = 9085650A55166AD830629437 /* Pods-chanmao.release.xcconfig */;
			buildSettings = {
				ALWAYS_EMBED_SWIFT_STANDARD_LIBRARIES = YES;
				ASSETCATALOG_COMPILER_APPICON_NAME = AppIcon;
				CLANG_ENABLE_MODULES = YES;
				CURRENT_PROJECT_VERSION = 1;
				DEFINES_MODULE = YES;
				DEVELOPMENT_TEAM = F8HZ33QZUT;
				FRAMEWORK_SEARCH_PATHS = (
					"$(PROJECT_DIR)",
					"$(PROJECT_DIR)/Alipay",
				);
				HEADER_SEARCH_PATHS = (
					"$(inherited)",
					"$(SRCROOT)/../node_modules/react-native-navigation/ios/**",
					"$(SRCROOT)/../node_modules/react-native-vector-icons/RNVectorIconsManager",
					"$(SRCROOT)/../node_modules/realm/src/**",
					"$(SRCROOT)/../node_modules/react-native-device-info/RNDeviceInfo",
					"$(SRCROOT)/../node_modules/react-native-wechat/ios",
					"$(SRCROOT)/../node_modules/react-native-maps/lib/ios/**",
					"$(SRCROOT)/../node_modules/react-native-code-push/ios/CodePush/**",
				);
				INFOPLIST_FILE = chanmao/Info.plist;
				LD_RUNPATH_SEARCH_PATHS = "$(inherited) @executable_path/Frameworks";
				LIBRARY_SEARCH_PATHS = (
					"$(inherited)",
					"\"$(SRCROOT)/chanmao\"",
				);
				OTHER_LDFLAGS = (
					"$(inherited)",
					"-ObjC",
					"-lc++",
				);
				PRODUCT_BUNDLE_IDENTIFIER = ca.chanmao.orderapp;
				PRODUCT_NAME = "馋猫生活";
				SWIFT_OBJC_BRIDGING_HEADER = "$(SRCROOT)/chanmao-Bridging-Header.h";
				SWIFT_VERSION = 3.0;
				VERSIONING_SYSTEM = "apple-generic";
			};
			name = Release;
		};
		83CBBA201A601CBA00E9B192 /* Debug */ = {
			isa = XCBuildConfiguration;
			buildSettings = {
				ALWAYS_SEARCH_USER_PATHS = NO;
				CLANG_CXX_LANGUAGE_STANDARD = "gnu++0x";
				CLANG_CXX_LIBRARY = "libc++";
				CLANG_ENABLE_MODULES = YES;
				CLANG_ENABLE_OBJC_ARC = YES;
				CLANG_WARN_BOOL_CONVERSION = YES;
				CLANG_WARN_CONSTANT_CONVERSION = YES;
				CLANG_WARN_DIRECT_OBJC_ISA_USAGE = YES_ERROR;
				CLANG_WARN_EMPTY_BODY = YES;
				CLANG_WARN_ENUM_CONVERSION = YES;
				CLANG_WARN_INT_CONVERSION = YES;
				CLANG_WARN_OBJC_ROOT_CLASS = YES_ERROR;
				CLANG_WARN_UNREACHABLE_CODE = YES;
				CLANG_WARN__DUPLICATE_METHOD_MATCH = YES;
				"CODE_SIGN_IDENTITY[sdk=iphoneos*]" = "iPhone Developer";
				COPY_PHASE_STRIP = NO;
				ENABLE_STRICT_OBJC_MSGSEND = YES;
				GCC_C_LANGUAGE_STANDARD = gnu99;
				GCC_DYNAMIC_NO_PIC = NO;
				GCC_OPTIMIZATION_LEVEL = 0;
				GCC_PREPROCESSOR_DEFINITIONS = (
					"DEBUG=1",
					"$(inherited)",
				);
				GCC_SYMBOLS_PRIVATE_EXTERN = NO;
				GCC_WARN_64_TO_32_BIT_CONVERSION = YES;
				GCC_WARN_ABOUT_RETURN_TYPE = YES_ERROR;
				GCC_WARN_UNDECLARED_SELECTOR = YES;
				GCC_WARN_UNINITIALIZED_AUTOS = YES_AGGRESSIVE;
				GCC_WARN_UNUSED_FUNCTION = YES;
				GCC_WARN_UNUSED_VARIABLE = YES;
				IPHONEOS_DEPLOYMENT_TARGET = 8.0;
				MTL_ENABLE_DEBUG_INFO = YES;
				ONLY_ACTIVE_ARCH = YES;
				SDKROOT = iphoneos;
			};
			name = Debug;
		};
		83CBBA211A601CBA00E9B192 /* Release */ = {
			isa = XCBuildConfiguration;
			buildSettings = {
				ALWAYS_SEARCH_USER_PATHS = NO;
				CLANG_CXX_LANGUAGE_STANDARD = "gnu++0x";
				CLANG_CXX_LIBRARY = "libc++";
				CLANG_ENABLE_MODULES = YES;
				CLANG_ENABLE_OBJC_ARC = YES;
				CLANG_WARN_BOOL_CONVERSION = YES;
				CLANG_WARN_CONSTANT_CONVERSION = YES;
				CLANG_WARN_DIRECT_OBJC_ISA_USAGE = YES_ERROR;
				CLANG_WARN_EMPTY_BODY = YES;
				CLANG_WARN_ENUM_CONVERSION = YES;
				CLANG_WARN_INT_CONVERSION = YES;
				CLANG_WARN_OBJC_ROOT_CLASS = YES_ERROR;
				CLANG_WARN_UNREACHABLE_CODE = YES;
				CLANG_WARN__DUPLICATE_METHOD_MATCH = YES;
				"CODE_SIGN_IDENTITY[sdk=iphoneos*]" = "iPhone Developer";
				COPY_PHASE_STRIP = YES;
				ENABLE_NS_ASSERTIONS = NO;
				ENABLE_STRICT_OBJC_MSGSEND = YES;
				GCC_C_LANGUAGE_STANDARD = gnu99;
				GCC_WARN_64_TO_32_BIT_CONVERSION = YES;
				GCC_WARN_ABOUT_RETURN_TYPE = YES_ERROR;
				GCC_WARN_UNDECLARED_SELECTOR = YES;
				GCC_WARN_UNINITIALIZED_AUTOS = YES_AGGRESSIVE;
				GCC_WARN_UNUSED_FUNCTION = YES;
				GCC_WARN_UNUSED_VARIABLE = YES;
				IPHONEOS_DEPLOYMENT_TARGET = 8.0;
				MTL_ENABLE_DEBUG_INFO = NO;
				SDKROOT = iphoneos;
				VALIDATE_PRODUCT = YES;
			};
			name = Release;
		};
/* End XCBuildConfiguration section */

/* Begin XCConfigurationList section */
		13B07F931A680F5B00A75B9A /* Build configuration list for PBXNativeTarget "chanmao" */ = {
			isa = XCConfigurationList;
			buildConfigurations = (
				13B07F941A680F5B00A75B9A /* Debug */,
				13B07F951A680F5B00A75B9A /* Release */,
			);
			defaultConfigurationIsVisible = 0;
			defaultConfigurationName = Release;
		};
		83CBB9FA1A601CBA00E9B192 /* Build configuration list for PBXProject "chanmao" */ = {
			isa = XCConfigurationList;
			buildConfigurations = (
				83CBBA201A601CBA00E9B192 /* Debug */,
				83CBBA211A601CBA00E9B192 /* Release */,
			);
			defaultConfigurationIsVisible = 0;
			defaultConfigurationName = Release;
		};
/* End XCConfigurationList section */
	};
	rootObject = 83CBB9F71A601CBA00E9B192 /* Project object */;
}
