// !$*UTF8*$!
{
	archiveVersion = 1;
	classes = {
	};
	objectVersion = 46;
	objects = {
/* Begin PBXBuildFile section */
		00C302E51ABCBA2D00DB3ED1 /* libRCTActionSheet.a in Frameworks */ = {isa = PBXBuildFile; fileRef = 00C302AC1ABCB8CE00DB3ED1 /* libRCTActionSheet.a */; };
		00C302E71ABCBA2D00DB3ED1 /* libRCTGeolocation.a in Frameworks */ = {isa = PBXBuildFile; fileRef = 00C302BA1ABCB90400DB3ED1 /* libRCTGeolocation.a */; };
		00C302E81ABCBA2D00DB3ED1 /* libRCTImage.a in Frameworks */ = {isa = PBXBuildFile; fileRef = 00C302C01ABCB91800DB3ED1 /* libRCTImage.a */; };
		00C302E91ABCBA2D00DB3ED1 /* libRCTNetwork.a in Frameworks */ = {isa = PBXBuildFile; fileRef = 00C302DC1ABCB9D200DB3ED1 /* libRCTNetwork.a */; };
		00C302EA1ABCBA2D00DB3ED1 /* libRCTVibration.a in Frameworks */ = {isa = PBXBuildFile; fileRef = 00C302E41ABCB9EE00DB3ED1 /* libRCTVibration.a */; };
		133E29F31AD74F7200F7D852 /* libRCTLinking.a in Frameworks */ = {isa = PBXBuildFile; fileRef = 78C398B91ACF4ADC00677621 /* libRCTLinking.a */; };
		139105C61AF99C1200B5F7CC /* libRCTSettings.a in Frameworks */ = {isa = PBXBuildFile; fileRef = 139105C11AF99BAD00B5F7CC /* libRCTSettings.a */; };
		139FDEF61B0652A700C62182 /* libRCTWebSocket.a in Frameworks */ = {isa = PBXBuildFile; fileRef = 139FDEF41B06529B00C62182 /* libRCTWebSocket.a */; };
		13B07FBC1A68108700A75B9A /* AppDelegate.m in Sources */ = {isa = PBXBuildFile; fileRef = 13B07FB01A68108700A75B9A /* AppDelegate.m */; };
		13B07FBD1A68108700A75B9A /* LaunchScreen.xib in Resources */ = {isa = PBXBuildFile; fileRef = 13B07FB11A68108700A75B9A /* LaunchScreen.xib */; };
		13B07FBF1A68108700A75B9A /* Images.xcassets in Resources */ = {isa = PBXBuildFile; fileRef = 13B07FB51A68108700A75B9A /* Images.xcassets */; };
		13B07FC11A68108700A75B9A /* main.m in Sources */ = {isa = PBXBuildFile; fileRef = 13B07FB71A68108700A75B9A /* main.m */; };
		146834051AC3E58100842450 /* libReact.a in Frameworks */ = {isa = PBXBuildFile; fileRef = 146834041AC3E56700842450 /* libReact.a */; };
		3122F7F920B76AA900C388FF /* StripeBridge.m in Sources */ = {isa = PBXBuildFile; fileRef = 3122F7CC20B76AA700C388FF /* StripeBridge.m */; };
		3154E57120A39BED000F4758 /* libReactNativeNavigation.a in Frameworks */ = {isa = PBXBuildFile; fileRef = 3154E57020A39BA0000F4758 /* libReactNativeNavigation.a */; };
		31CC7ABF20A4CEF9001561DB /* libRCTWeChat.a in Frameworks */ = {isa = PBXBuildFile; fileRef = 31CC7AA720A4CE75001561DB /* libRCTWeChat.a */; };
		31CC7B5520A4DADD001561DB /* 方正准圆简体.TTF in Resources */ = {isa = PBXBuildFile; fileRef = 31CC7AFC20A4D401001561DB /* 方正准圆简体.TTF */; };
		31CC7B8420A4DAE2001561DB /* fzzyjt.TTF in Resources */ = {isa = PBXBuildFile; fileRef = 31CC7B2B20A4D401001561DB /* fzzyjt.TTF */; };
		31CC7B8520A4DAE7001561DB /* chanmao.ttf in Resources */ = {isa = PBXBuildFile; fileRef = 31CC7B2C20A4D401001561DB /* chanmao.ttf */; };
		31E09C4D20A3A29C007902C5 /* Octicons.ttf in Resources */ = {isa = PBXBuildFile; fileRef = 31E09C4220A3A29C007902C5 /* Octicons.ttf */; };
		31E09C4E20A3A29C007902C5 /* Feather.ttf in Resources */ = {isa = PBXBuildFile; fileRef = 31E09C4320A3A29C007902C5 /* Feather.ttf */; };
		31E09C4F20A3A29C007902C5 /* Entypo.ttf in Resources */ = {isa = PBXBuildFile; fileRef = 31E09C4420A3A29C007902C5 /* Entypo.ttf */; };
		31E09C5020A3A29C007902C5 /* MaterialCommunityIcons.ttf in Resources */ = {isa = PBXBuildFile; fileRef = 31E09C4520A3A29C007902C5 /* MaterialCommunityIcons.ttf */; };
		31E09C5120A3A29C007902C5 /* Foundation.ttf in Resources */ = {isa = PBXBuildFile; fileRef = 31E09C4620A3A29C007902C5 /* Foundation.ttf */; };
		31E09C5220A3A29C007902C5 /* Ionicons.ttf in Resources */ = {isa = PBXBuildFile; fileRef = 31E09C4720A3A29C007902C5 /* Ionicons.ttf */; };
		31E09C5320A3A29C007902C5 /* FontAwesome.ttf in Resources */ = {isa = PBXBuildFile; fileRef = 31E09C4820A3A29C007902C5 /* FontAwesome.ttf */; };
		31E09C5420A3A29C007902C5 /* Zocial.ttf in Resources */ = {isa = PBXBuildFile; fileRef = 31E09C4920A3A29C007902C5 /* Zocial.ttf */; };
		31E09C5520A3A29C007902C5 /* EvilIcons.ttf in Resources */ = {isa = PBXBuildFile; fileRef = 31E09C4A20A3A29C007902C5 /* EvilIcons.ttf */; };
		31E09C5620A3A29C007902C5 /* SimpleLineIcons.ttf in Resources */ = {isa = PBXBuildFile; fileRef = 31E09C4B20A3A29C007902C5 /* SimpleLineIcons.ttf */; };
		31E09C5720A3A29C007902C5 /* MaterialIcons.ttf in Resources */ = {isa = PBXBuildFile; fileRef = 31E09C4C20A3A29C007902C5 /* MaterialIcons.ttf */; };
		31E09C9720A3A61A007902C5 /* SystemConfiguration.framework in Frameworks */ = {isa = PBXBuildFile; fileRef = 31E09C9620A3A61A007902C5 /* SystemConfiguration.framework */; };
		31E09C9920A3A62B007902C5 /* CoreTelephony.framework in Frameworks */ = {isa = PBXBuildFile; fileRef = 31E09C9820A3A62A007902C5 /* CoreTelephony.framework */; };
		31E09C9B20A3A640007902C5 /* libsqlite3.0.tbd in Frameworks */ = {isa = PBXBuildFile; fileRef = 31E09C9A20A3A640007902C5 /* libsqlite3.0.tbd */; };
		31E09C9D20A3A650007902C5 /* libc++.tbd in Frameworks */ = {isa = PBXBuildFile; fileRef = 31E09C9C20A3A650007902C5 /* libc++.tbd */; };
		31FBA814825B46C882C60909 /* MaterialCommunityIcons.ttf in Resources */ = {isa = PBXBuildFile; fileRef = 7F818D55E0F54CFCA85FF0E0 /* MaterialCommunityIcons.ttf */; };
		49395AB8A86F02BBB27553DC /* libPods-chanmao.a in Frameworks */ = {isa = PBXBuildFile; fileRef = C843E76EAF8BC6E9ACD532CA /* libPods-chanmao.a */; };
		4E235BA18DCE402EA0F6F657 /* SimpleLineIcons.ttf in Resources */ = {isa = PBXBuildFile; fileRef = 6EBC7726EDFA4D25B39958D1 /* SimpleLineIcons.ttf */; };
		5E9157361DD0AC6A00FF2AA8 /* libRCTAnimation.a in Frameworks */ = {isa = PBXBuildFile; fileRef = 5E9157331DD0AC6500FF2AA8 /* libRCTAnimation.a */; };
		5F1B2889CEDD45F1BDDAEDF1 /* libRealmReact.a in Frameworks */ = {isa = PBXBuildFile; fileRef = 550177373A4A4318A3299B29 /* libRealmReact.a */; };
		6F96AA76E1D64B8DA0CF4E5F /* Octicons.ttf in Resources */ = {isa = PBXBuildFile; fileRef = 11A69C98C69A4980AAA576E0 /* Octicons.ttf */; };
		73BAAFB974544FB7927E3977 /* Zocial.ttf in Resources */ = {isa = PBXBuildFile; fileRef = C3C21CB1DDB44C6D84D8C15E /* Zocial.ttf */; };
		7AE9BD1B5738447EA59C5C74 /* libRNDeviceInfo.a in Frameworks */ = {isa = PBXBuildFile; fileRef = 581C7209634244A9A8219411 /* libRNDeviceInfo.a */; };
		7F5B0D66E3C44A6388FD3352 /* libRNVectorIcons.a in Frameworks */ = {isa = PBXBuildFile; fileRef = BFE6BC37BED24A758903F7F6 /* libRNVectorIcons.a */; };
		82622CC64D8E4488B5270DBA /* EvilIcons.ttf in Resources */ = {isa = PBXBuildFile; fileRef = 030B45E3A46349F0AE049AD1 /* EvilIcons.ttf */; };
		832341BD1AAA6AB300B99B32 /* libRCTText.a in Frameworks */ = {isa = PBXBuildFile; fileRef = 832341B51AAA6A8300B99B32 /* libRCTText.a */; };
		9DB5A231B7EA4762967057A8 /* FontAwesome.ttf in Resources */ = {isa = PBXBuildFile; fileRef = 36B8F1D6F4B24FA28F835C5E /* FontAwesome.ttf */; };
		A4414E5DC8004D079E507AE4 /* MaterialIcons.ttf in Resources */ = {isa = PBXBuildFile; fileRef = E1C568599B7346BA95206564 /* MaterialIcons.ttf */; };
		ADBDB9381DFEBF1600ED6528 /* libRCTBlob.a in Frameworks */ = {isa = PBXBuildFile; fileRef = ADBDB9271DFEBF0700ED6528 /* libRCTBlob.a */; };
		B7E5875FACA040BAA04330CA /* Foundation.ttf in Resources */ = {isa = PBXBuildFile; fileRef = 830A187EA756400D81EF10CE /* Foundation.ttf */; };
		C132089C5ABC44829F2F1888 /* Ionicons.ttf in Resources */ = {isa = PBXBuildFile; fileRef = CAF6A687F10248F3851629DB /* Ionicons.ttf */; };
		D01E587654124B71AC8501D4 /* Feather.ttf in Resources */ = {isa = PBXBuildFile; fileRef = CE911AA013FF4B98910487D1 /* Feather.ttf */; };
		D7067B9C9D904789ABDE3188 /* libCodePush.a in Frameworks */ = {isa = PBXBuildFile; fileRef = 8C8F54AE4BDD44159B23D420 /* libCodePush.a */; };
		D9ECDA9D5595465B9B858F7C /* Entypo.ttf in Resources */ = {isa = PBXBuildFile; fileRef = 4DF937DD84A748DB8ED1D5CD /* Entypo.ttf */; };
		DF5515882193A7CD00F46A3D /* NotoSansMonoCJKsc-Regular.otf in Resources */ = {isa = PBXBuildFile; fileRef = DF5515872193A7CC00F46A3D /* NotoSansMonoCJKsc-Regular.otf */; };
		DF55158D2193A81A00F46A3D /* NotoSansCJKsc-Black.otf in Resources */ = {isa = PBXBuildFile; fileRef = DF5515892193A81600F46A3D /* NotoSansCJKsc-Black.otf */; };
		DF55158E2193A81A00F46A3D /* NotoSansCJKsc-Medium.otf in Resources */ = {isa = PBXBuildFile; fileRef = DF55158A2193A81700F46A3D /* NotoSansCJKsc-Medium.otf */; };
		DF55158F2193A81A00F46A3D /* NotoSansCJKsc-Bold.otf in Resources */ = {isa = PBXBuildFile; fileRef = DF55158B2193A81800F46A3D /* NotoSansCJKsc-Bold.otf */; };
		DF5515902193A81A00F46A3D /* NotoSansCJKsc-Regular.otf in Resources */ = {isa = PBXBuildFile; fileRef = DF55158C2193A81900F46A3D /* NotoSansCJKsc-Regular.otf */; };
		E3ACE0070FC5416AA3CC6F1A /* libz.tbd in Frameworks */ = {isa = PBXBuildFile; fileRef = 153D270FD29641D5BB5BCDB8 /* libz.tbd */; };
		EBE8C3DF20C5E563002EE5C3 /* cmApplePay.m in Sources */ = {isa = PBXBuildFile; fileRef = EBE8C3AF20C5E563002EE5C3 /* cmApplePay.m */; };
		F963FD1A20B4B86300C1C422 /* AlipaySDK.bundle in Resources */ = {isa = PBXBuildFile; fileRef = F963FCE520B4B86200C1C422 /* AlipaySDK.bundle */; };
		F963FD1C20B4B86300C1C422 /* AlipayModule.m in Sources */ = {isa = PBXBuildFile; fileRef = F963FCE920B4B86200C1C422 /* AlipayModule.m */; };
		F963FD1D20B4B86300C1C422 /* AlipaySDK.framework in Frameworks */ = {isa = PBXBuildFile; fileRef = F963FCEB20B4B86200C1C422 /* AlipaySDK.framework */; };
		F963FD1F20B4B8C000C1C422 /* CFNetwork.framework in Frameworks */ = {isa = PBXBuildFile; fileRef = F963FD1E20B4B8C000C1C422 /* CFNetwork.framework */; };
		F963FD2120B4B8C500C1C422 /* CoreGraphics.framework in Frameworks */ = {isa = PBXBuildFile; fileRef = F963FD2020B4B8C500C1C422 /* CoreGraphics.framework */; };
		F963FD2320B4B8C900C1C422 /* CoreMotion.framework in Frameworks */ = {isa = PBXBuildFile; fileRef = F963FD2220B4B8C900C1C422 /* CoreMotion.framework */; };
		F963FD2520B4B8D300C1C422 /* CoreText.framework in Frameworks */ = {isa = PBXBuildFile; fileRef = F963FD2420B4B8D300C1C422 /* CoreText.framework */; };
		F963FD2720B4B8DA00C1C422 /* Foundation.framework in Frameworks */ = {isa = PBXBuildFile; fileRef = F963FD2620B4B8DA00C1C422 /* Foundation.framework */; };
		F963FD2920B4B8DE00C1C422 /* QuartzCore.framework in Frameworks */ = {isa = PBXBuildFile; fileRef = F963FD2820B4B8DE00C1C422 /* QuartzCore.framework */; };
		F963FD2B20B4B8E800C1C422 /* UIKit.framework in Frameworks */ = {isa = PBXBuildFile; fileRef = F963FD2A20B4B8E800C1C422 /* UIKit.framework */; };
		041BA6DB523A4C01A5A760D5 /* NotoSansCJKsc-Black.otf in Resources */ = {isa = PBXBuildFile; fileRef = DA5D159499404C78A139D022 /* NotoSansCJKsc-Black.otf */; };
		F7FC89FD4C7C4061A18A402E /* NotoSansCJKsc-Bold.otf in Resources */ = {isa = PBXBuildFile; fileRef = 014083AE155E40FEBDED7CC8 /* NotoSansCJKsc-Bold.otf */; };
		C41FF2CE95D24A239A7074F3 /* NotoSansCJKsc-Medium.otf in Resources */ = {isa = PBXBuildFile; fileRef = CA8FA308B0A94047B119BA48 /* NotoSansCJKsc-Medium.otf */; };
		20A00C57F26C42E09D1EFB0C /* NotoSansCJKsc-Regular.otf in Resources */ = {isa = PBXBuildFile; fileRef = 3A4AC8517CBE414AA3512882 /* NotoSansCJKsc-Regular.otf */; };
		042F5739D5CD466B8C2511D7 /* NotoSansMonoCJKsc-Regular.otf in Resources */ = {isa = PBXBuildFile; fileRef = 36B2F65922364A7B8AFEFDAF /* NotoSansMonoCJKsc-Regular.otf */; };
/* End PBXBuildFile section */

/* Begin PBXContainerItemProxy section */
		00C302AB1ABCB8CE00DB3ED1 /* PBXContainerItemProxy */ = {
			isa = PBXContainerItemProxy;
			containerPortal = 00C302A71ABCB8CE00DB3ED1 /* RCTActionSheet.xcodeproj */;
			proxyType = 2;
			remoteGlobalIDString = 134814201AA4EA6300B7C361;
			remoteInfo = RCTActionSheet;
		};
		00C302B91ABCB90400DB3ED1 /* PBXContainerItemProxy */ = {
			isa = PBXContainerItemProxy;
			containerPortal = 00C302B51ABCB90400DB3ED1 /* RCTGeolocation.xcodeproj */;
			proxyType = 2;
			remoteGlobalIDString = 134814201AA4EA6300B7C361;
			remoteInfo = RCTGeolocation;
		};
		00C302BF1ABCB91800DB3ED1 /* PBXContainerItemProxy */ = {
			isa = PBXContainerItemProxy;
			containerPortal = 00C302BB1ABCB91800DB3ED1 /* RCTImage.xcodeproj */;
			proxyType = 2;
			remoteGlobalIDString = 58B5115D1A9E6B3D00147676;
			remoteInfo = RCTImage;
		};
		00C302DB1ABCB9D200DB3ED1 /* PBXContainerItemProxy */ = {
			isa = PBXContainerItemProxy;
			containerPortal = 00C302D31ABCB9D200DB3ED1 /* RCTNetwork.xcodeproj */;
			proxyType = 2;
			remoteGlobalIDString = 58B511DB1A9E6C8500147676;
			remoteInfo = RCTNetwork;
		};
		00C302E31ABCB9EE00DB3ED1 /* PBXContainerItemProxy */ = {
			isa = PBXContainerItemProxy;
			containerPortal = 00C302DF1ABCB9EE00DB3ED1 /* RCTVibration.xcodeproj */;
			proxyType = 2;
			remoteGlobalIDString = 832C81801AAF6DEF007FA2F7;
			remoteInfo = RCTVibration;
		};
		139105C01AF99BAD00B5F7CC /* PBXContainerItemProxy */ = {
			isa = PBXContainerItemProxy;
			containerPortal = 139105B61AF99BAD00B5F7CC /* RCTSettings.xcodeproj */;
			proxyType = 2;
			remoteGlobalIDString = 134814201AA4EA6300B7C361;
			remoteInfo = RCTSettings;
		};
		139FDEF31B06529B00C62182 /* PBXContainerItemProxy */ = {
			isa = PBXContainerItemProxy;
			containerPortal = 139FDEE61B06529A00C62182 /* RCTWebSocket.xcodeproj */;
			proxyType = 2;
			remoteGlobalIDString = 3C86DF461ADF2C930047B81A;
			remoteInfo = RCTWebSocket;
		};
		146834031AC3E56700842450 /* PBXContainerItemProxy */ = {
			isa = PBXContainerItemProxy;
			containerPortal = 146833FF1AC3E56700842450 /* React.xcodeproj */;
			proxyType = 2;
			remoteGlobalIDString = 83CBBA2E1A601D0E00E9B192;
			remoteInfo = React;
		};
		2D16E6711FA4F8DC00B85C8A /* PBXContainerItemProxy */ = {
			isa = PBXContainerItemProxy;
			containerPortal = ADBDB91F1DFEBF0600ED6528 /* RCTBlob.xcodeproj */;
			proxyType = 2;
			remoteGlobalIDString = ADD01A681E09402E00F6D226;
			remoteInfo = "RCTBlob-tvOS";
		};
		2D16E6831FA4F8DC00B85C8A /* PBXContainerItemProxy */ = {
			isa = PBXContainerItemProxy;
			containerPortal = 139FDEE61B06529A00C62182 /* RCTWebSocket.xcodeproj */;
			proxyType = 2;
			remoteGlobalIDString = 3DBE0D001F3B181A0099AA32;
			remoteInfo = fishhook;
		};
		2D16E6851FA4F8DC00B85C8A /* PBXContainerItemProxy */ = {
			isa = PBXContainerItemProxy;
			containerPortal = 139FDEE61B06529A00C62182 /* RCTWebSocket.xcodeproj */;
			proxyType = 2;
			remoteGlobalIDString = 3DBE0D0D1F3B181C0099AA32;
			remoteInfo = "fishhook-tvOS";
		};
		2DF0FFDE2056DD460020B375 /* PBXContainerItemProxy */ = {
			isa = PBXContainerItemProxy;
			containerPortal = 146833FF1AC3E56700842450 /* React.xcodeproj */;
			proxyType = 2;
			remoteGlobalIDString = EBF21BDC1FC498900052F4D5;
			remoteInfo = jsinspector;
		};
		2DF0FFE02056DD460020B375 /* PBXContainerItemProxy */ = {
			isa = PBXContainerItemProxy;
			containerPortal = 146833FF1AC3E56700842450 /* React.xcodeproj */;
			proxyType = 2;
			remoteGlobalIDString = EBF21BFA1FC4989A0052F4D5;
			remoteInfo = "jsinspector-tvOS";
		};
		2DF0FFE22056DD460020B375 /* PBXContainerItemProxy */ = {
			isa = PBXContainerItemProxy;
			containerPortal = 146833FF1AC3E56700842450 /* React.xcodeproj */;
			proxyType = 2;
			remoteGlobalIDString = 139D7ECE1E25DB7D00323FB7;
			remoteInfo = "third-party";
		};
		2DF0FFE42056DD460020B375 /* PBXContainerItemProxy */ = {
			isa = PBXContainerItemProxy;
			containerPortal = 146833FF1AC3E56700842450 /* React.xcodeproj */;
			proxyType = 2;
			remoteGlobalIDString = 3D383D3C1EBD27B6005632C8;
			remoteInfo = "third-party-tvOS";
		};
		2DF0FFE62056DD460020B375 /* PBXContainerItemProxy */ = {
			isa = PBXContainerItemProxy;
			containerPortal = 146833FF1AC3E56700842450 /* React.xcodeproj */;
			proxyType = 2;
			remoteGlobalIDString = 139D7E881E25C6D100323FB7;
			remoteInfo = "double-conversion";
		};
		2DF0FFE82056DD460020B375 /* PBXContainerItemProxy */ = {
			isa = PBXContainerItemProxy;
			containerPortal = 146833FF1AC3E56700842450 /* React.xcodeproj */;
			proxyType = 2;
			remoteGlobalIDString = 3D383D621EBD27B9005632C8;
			remoteInfo = "double-conversion-tvOS";
		};
		2DF0FFEA2056DD460020B375 /* PBXContainerItemProxy */ = {
			isa = PBXContainerItemProxy;
			containerPortal = 146833FF1AC3E56700842450 /* React.xcodeproj */;
			proxyType = 2;
			remoteGlobalIDString = 9936F3131F5F2E4B0010BF04;
			remoteInfo = privatedata;
		};
		2DF0FFEC2056DD460020B375 /* PBXContainerItemProxy */ = {
			isa = PBXContainerItemProxy;
			containerPortal = 146833FF1AC3E56700842450 /* React.xcodeproj */;
			proxyType = 2;
			remoteGlobalIDString = 9936F32F1F5F2E5B0010BF04;
			remoteInfo = "privatedata-tvOS";
		};
		3122F85920B88FCA00C388FF /* PBXContainerItemProxy */ = {
			isa = PBXContainerItemProxy;
			containerPortal = 3122F85420B88FC900C388FF /* RNDeviceInfo.xcodeproj */;
			proxyType = 2;
			remoteGlobalIDString = DA5891D81BA9A9FC002B4DB2;
			remoteInfo = RNDeviceInfo;
		};
		3122F85B20B88FCA00C388FF /* PBXContainerItemProxy */ = {
			isa = PBXContainerItemProxy;
			containerPortal = 3122F85420B88FC900C388FF /* RNDeviceInfo.xcodeproj */;
			proxyType = 2;
			remoteGlobalIDString = E72EC1401F7ABB5A0001BC90;
			remoteInfo = "RNDeviceInfo-tvOS";
		};
		3154E56120A39AF6000F4758 /* PBXContainerItemProxy */ = {
			isa = PBXContainerItemProxy;
			containerPortal = D8AB24399EE942769B9531AD /* CodePush.xcodeproj */;
			proxyType = 2;
			remoteGlobalIDString = 134814201AA4EA6300B7C361;
			remoteInfo = CodePush;
		};
		3154E56320A39AF6000F4758 /* PBXContainerItemProxy */ = {
			isa = PBXContainerItemProxy;
			containerPortal = D8AB24399EE942769B9531AD /* CodePush.xcodeproj */;
			proxyType = 2;
			remoteGlobalIDString = F886647B1F4ADB500036D01B;
			remoteInfo = "CodePush-tvOS";
		};
		3154E56F20A39BA0000F4758 /* PBXContainerItemProxy */ = {
			isa = PBXContainerItemProxy;
			containerPortal = 3154E56B20A39BA0000F4758 /* ReactNativeNavigation.xcodeproj */;
			proxyType = 2;
			remoteGlobalIDString = D8AFADBD1BEE6F3F00A4592D;
			remoteInfo = ReactNativeNavigation;
		};
		3183432520A3ACBA00B69D8C /* PBXContainerItemProxy */ = {
			isa = PBXContainerItemProxy;
			containerPortal = 2645443B7AE54A82BBAE984E /* RealmReact.xcodeproj */;
			proxyType = 2;
			remoteGlobalIDString = F60690131CA2766F0003FB26;
			remoteInfo = RealmReact;
		};
		31CC7AA620A4CE75001561DB /* PBXContainerItemProxy */ = {
			isa = PBXContainerItemProxy;
			containerPortal = 31CC7A8920A4CE74001561DB /* RCTWeChat.xcodeproj */;
			proxyType = 2;
			remoteGlobalIDString = 86D238421BD0BB9E00C75D01;
			remoteInfo = RCTWeChat;
		};
		31CC7AA820A4CE75001561DB /* PBXContainerItemProxy */ = {
			isa = PBXContainerItemProxy;
			containerPortal = 31CC7A8920A4CE74001561DB /* RCTWeChat.xcodeproj */;
			proxyType = 2;
			remoteGlobalIDString = 10D6D7A41F160C250066F0F3;
			remoteInfo = RCTWeChatTests;
		};
		31E09C9420A3A446007902C5 /* PBXContainerItemProxy */ = {
			isa = PBXContainerItemProxy;
			containerPortal = 53E04BF58A064BD39FA4F765 /* RNVectorIcons.xcodeproj */;
			proxyType = 2;
			remoteGlobalIDString = 5DBEB1501B18CEA900B34395;
			remoteInfo = RNVectorIcons;
		};
		3DAD3E831DF850E9000B6D8A /* PBXContainerItemProxy */ = {
			isa = PBXContainerItemProxy;
			containerPortal = 00C302BB1ABCB91800DB3ED1 /* RCTImage.xcodeproj */;
			proxyType = 2;
			remoteGlobalIDString = 2D2A283A1D9B042B00D4039D;
			remoteInfo = "RCTImage-tvOS";
		};
		3DAD3E871DF850E9000B6D8A /* PBXContainerItemProxy */ = {
			isa = PBXContainerItemProxy;
			containerPortal = 78C398B01ACF4ADC00677621 /* RCTLinking.xcodeproj */;
			proxyType = 2;
			remoteGlobalIDString = 2D2A28471D9B043800D4039D;
			remoteInfo = "RCTLinking-tvOS";
		};
		3DAD3E8B1DF850E9000B6D8A /* PBXContainerItemProxy */ = {
			isa = PBXContainerItemProxy;
			containerPortal = 00C302D31ABCB9D200DB3ED1 /* RCTNetwork.xcodeproj */;
			proxyType = 2;
			remoteGlobalIDString = 2D2A28541D9B044C00D4039D;
			remoteInfo = "RCTNetwork-tvOS";
		};
		3DAD3E8F1DF850E9000B6D8A /* PBXContainerItemProxy */ = {
			isa = PBXContainerItemProxy;
			containerPortal = 139105B61AF99BAD00B5F7CC /* RCTSettings.xcodeproj */;
			proxyType = 2;
			remoteGlobalIDString = 2D2A28611D9B046600D4039D;
			remoteInfo = "RCTSettings-tvOS";
		};
		3DAD3E931DF850E9000B6D8A /* PBXContainerItemProxy */ = {
			isa = PBXContainerItemProxy;
			containerPortal = 832341B01AAA6A8300B99B32 /* RCTText.xcodeproj */;
			proxyType = 2;
			remoteGlobalIDString = 2D2A287B1D9B048500D4039D;
			remoteInfo = "RCTText-tvOS";
		};
		3DAD3E981DF850E9000B6D8A /* PBXContainerItemProxy */ = {
			isa = PBXContainerItemProxy;
			containerPortal = 139FDEE61B06529A00C62182 /* RCTWebSocket.xcodeproj */;
			proxyType = 2;
			remoteGlobalIDString = 2D2A28881D9B049200D4039D;
			remoteInfo = "RCTWebSocket-tvOS";
		};
		3DAD3EA21DF850E9000B6D8A /* PBXContainerItemProxy */ = {
			isa = PBXContainerItemProxy;
			containerPortal = 146833FF1AC3E56700842450 /* React.xcodeproj */;
			proxyType = 2;
			remoteGlobalIDString = 2D2A28131D9B038B00D4039D;
			remoteInfo = "React-tvOS";
		};
		3DAD3EA41DF850E9000B6D8A /* PBXContainerItemProxy */ = {
			isa = PBXContainerItemProxy;
			containerPortal = 146833FF1AC3E56700842450 /* React.xcodeproj */;
			proxyType = 2;
			remoteGlobalIDString = 3D3C059A1DE3340900C268FA;
			remoteInfo = yoga;
		};
		3DAD3EA61DF850E9000B6D8A /* PBXContainerItemProxy */ = {
			isa = PBXContainerItemProxy;
			containerPortal = 146833FF1AC3E56700842450 /* React.xcodeproj */;
			proxyType = 2;
			remoteGlobalIDString = 3D3C06751DE3340C00C268FA;
			remoteInfo = "yoga-tvOS";
		};
		3DAD3EA81DF850E9000B6D8A /* PBXContainerItemProxy */ = {
			isa = PBXContainerItemProxy;
			containerPortal = 146833FF1AC3E56700842450 /* React.xcodeproj */;
			proxyType = 2;
			remoteGlobalIDString = 3D3CD9251DE5FBEC00167DC4;
			remoteInfo = cxxreact;
		};
		3DAD3EAA1DF850E9000B6D8A /* PBXContainerItemProxy */ = {
			isa = PBXContainerItemProxy;
			containerPortal = 146833FF1AC3E56700842450 /* React.xcodeproj */;
			proxyType = 2;
			remoteGlobalIDString = 3D3CD9321DE5FBEE00167DC4;
			remoteInfo = "cxxreact-tvOS";
		};
		3DAD3EAC1DF850E9000B6D8A /* PBXContainerItemProxy */ = {
			isa = PBXContainerItemProxy;
			containerPortal = 146833FF1AC3E56700842450 /* React.xcodeproj */;
			proxyType = 2;
			remoteGlobalIDString = 3D3CD90B1DE5FBD600167DC4;
			remoteInfo = jschelpers;
		};
		3DAD3EAE1DF850E9000B6D8A /* PBXContainerItemProxy */ = {
			isa = PBXContainerItemProxy;
			containerPortal = 146833FF1AC3E56700842450 /* React.xcodeproj */;
			proxyType = 2;
			remoteGlobalIDString = 3D3CD9181DE5FBD800167DC4;
			remoteInfo = "jschelpers-tvOS";
		};
		5E9157321DD0AC6500FF2AA8 /* PBXContainerItemProxy */ = {
			isa = PBXContainerItemProxy;
			containerPortal = 5E91572D1DD0AC6500FF2AA8 /* RCTAnimation.xcodeproj */;
			proxyType = 2;
			remoteGlobalIDString = 134814201AA4EA6300B7C361;
			remoteInfo = RCTAnimation;
		};
		5E9157341DD0AC6500FF2AA8 /* PBXContainerItemProxy */ = {
			isa = PBXContainerItemProxy;
			containerPortal = 5E91572D1DD0AC6500FF2AA8 /* RCTAnimation.xcodeproj */;
			proxyType = 2;
			remoteGlobalIDString = 2D2A28201D9B03D100D4039D;
			remoteInfo = "RCTAnimation-tvOS";
		};
		78C398B81ACF4ADC00677621 /* PBXContainerItemProxy */ = {
			isa = PBXContainerItemProxy;
			containerPortal = 78C398B01ACF4ADC00677621 /* RCTLinking.xcodeproj */;
			proxyType = 2;
			remoteGlobalIDString = 134814201AA4EA6300B7C361;
			remoteInfo = RCTLinking;
		};
		832341B41AAA6A8300B99B32 /* PBXContainerItemProxy */ = {
			isa = PBXContainerItemProxy;
			containerPortal = 832341B01AAA6A8300B99B32 /* RCTText.xcodeproj */;
			proxyType = 2;
			remoteGlobalIDString = 58B5119B1A9E6C1200147676;
			remoteInfo = RCTText;
		};
		ADBDB9261DFEBF0700ED6528 /* PBXContainerItemProxy */ = {
			isa = PBXContainerItemProxy;
			containerPortal = ADBDB91F1DFEBF0600ED6528 /* RCTBlob.xcodeproj */;
			proxyType = 2;
			remoteGlobalIDString = 358F4ED71D1E81A9004DF814;
			remoteInfo = RCTBlob;
		};
/* End PBXContainerItemProxy section */

/* Begin PBXFileReference section */
		008F07F21AC5B25A0029DE68 /* main.jsbundle */ = {isa = PBXFileReference; fileEncoding = 4; lastKnownFileType = text; path = main.jsbundle; sourceTree = "<group>"; };
		00C302A71ABCB8CE00DB3ED1 /* RCTActionSheet.xcodeproj */ = {isa = PBXFileReference; lastKnownFileType = "wrapper.pb-project"; name = RCTActionSheet.xcodeproj; path = "../node_modules/react-native/Libraries/ActionSheetIOS/RCTActionSheet.xcodeproj"; sourceTree = "<group>"; };
		00C302B51ABCB90400DB3ED1 /* RCTGeolocation.xcodeproj */ = {isa = PBXFileReference; lastKnownFileType = "wrapper.pb-project"; name = RCTGeolocation.xcodeproj; path = "../node_modules/react-native/Libraries/Geolocation/RCTGeolocation.xcodeproj"; sourceTree = "<group>"; };
		00C302BB1ABCB91800DB3ED1 /* RCTImage.xcodeproj */ = {isa = PBXFileReference; lastKnownFileType = "wrapper.pb-project"; name = RCTImage.xcodeproj; path = "../node_modules/react-native/Libraries/Image/RCTImage.xcodeproj"; sourceTree = "<group>"; };
		00C302D31ABCB9D200DB3ED1 /* RCTNetwork.xcodeproj */ = {isa = PBXFileReference; lastKnownFileType = "wrapper.pb-project"; name = RCTNetwork.xcodeproj; path = "../node_modules/react-native/Libraries/Network/RCTNetwork.xcodeproj"; sourceTree = "<group>"; };
		00C302DF1ABCB9EE00DB3ED1 /* RCTVibration.xcodeproj */ = {isa = PBXFileReference; lastKnownFileType = "wrapper.pb-project"; name = RCTVibration.xcodeproj; path = "../node_modules/react-native/Libraries/Vibration/RCTVibration.xcodeproj"; sourceTree = "<group>"; };
		00E356F11AD99517003FC87E /* Info.plist */ = {isa = PBXFileReference; lastKnownFileType = text.plist.xml; path = Info.plist; sourceTree = "<group>"; };
		00E356F21AD99517003FC87E /* chanmaoTests.m */ = {isa = PBXFileReference; lastKnownFileType = sourcecode.c.objc; path = chanmaoTests.m; sourceTree = "<group>"; };
		030B45E3A46349F0AE049AD1 /* EvilIcons.ttf */ = {isa = PBXFileReference; explicitFileType = undefined; fileEncoding = 9; includeInIndex = 0; lastKnownFileType = unknown; name = EvilIcons.ttf; path = "../node_modules/react-native-vector-icons/Fonts/EvilIcons.ttf"; sourceTree = "<group>"; };
		11A35EE0B073629238D3946A /* Pods-chanmao.debug.xcconfig */ = {isa = PBXFileReference; includeInIndex = 1; lastKnownFileType = text.xcconfig; name = "Pods-chanmao.debug.xcconfig"; path = "Pods/Target Support Files/Pods-chanmao/Pods-chanmao.debug.xcconfig"; sourceTree = "<group>"; };
		11A69C98C69A4980AAA576E0 /* Octicons.ttf */ = {isa = PBXFileReference; explicitFileType = undefined; fileEncoding = 9; includeInIndex = 0; lastKnownFileType = unknown; name = Octicons.ttf; path = "../node_modules/react-native-vector-icons/Fonts/Octicons.ttf"; sourceTree = "<group>"; };
		139105B61AF99BAD00B5F7CC /* RCTSettings.xcodeproj */ = {isa = PBXFileReference; lastKnownFileType = "wrapper.pb-project"; name = RCTSettings.xcodeproj; path = "../node_modules/react-native/Libraries/Settings/RCTSettings.xcodeproj"; sourceTree = "<group>"; };
		139FDEE61B06529A00C62182 /* RCTWebSocket.xcodeproj */ = {isa = PBXFileReference; lastKnownFileType = "wrapper.pb-project"; name = RCTWebSocket.xcodeproj; path = "../node_modules/react-native/Libraries/WebSocket/RCTWebSocket.xcodeproj"; sourceTree = "<group>"; };
		13B07F961A680F5B00A75B9A /* chanmao.app */ = {isa = PBXFileReference; explicitFileType = wrapper.application; includeInIndex = 0; path = chanmao.app; sourceTree = BUILT_PRODUCTS_DIR; };
		13B07FAF1A68108700A75B9A /* AppDelegate.h */ = {isa = PBXFileReference; fileEncoding = 4; lastKnownFileType = sourcecode.c.h; name = AppDelegate.h; path = chanmao/AppDelegate.h; sourceTree = "<group>"; };
		13B07FB01A68108700A75B9A /* AppDelegate.m */ = {isa = PBXFileReference; fileEncoding = 4; lastKnownFileType = sourcecode.c.objc; name = AppDelegate.m; path = chanmao/AppDelegate.m; sourceTree = "<group>"; };
		13B07FB21A68108700A75B9A /* Base */ = {isa = PBXFileReference; lastKnownFileType = file.xib; name = Base; path = Base.lproj/LaunchScreen.xib; sourceTree = "<group>"; };
		13B07FB51A68108700A75B9A /* Images.xcassets */ = {isa = PBXFileReference; lastKnownFileType = folder.assetcatalog; name = Images.xcassets; path = chanmao/Images.xcassets; sourceTree = "<group>"; };
		13B07FB61A68108700A75B9A /* Info.plist */ = {isa = PBXFileReference; fileEncoding = 4; lastKnownFileType = text.plist.xml; name = Info.plist; path = chanmao/Info.plist; sourceTree = "<group>"; };
		13B07FB71A68108700A75B9A /* main.m */ = {isa = PBXFileReference; fileEncoding = 4; lastKnownFileType = sourcecode.c.objc; name = main.m; path = chanmao/main.m; sourceTree = "<group>"; };
		146833FF1AC3E56700842450 /* React.xcodeproj */ = {isa = PBXFileReference; lastKnownFileType = "wrapper.pb-project"; name = React.xcodeproj; path = "../node_modules/react-native/React/React.xcodeproj"; sourceTree = "<group>"; };
		153D270FD29641D5BB5BCDB8 /* libz.tbd */ = {isa = PBXFileReference; explicitFileType = undefined; fileEncoding = 9; includeInIndex = 0; lastKnownFileType = "sourcecode.text-based-dylib-definition"; name = libz.tbd; path = usr/lib/libz.tbd; sourceTree = SDKROOT; };
		2645443B7AE54A82BBAE984E /* RealmReact.xcodeproj */ = {isa = PBXFileReference; explicitFileType = undefined; fileEncoding = 9; includeInIndex = 0; lastKnownFileType = "wrapper.pb-project"; name = RealmReact.xcodeproj; path = "../node_modules/realm/react-native/ios/RealmReact.xcodeproj"; sourceTree = "<group>"; };
		2D16E6891FA4F8E400B85C8A /* libReact.a */ = {isa = PBXFileReference; explicitFileType = archive.ar; path = libReact.a; sourceTree = BUILT_PRODUCTS_DIR; };
		3122F7CC20B76AA700C388FF /* StripeBridge.m */ = {isa = PBXFileReference; fileEncoding = 4; lastKnownFileType = sourcecode.c.objc; path = StripeBridge.m; sourceTree = "<group>"; };
		3122F7FA20B76ABC00C388FF /* StripeBridge.h */ = {isa = PBXFileReference; lastKnownFileType = sourcecode.c.h; path = StripeBridge.h; sourceTree = "<group>"; };
		3122F85420B88FC900C388FF /* RNDeviceInfo.xcodeproj */ = {isa = PBXFileReference; lastKnownFileType = "wrapper.pb-project"; name = RNDeviceInfo.xcodeproj; path = "../node_modules/react-native-device-info/ios/RNDeviceInfo.xcodeproj"; sourceTree = "<group>"; };
		3154E56B20A39BA0000F4758 /* ReactNativeNavigation.xcodeproj */ = {isa = PBXFileReference; lastKnownFileType = "wrapper.pb-project"; name = ReactNativeNavigation.xcodeproj; path = "../node_modules/react-native-navigation/ios/ReactNativeNavigation.xcodeproj"; sourceTree = "<group>"; };
		31CC7A8920A4CE74001561DB /* RCTWeChat.xcodeproj */ = {isa = PBXFileReference; lastKnownFileType = "wrapper.pb-project"; name = RCTWeChat.xcodeproj; path = "../node_modules/react-native-wechat/ios/RCTWeChat.xcodeproj"; sourceTree = "<group>"; };
		31CC7AFC20A4D401001561DB /* 方正准圆简体.TTF */ = {isa = PBXFileReference; lastKnownFileType = file; name = "方正准圆简体.TTF"; path = "Fonts/方正准圆简体.TTF"; sourceTree = SOURCE_ROOT; };
		31CC7B2B20A4D401001561DB /* fzzyjt.TTF */ = {isa = PBXFileReference; lastKnownFileType = file; name = fzzyjt.TTF; path = Fonts/fzzyjt.TTF; sourceTree = SOURCE_ROOT; };
		31CC7B2C20A4D401001561DB /* chanmao.ttf */ = {isa = PBXFileReference; lastKnownFileType = file; name = chanmao.ttf; path = Fonts/chanmao.ttf; sourceTree = SOURCE_ROOT; };
		31E09C4220A3A29C007902C5 /* Octicons.ttf */ = {isa = PBXFileReference; lastKnownFileType = file; path = Octicons.ttf; sourceTree = "<group>"; };
		31E09C4320A3A29C007902C5 /* Feather.ttf */ = {isa = PBXFileReference; lastKnownFileType = file; path = Feather.ttf; sourceTree = "<group>"; };
		31E09C4420A3A29C007902C5 /* Entypo.ttf */ = {isa = PBXFileReference; lastKnownFileType = file; path = Entypo.ttf; sourceTree = "<group>"; };
		31E09C4520A3A29C007902C5 /* MaterialCommunityIcons.ttf */ = {isa = PBXFileReference; lastKnownFileType = file; path = MaterialCommunityIcons.ttf; sourceTree = "<group>"; };
		31E09C4620A3A29C007902C5 /* Foundation.ttf */ = {isa = PBXFileReference; lastKnownFileType = file; path = Foundation.ttf; sourceTree = "<group>"; };
		31E09C4720A3A29C007902C5 /* Ionicons.ttf */ = {isa = PBXFileReference; lastKnownFileType = file; path = Ionicons.ttf; sourceTree = "<group>"; };
		31E09C4820A3A29C007902C5 /* FontAwesome.ttf */ = {isa = PBXFileReference; lastKnownFileType = file; path = FontAwesome.ttf; sourceTree = "<group>"; };
		31E09C4920A3A29C007902C5 /* Zocial.ttf */ = {isa = PBXFileReference; lastKnownFileType = file; path = Zocial.ttf; sourceTree = "<group>"; };
		31E09C4A20A3A29C007902C5 /* EvilIcons.ttf */ = {isa = PBXFileReference; lastKnownFileType = file; path = EvilIcons.ttf; sourceTree = "<group>"; };
		31E09C4B20A3A29C007902C5 /* SimpleLineIcons.ttf */ = {isa = PBXFileReference; lastKnownFileType = file; path = SimpleLineIcons.ttf; sourceTree = "<group>"; };
		31E09C4C20A3A29C007902C5 /* MaterialIcons.ttf */ = {isa = PBXFileReference; lastKnownFileType = file; path = MaterialIcons.ttf; sourceTree = "<group>"; };
		31E09C9620A3A61A007902C5 /* SystemConfiguration.framework */ = {isa = PBXFileReference; lastKnownFileType = wrapper.framework; name = SystemConfiguration.framework; path = System/Library/Frameworks/SystemConfiguration.framework; sourceTree = SDKROOT; };
		31E09C9820A3A62A007902C5 /* CoreTelephony.framework */ = {isa = PBXFileReference; lastKnownFileType = wrapper.framework; name = CoreTelephony.framework; path = System/Library/Frameworks/CoreTelephony.framework; sourceTree = SDKROOT; };
		31E09C9A20A3A640007902C5 /* libsqlite3.0.tbd */ = {isa = PBXFileReference; lastKnownFileType = "sourcecode.text-based-dylib-definition"; name = libsqlite3.0.tbd; path = usr/lib/libsqlite3.0.tbd; sourceTree = SDKROOT; };
		31E09C9C20A3A650007902C5 /* libc++.tbd */ = {isa = PBXFileReference; lastKnownFileType = "sourcecode.text-based-dylib-definition"; name = "libc++.tbd"; path = "usr/lib/libc++.tbd"; sourceTree = SDKROOT; };
		36B8F1D6F4B24FA28F835C5E /* FontAwesome.ttf */ = {isa = PBXFileReference; explicitFileType = undefined; fileEncoding = 9; includeInIndex = 0; lastKnownFileType = unknown; name = FontAwesome.ttf; path = "../node_modules/react-native-vector-icons/Fonts/FontAwesome.ttf"; sourceTree = "<group>"; };
		4DF937DD84A748DB8ED1D5CD /* Entypo.ttf */ = {isa = PBXFileReference; explicitFileType = undefined; fileEncoding = 9; includeInIndex = 0; lastKnownFileType = unknown; name = Entypo.ttf; path = "../node_modules/react-native-vector-icons/Fonts/Entypo.ttf"; sourceTree = "<group>"; };
		53E04BF58A064BD39FA4F765 /* RNVectorIcons.xcodeproj */ = {isa = PBXFileReference; explicitFileType = undefined; fileEncoding = 9; includeInIndex = 0; lastKnownFileType = "wrapper.pb-project"; name = RNVectorIcons.xcodeproj; path = "../node_modules/react-native-vector-icons/RNVectorIcons.xcodeproj"; sourceTree = "<group>"; };
		550177373A4A4318A3299B29 /* libRealmReact.a */ = {isa = PBXFileReference; explicitFileType = undefined; fileEncoding = 9; includeInIndex = 0; lastKnownFileType = archive.ar; path = libRealmReact.a; sourceTree = "<group>"; };
		581C7209634244A9A8219411 /* libRNDeviceInfo.a */ = {isa = PBXFileReference; explicitFileType = undefined; fileEncoding = 9; includeInIndex = 0; lastKnownFileType = archive.ar; path = libRNDeviceInfo.a; sourceTree = "<group>"; };
		5E91572D1DD0AC6500FF2AA8 /* RCTAnimation.xcodeproj */ = {isa = PBXFileReference; lastKnownFileType = "wrapper.pb-project"; name = RCTAnimation.xcodeproj; path = "../node_modules/react-native/Libraries/NativeAnimation/RCTAnimation.xcodeproj"; sourceTree = "<group>"; };
		6EBC7726EDFA4D25B39958D1 /* SimpleLineIcons.ttf */ = {isa = PBXFileReference; explicitFileType = undefined; fileEncoding = 9; includeInIndex = 0; lastKnownFileType = unknown; name = SimpleLineIcons.ttf; path = "../node_modules/react-native-vector-icons/Fonts/SimpleLineIcons.ttf"; sourceTree = "<group>"; };
		78C398B01ACF4ADC00677621 /* RCTLinking.xcodeproj */ = {isa = PBXFileReference; lastKnownFileType = "wrapper.pb-project"; name = RCTLinking.xcodeproj; path = "../node_modules/react-native/Libraries/LinkingIOS/RCTLinking.xcodeproj"; sourceTree = "<group>"; };
		7F818D55E0F54CFCA85FF0E0 /* MaterialCommunityIcons.ttf */ = {isa = PBXFileReference; explicitFileType = undefined; fileEncoding = 9; includeInIndex = 0; lastKnownFileType = unknown; name = MaterialCommunityIcons.ttf; path = "../node_modules/react-native-vector-icons/Fonts/MaterialCommunityIcons.ttf"; sourceTree = "<group>"; };
		830A187EA756400D81EF10CE /* Foundation.ttf */ = {isa = PBXFileReference; explicitFileType = undefined; fileEncoding = 9; includeInIndex = 0; lastKnownFileType = unknown; name = Foundation.ttf; path = "../node_modules/react-native-vector-icons/Fonts/Foundation.ttf"; sourceTree = "<group>"; };
		832341B01AAA6A8300B99B32 /* RCTText.xcodeproj */ = {isa = PBXFileReference; lastKnownFileType = "wrapper.pb-project"; name = RCTText.xcodeproj; path = "../node_modules/react-native/Libraries/Text/RCTText.xcodeproj"; sourceTree = "<group>"; };
		8C8F54AE4BDD44159B23D420 /* libCodePush.a */ = {isa = PBXFileReference; explicitFileType = undefined; fileEncoding = 9; includeInIndex = 0; lastKnownFileType = archive.ar; path = libCodePush.a; sourceTree = "<group>"; };
		ADBDB91F1DFEBF0600ED6528 /* RCTBlob.xcodeproj */ = {isa = PBXFileReference; lastKnownFileType = "wrapper.pb-project"; name = RCTBlob.xcodeproj; path = "../node_modules/react-native/Libraries/Blob/RCTBlob.xcodeproj"; sourceTree = "<group>"; };
		B9E62CD9FCF94F07AD6821E8 /* libRNDeviceInfo-tvOS.a */ = {isa = PBXFileReference; explicitFileType = undefined; fileEncoding = 9; includeInIndex = 0; lastKnownFileType = archive.ar; path = "libRNDeviceInfo-tvOS.a"; sourceTree = "<group>"; };
		BFE6BC37BED24A758903F7F6 /* libRNVectorIcons.a */ = {isa = PBXFileReference; explicitFileType = undefined; fileEncoding = 9; includeInIndex = 0; lastKnownFileType = archive.ar; path = libRNVectorIcons.a; sourceTree = "<group>"; };
		C3C21CB1DDB44C6D84D8C15E /* Zocial.ttf */ = {isa = PBXFileReference; explicitFileType = undefined; fileEncoding = 9; includeInIndex = 0; lastKnownFileType = unknown; name = Zocial.ttf; path = "../node_modules/react-native-vector-icons/Fonts/Zocial.ttf"; sourceTree = "<group>"; };
		C843E76EAF8BC6E9ACD532CA /* libPods-chanmao.a */ = {isa = PBXFileReference; explicitFileType = archive.ar; includeInIndex = 0; path = "libPods-chanmao.a"; sourceTree = BUILT_PRODUCTS_DIR; };
		CAF6A687F10248F3851629DB /* Ionicons.ttf */ = {isa = PBXFileReference; explicitFileType = undefined; fileEncoding = 9; includeInIndex = 0; lastKnownFileType = unknown; name = Ionicons.ttf; path = "../node_modules/react-native-vector-icons/Fonts/Ionicons.ttf"; sourceTree = "<group>"; };
		CE911AA013FF4B98910487D1 /* Feather.ttf */ = {isa = PBXFileReference; explicitFileType = undefined; fileEncoding = 9; includeInIndex = 0; lastKnownFileType = unknown; name = Feather.ttf; path = "../node_modules/react-native-vector-icons/Fonts/Feather.ttf"; sourceTree = "<group>"; };
		D3EE8E983E40E5E7D59B9634 /* Pods-chanmao.release.xcconfig */ = {isa = PBXFileReference; includeInIndex = 1; lastKnownFileType = text.xcconfig; name = "Pods-chanmao.release.xcconfig"; path = "Pods/Target Support Files/Pods-chanmao/Pods-chanmao.release.xcconfig"; sourceTree = "<group>"; };
		D8AB24399EE942769B9531AD /* CodePush.xcodeproj */ = {isa = PBXFileReference; explicitFileType = undefined; fileEncoding = 9; includeInIndex = 0; lastKnownFileType = "wrapper.pb-project"; name = CodePush.xcodeproj; path = "../node_modules/react-native-code-push/ios/CodePush.xcodeproj"; sourceTree = "<group>"; };
		DF5515872193A7CC00F46A3D /* NotoSansMonoCJKsc-Regular.otf */ = {isa = PBXFileReference; lastKnownFileType = file; path = "NotoSansMonoCJKsc-Regular.otf"; sourceTree = "<group>"; };
		DF5515892193A81600F46A3D /* NotoSansCJKsc-Black.otf */ = {isa = PBXFileReference; lastKnownFileType = file; path = "NotoSansCJKsc-Black.otf"; sourceTree = "<group>"; };
		DF55158A2193A81700F46A3D /* NotoSansCJKsc-Medium.otf */ = {isa = PBXFileReference; lastKnownFileType = file; path = "NotoSansCJKsc-Medium.otf"; sourceTree = "<group>"; };
		DF55158B2193A81800F46A3D /* NotoSansCJKsc-Bold.otf */ = {isa = PBXFileReference; lastKnownFileType = file; path = "NotoSansCJKsc-Bold.otf"; sourceTree = "<group>"; };
		DF55158C2193A81900F46A3D /* NotoSansCJKsc-Regular.otf */ = {isa = PBXFileReference; lastKnownFileType = file; path = "NotoSansCJKsc-Regular.otf"; sourceTree = "<group>"; };
		E1C568599B7346BA95206564 /* MaterialIcons.ttf */ = {isa = PBXFileReference; explicitFileType = undefined; fileEncoding = 9; includeInIndex = 0; lastKnownFileType = unknown; name = MaterialIcons.ttf; path = "../node_modules/react-native-vector-icons/Fonts/MaterialIcons.ttf"; sourceTree = "<group>"; };
		EBE8C3AF20C5E563002EE5C3 /* cmApplePay.m */ = {isa = PBXFileReference; fileEncoding = 4; lastKnownFileType = sourcecode.c.objc; path = cmApplePay.m; sourceTree = "<group>"; };
		EBE8C3B020C5E563002EE5C3 /* cmApplePay.h */ = {isa = PBXFileReference; fileEncoding = 4; lastKnownFileType = sourcecode.c.h; path = cmApplePay.h; sourceTree = "<group>"; };
		EBE8C42220C5E5E9002EE5C3 /* chanmao.entitlements */ = {isa = PBXFileReference; lastKnownFileType = text.plist.entitlements; name = chanmao.entitlements; path = chanmao/chanmao.entitlements; sourceTree = "<group>"; };
		F963FCE520B4B86200C1C422 /* AlipaySDK.bundle */ = {isa = PBXFileReference; lastKnownFileType = "wrapper.plug-in"; path = AlipaySDK.bundle; sourceTree = "<group>"; };
		F963FCE720B4B86200C1C422 /* AlipayModule.h */ = {isa = PBXFileReference; fileEncoding = 4; lastKnownFileType = sourcecode.c.h; path = AlipayModule.h; sourceTree = "<group>"; };
		F963FCE920B4B86200C1C422 /* AlipayModule.m */ = {isa = PBXFileReference; fileEncoding = 4; lastKnownFileType = sourcecode.c.objc; path = AlipayModule.m; sourceTree = "<group>"; };
		F963FCEB20B4B86200C1C422 /* AlipaySDK.framework */ = {isa = PBXFileReference; lastKnownFileType = wrapper.framework; path = AlipaySDK.framework; sourceTree = "<group>"; };
		F963FD1E20B4B8C000C1C422 /* CFNetwork.framework */ = {isa = PBXFileReference; lastKnownFileType = wrapper.framework; name = CFNetwork.framework; path = System/Library/Frameworks/CFNetwork.framework; sourceTree = SDKROOT; };
		F963FD2020B4B8C500C1C422 /* CoreGraphics.framework */ = {isa = PBXFileReference; lastKnownFileType = wrapper.framework; name = CoreGraphics.framework; path = System/Library/Frameworks/CoreGraphics.framework; sourceTree = SDKROOT; };
		F963FD2220B4B8C900C1C422 /* CoreMotion.framework */ = {isa = PBXFileReference; lastKnownFileType = wrapper.framework; name = CoreMotion.framework; path = System/Library/Frameworks/CoreMotion.framework; sourceTree = SDKROOT; };
		F963FD2420B4B8D300C1C422 /* CoreText.framework */ = {isa = PBXFileReference; lastKnownFileType = wrapper.framework; name = CoreText.framework; path = System/Library/Frameworks/CoreText.framework; sourceTree = SDKROOT; };
		F963FD2620B4B8DA00C1C422 /* Foundation.framework */ = {isa = PBXFileReference; lastKnownFileType = wrapper.framework; name = Foundation.framework; path = System/Library/Frameworks/Foundation.framework; sourceTree = SDKROOT; };
		F963FD2820B4B8DE00C1C422 /* QuartzCore.framework */ = {isa = PBXFileReference; lastKnownFileType = wrapper.framework; name = QuartzCore.framework; path = System/Library/Frameworks/QuartzCore.framework; sourceTree = SDKROOT; };
		F963FD2A20B4B8E800C1C422 /* UIKit.framework */ = {isa = PBXFileReference; lastKnownFileType = wrapper.framework; name = UIKit.framework; path = System/Library/Frameworks/UIKit.framework; sourceTree = SDKROOT; };
		DA5D159499404C78A139D022 /* NotoSansCJKsc-Black.otf */ = {isa = PBXFileReference; name = "NotoSansCJKsc-Black.otf"; path = "../node_modules/react-native-vector-icons/Fonts/NotoSansCJKsc-Black.otf"; sourceTree = "<group>"; fileEncoding = undefined; lastKnownFileType = unknown; explicitFileType = undefined; includeInIndex = 0; };
		014083AE155E40FEBDED7CC8 /* NotoSansCJKsc-Bold.otf */ = {isa = PBXFileReference; name = "NotoSansCJKsc-Bold.otf"; path = "../node_modules/react-native-vector-icons/Fonts/NotoSansCJKsc-Bold.otf"; sourceTree = "<group>"; fileEncoding = undefined; lastKnownFileType = unknown; explicitFileType = undefined; includeInIndex = 0; };
		CA8FA308B0A94047B119BA48 /* NotoSansCJKsc-Medium.otf */ = {isa = PBXFileReference; name = "NotoSansCJKsc-Medium.otf"; path = "../node_modules/react-native-vector-icons/Fonts/NotoSansCJKsc-Medium.otf"; sourceTree = "<group>"; fileEncoding = undefined; lastKnownFileType = unknown; explicitFileType = undefined; includeInIndex = 0; };
		3A4AC8517CBE414AA3512882 /* NotoSansCJKsc-Regular.otf */ = {isa = PBXFileReference; name = "NotoSansCJKsc-Regular.otf"; path = "../node_modules/react-native-vector-icons/Fonts/NotoSansCJKsc-Regular.otf"; sourceTree = "<group>"; fileEncoding = undefined; lastKnownFileType = unknown; explicitFileType = undefined; includeInIndex = 0; };
		36B2F65922364A7B8AFEFDAF /* NotoSansMonoCJKsc-Regular.otf */ = {isa = PBXFileReference; name = "NotoSansMonoCJKsc-Regular.otf"; path = "../node_modules/react-native-vector-icons/Fonts/NotoSansMonoCJKsc-Regular.otf"; sourceTree = "<group>"; fileEncoding = undefined; lastKnownFileType = unknown; explicitFileType = undefined; includeInIndex = 0; };
/* End PBXFileReference section */

/* Begin PBXFrameworksBuildPhase section */
		13B07F8C1A680F5B00A75B9A /* Frameworks */ = {
			isa = PBXFrameworksBuildPhase;
			buildActionMask = 2147483647;
			files = (
				F963FD2B20B4B8E800C1C422 /* UIKit.framework in Frameworks */,
				31E09C9720A3A61A007902C5 /* SystemConfiguration.framework in Frameworks */,
				F963FD2920B4B8DE00C1C422 /* QuartzCore.framework in Frameworks */,
				F963FD2720B4B8DA00C1C422 /* Foundation.framework in Frameworks */,
				F963FD2520B4B8D300C1C422 /* CoreText.framework in Frameworks */,
				31E09C9920A3A62B007902C5 /* CoreTelephony.framework in Frameworks */,
				F963FD2320B4B8C900C1C422 /* CoreMotion.framework in Frameworks */,
				F963FD2120B4B8C500C1C422 /* CoreGraphics.framework in Frameworks */,
				F963FD1F20B4B8C000C1C422 /* CFNetwork.framework in Frameworks */,
				E3ACE0070FC5416AA3CC6F1A /* libz.tbd in Frameworks */,
				31E09C9D20A3A650007902C5 /* libc++.tbd in Frameworks */,
				31E09C9B20A3A640007902C5 /* libsqlite3.0.tbd in Frameworks */,
				ADBDB9381DFEBF1600ED6528 /* libRCTBlob.a in Frameworks */,
				5E9157361DD0AC6A00FF2AA8 /* libRCTAnimation.a in Frameworks */,
				146834051AC3E58100842450 /* libReact.a in Frameworks */,
				5E9157361DD0AC6A00FF2AA8 /* libRCTAnimation.a in Frameworks */,
				00C302E51ABCBA2D00DB3ED1 /* libRCTActionSheet.a in Frameworks */,
				00C302E71ABCBA2D00DB3ED1 /* libRCTGeolocation.a in Frameworks */,
				00C302E81ABCBA2D00DB3ED1 /* libRCTImage.a in Frameworks */,
				133E29F31AD74F7200F7D852 /* libRCTLinking.a in Frameworks */,
				3154E57120A39BED000F4758 /* libReactNativeNavigation.a in Frameworks */,
				31CC7ABF20A4CEF9001561DB /* libRCTWeChat.a in Frameworks */,
				00C302E91ABCBA2D00DB3ED1 /* libRCTNetwork.a in Frameworks */,
				139105C61AF99C1200B5F7CC /* libRCTSettings.a in Frameworks */,
				832341BD1AAA6AB300B99B32 /* libRCTText.a in Frameworks */,
				00C302EA1ABCBA2D00DB3ED1 /* libRCTVibration.a in Frameworks */,
				139FDEF61B0652A700C62182 /* libRCTWebSocket.a in Frameworks */,
				D7067B9C9D904789ABDE3188 /* libCodePush.a in Frameworks */,
				7AE9BD1B5738447EA59C5C74 /* libRNDeviceInfo.a in Frameworks */,
				7F5B0D66E3C44A6388FD3352 /* libRNVectorIcons.a in Frameworks */,
				F963FD1D20B4B86300C1C422 /* AlipaySDK.framework in Frameworks */,
				5F1B2889CEDD45F1BDDAEDF1 /* libRealmReact.a in Frameworks */,
				49395AB8A86F02BBB27553DC /* libPods-chanmao.a in Frameworks */,
			);
			runOnlyForDeploymentPostprocessing = 0;
		};
/* End PBXFrameworksBuildPhase section */

/* Begin PBXGroup section */
		00C302A81ABCB8CE00DB3ED1 /* Products */ = {
			isa = PBXGroup;
			children = (
				00C302AC1ABCB8CE00DB3ED1 /* libRCTActionSheet.a */,
			);
			name = Products;
			sourceTree = "<group>";
		};
		00C302B61ABCB90400DB3ED1 /* Products */ = {
			isa = PBXGroup;
			children = (
				00C302BA1ABCB90400DB3ED1 /* libRCTGeolocation.a */,
			);
			name = Products;
			sourceTree = "<group>";
		};
		00C302BC1ABCB91800DB3ED1 /* Products */ = {
			isa = PBXGroup;
			children = (
				00C302C01ABCB91800DB3ED1 /* libRCTImage.a */,
				3DAD3E841DF850E9000B6D8A /* libRCTImage-tvOS.a */,
			);
			name = Products;
			sourceTree = "<group>";
		};
		00C302D41ABCB9D200DB3ED1 /* Products */ = {
			isa = PBXGroup;
			children = (
				00C302DC1ABCB9D200DB3ED1 /* libRCTNetwork.a */,
				3DAD3E8C1DF850E9000B6D8A /* libRCTNetwork-tvOS.a */,
			);
			name = Products;
			sourceTree = "<group>";
		};
		00C302E01ABCB9EE00DB3ED1 /* Products */ = {
			isa = PBXGroup;
			children = (
				00C302E41ABCB9EE00DB3ED1 /* libRCTVibration.a */,
			);
			name = Products;
			sourceTree = "<group>";
		};
		00E356EF1AD99517003FC87E /* chanmaoTests */ = {
			isa = PBXGroup;
			children = (
				00E356F21AD99517003FC87E /* chanmaoTests.m */,
				00E356F01AD99517003FC87E /* Supporting Files */,
			);
			path = chanmaoTests;
			sourceTree = "<group>";
		};
		00E356F01AD99517003FC87E /* Supporting Files */ = {
			isa = PBXGroup;
			children = (
				00E356F11AD99517003FC87E /* Info.plist */,
			);
			name = "Supporting Files";
			sourceTree = "<group>";
		};
		139105B71AF99BAD00B5F7CC /* Products */ = {
			isa = PBXGroup;
			children = (
				139105C11AF99BAD00B5F7CC /* libRCTSettings.a */,
				3DAD3E901DF850E9000B6D8A /* libRCTSettings-tvOS.a */,
			);
			name = Products;
			sourceTree = "<group>";
		};
		139FDEE71B06529A00C62182 /* Products */ = {
			isa = PBXGroup;
			children = (
				139FDEF41B06529B00C62182 /* libRCTWebSocket.a */,
				3DAD3E991DF850E9000B6D8A /* libRCTWebSocket-tvOS.a */,
				2D16E6841FA4F8DC00B85C8A /* libfishhook.a */,
				2D16E6861FA4F8DC00B85C8A /* libfishhook-tvOS.a */,
			);
			name = Products;
			sourceTree = "<group>";
		};
		13B07FAE1A68108700A75B9A /* chanmao */ = {
			isa = PBXGroup;
			children = (
				EBE8C42220C5E5E9002EE5C3 /* chanmao.entitlements */,
				EBE8C3AE20C5E563002EE5C3 /* cmApplePay */,
				3122F7FB20B76BA400C388FF /* Stripe */,
				F963FCE320B4B86200C1C422 /* Alipay */,
				31E09C4120A3A29C007902C5 /* Fonts */,
				008F07F21AC5B25A0029DE68 /* main.jsbundle */,
				13B07FAF1A68108700A75B9A /* AppDelegate.h */,
				13B07FB01A68108700A75B9A /* AppDelegate.m */,
				13B07FB51A68108700A75B9A /* Images.xcassets */,
				13B07FB61A68108700A75B9A /* Info.plist */,
				13B07FB11A68108700A75B9A /* LaunchScreen.xib */,
				13B07FB71A68108700A75B9A /* main.m */,
			);
			name = chanmao;
			sourceTree = "<group>";
		};
		146834001AC3E56700842450 /* Products */ = {
			isa = PBXGroup;
			children = (
				146834041AC3E56700842450 /* libReact.a */,
				3DAD3EA31DF850E9000B6D8A /* libReact.a */,
				3DAD3EA51DF850E9000B6D8A /* libyoga.a */,
				3DAD3EA71DF850E9000B6D8A /* libyoga.a */,
				3DAD3EA91DF850E9000B6D8A /* libcxxreact.a */,
				3DAD3EAB1DF850E9000B6D8A /* libcxxreact.a */,
				3DAD3EAD1DF850E9000B6D8A /* libjschelpers.a */,
				3DAD3EAF1DF850E9000B6D8A /* libjschelpers.a */,
				2DF0FFDF2056DD460020B375 /* libjsinspector.a */,
				2DF0FFE12056DD460020B375 /* libjsinspector-tvOS.a */,
				2DF0FFE32056DD460020B375 /* libthird-party.a */,
				2DF0FFE52056DD460020B375 /* libthird-party.a */,
				2DF0FFE72056DD460020B375 /* libdouble-conversion.a */,
				2DF0FFE92056DD460020B375 /* libdouble-conversion.a */,
				2DF0FFEB2056DD460020B375 /* libprivatedata.a */,
				2DF0FFED2056DD460020B375 /* libprivatedata-tvOS.a */,
			);
			name = Products;
			sourceTree = "<group>";
		};
		1D010A4EE47D43099701B6F8 /* Resources */ = {
			isa = PBXGroup;
			children = (
				4DF937DD84A748DB8ED1D5CD /* Entypo.ttf */,
				030B45E3A46349F0AE049AD1 /* EvilIcons.ttf */,
				CE911AA013FF4B98910487D1 /* Feather.ttf */,
				36B8F1D6F4B24FA28F835C5E /* FontAwesome.ttf */,
				830A187EA756400D81EF10CE /* Foundation.ttf */,
				CAF6A687F10248F3851629DB /* Ionicons.ttf */,
				7F818D55E0F54CFCA85FF0E0 /* MaterialCommunityIcons.ttf */,
				E1C568599B7346BA95206564 /* MaterialIcons.ttf */,
				11A69C98C69A4980AAA576E0 /* Octicons.ttf */,
				6EBC7726EDFA4D25B39958D1 /* SimpleLineIcons.ttf */,
				C3C21CB1DDB44C6D84D8C15E /* Zocial.ttf */,
				DA5D159499404C78A139D022 /* NotoSansCJKsc-Black.otf */,
				014083AE155E40FEBDED7CC8 /* NotoSansCJKsc-Bold.otf */,
				CA8FA308B0A94047B119BA48 /* NotoSansCJKsc-Medium.otf */,
				3A4AC8517CBE414AA3512882 /* NotoSansCJKsc-Regular.otf */,
				36B2F65922364A7B8AFEFDAF /* NotoSansMonoCJKsc-Regular.otf */,
			);
			name = Resources;
			sourceTree = "<group>";
		};
		2D16E6871FA4F8E400B85C8A /* Frameworks */ = {
			isa = PBXGroup;
			children = (
				F963FD2A20B4B8E800C1C422 /* UIKit.framework */,
				F963FD2820B4B8DE00C1C422 /* QuartzCore.framework */,
				F963FD2620B4B8DA00C1C422 /* Foundation.framework */,
				F963FD2420B4B8D300C1C422 /* CoreText.framework */,
				F963FD2220B4B8C900C1C422 /* CoreMotion.framework */,
				F963FD2020B4B8C500C1C422 /* CoreGraphics.framework */,
				F963FD1E20B4B8C000C1C422 /* CFNetwork.framework */,
				31E09C9C20A3A650007902C5 /* libc++.tbd */,
				31E09C9A20A3A640007902C5 /* libsqlite3.0.tbd */,
				31E09C9820A3A62A007902C5 /* CoreTelephony.framework */,
				31E09C9620A3A61A007902C5 /* SystemConfiguration.framework */,
				2D16E6891FA4F8E400B85C8A /* libReact.a */,
				153D270FD29641D5BB5BCDB8 /* libz.tbd */,
				C843E76EAF8BC6E9ACD532CA /* libPods-chanmao.a */,
			);
			name = Frameworks;
			sourceTree = "<group>";
		};
		3122F7FB20B76BA400C388FF /* Stripe */ = {
			isa = PBXGroup;
			children = (
				3122F7CC20B76AA700C388FF /* StripeBridge.m */,
				3122F7FA20B76ABC00C388FF /* StripeBridge.h */,
			);
			path = Stripe;
			sourceTree = "<group>";
		};
		3122F85520B88FC900C388FF /* Products */ = {
			isa = PBXGroup;
			children = (
				3122F85A20B88FCA00C388FF /* libRNDeviceInfo.a */,
				3122F85C20B88FCA00C388FF /* libRNDeviceInfo-tvOS.a */,
			);
			name = Products;
			sourceTree = "<group>";
		};
		3154E53520A39AF2000F4758 /* Recovered References */ = {
			isa = PBXGroup;
			children = (
				8C8F54AE4BDD44159B23D420 /* libCodePush.a */,
				581C7209634244A9A8219411 /* libRNDeviceInfo.a */,
				B9E62CD9FCF94F07AD6821E8 /* libRNDeviceInfo-tvOS.a */,
				BFE6BC37BED24A758903F7F6 /* libRNVectorIcons.a */,
				550177373A4A4318A3299B29 /* libRealmReact.a */,
			);
			name = "Recovered References";
			sourceTree = "<group>";
		};
		3154E55B20A39AF6000F4758 /* Products */ = {
			isa = PBXGroup;
			children = (
				3154E56220A39AF6000F4758 /* libCodePush.a */,
				3154E56420A39AF6000F4758 /* libCodePush.a */,
			);
			name = Products;
			sourceTree = "<group>";
		};
		3154E56C20A39BA0000F4758 /* Products */ = {
			isa = PBXGroup;
			children = (
				3154E57020A39BA0000F4758 /* libReactNativeNavigation.a */,
			);
			name = Products;
			sourceTree = "<group>";
		};
		3183432220A3ACBA00B69D8C /* Products */ = {
			isa = PBXGroup;
			children = (
				3183432620A3ACBA00B69D8C /* libRealmReact.a */,
			);
			name = Products;
			sourceTree = "<group>";
		};
		31CC7A8A20A4CE74001561DB /* Products */ = {
			isa = PBXGroup;
			children = (
				31CC7AA720A4CE75001561DB /* libRCTWeChat.a */,
				31CC7AA920A4CE75001561DB /* RCTWeChatTests.xctest */,
			);
			name = Products;
			sourceTree = "<group>";
		};
		31E09C4120A3A29C007902C5 /* Fonts */ = {
			isa = PBXGroup;
			children = (
				31E09C4220A3A29C007902C5 /* Octicons.ttf */,
				31E09C4320A3A29C007902C5 /* Feather.ttf */,
				31E09C4420A3A29C007902C5 /* Entypo.ttf */,
				31E09C4520A3A29C007902C5 /* MaterialCommunityIcons.ttf */,
				31E09C4620A3A29C007902C5 /* Foundation.ttf */,
				DF5515872193A7CC00F46A3D /* NotoSansMonoCJKsc-Regular.otf */,
				DF5515892193A81600F46A3D /* NotoSansCJKsc-Black.otf */,
				DF55158B2193A81800F46A3D /* NotoSansCJKsc-Bold.otf */,
				DF55158A2193A81700F46A3D /* NotoSansCJKsc-Medium.otf */,
				DF55158C2193A81900F46A3D /* NotoSansCJKsc-Regular.otf */,
				31E09C4720A3A29C007902C5 /* Ionicons.ttf */,
				31E09C4820A3A29C007902C5 /* FontAwesome.ttf */,
				31E09C4920A3A29C007902C5 /* Zocial.ttf */,
				31CC7B2C20A4D401001561DB /* chanmao.ttf */,
				31CC7B2B20A4D401001561DB /* fzzyjt.TTF */,
				31CC7AFC20A4D401001561DB /* 方正准圆简体.TTF */,
				31E09C4A20A3A29C007902C5 /* EvilIcons.ttf */,
				31E09C4B20A3A29C007902C5 /* SimpleLineIcons.ttf */,
				31E09C4C20A3A29C007902C5 /* MaterialIcons.ttf */,
			);
			name = Fonts;
			path = "../node_modules/react-native-vector-icons/Fonts";
			sourceTree = "<group>";
		};
		31E09C6720A3A445007902C5 /* Products */ = {
			isa = PBXGroup;
			children = (
				31E09C9520A3A446007902C5 /* libRNVectorIcons.a */,
			);
			name = Products;
			sourceTree = "<group>";
		};
		5E91572E1DD0AC6500FF2AA8 /* Products */ = {
			isa = PBXGroup;
			children = (
				5E9157331DD0AC6500FF2AA8 /* libRCTAnimation.a */,
				5E9157351DD0AC6500FF2AA8 /* libRCTAnimation.a */,
			);
			name = Products;
			sourceTree = "<group>";
		};
		78C398B11ACF4ADC00677621 /* Products */ = {
			isa = PBXGroup;
			children = (
				78C398B91ACF4ADC00677621 /* libRCTLinking.a */,
				3DAD3E881DF850E9000B6D8A /* libRCTLinking-tvOS.a */,
			);
			name = Products;
			sourceTree = "<group>";
		};
		832341AE1AAA6A7D00B99B32 /* Libraries */ = {
			isa = PBXGroup;
			children = (
				3122F85420B88FC900C388FF /* RNDeviceInfo.xcodeproj */,
				31CC7A8920A4CE74001561DB /* RCTWeChat.xcodeproj */,
				3154E56B20A39BA0000F4758 /* ReactNativeNavigation.xcodeproj */,
				5E91572D1DD0AC6500FF2AA8 /* RCTAnimation.xcodeproj */,
				146833FF1AC3E56700842450 /* React.xcodeproj */,
				00C302A71ABCB8CE00DB3ED1 /* RCTActionSheet.xcodeproj */,
				ADBDB91F1DFEBF0600ED6528 /* RCTBlob.xcodeproj */,
				00C302B51ABCB90400DB3ED1 /* RCTGeolocation.xcodeproj */,
				00C302BB1ABCB91800DB3ED1 /* RCTImage.xcodeproj */,
				78C398B01ACF4ADC00677621 /* RCTLinking.xcodeproj */,
				00C302D31ABCB9D200DB3ED1 /* RCTNetwork.xcodeproj */,
				139105B61AF99BAD00B5F7CC /* RCTSettings.xcodeproj */,
				832341B01AAA6A8300B99B32 /* RCTText.xcodeproj */,
				00C302DF1ABCB9EE00DB3ED1 /* RCTVibration.xcodeproj */,
				139FDEE61B06529A00C62182 /* RCTWebSocket.xcodeproj */,
				D8AB24399EE942769B9531AD /* CodePush.xcodeproj */,
				53E04BF58A064BD39FA4F765 /* RNVectorIcons.xcodeproj */,
				2645443B7AE54A82BBAE984E /* RealmReact.xcodeproj */,
			);
			name = Libraries;
			sourceTree = "<group>";
		};
		832341B11AAA6A8300B99B32 /* Products */ = {
			isa = PBXGroup;
			children = (
				832341B51AAA6A8300B99B32 /* libRCTText.a */,
				3DAD3E941DF850E9000B6D8A /* libRCTText-tvOS.a */,
			);
			name = Products;
			sourceTree = "<group>";
		};
		83CBB9F61A601CBA00E9B192 = {
			isa = PBXGroup;
			children = (
				13B07FAE1A68108700A75B9A /* chanmao */,
				832341AE1AAA6A7D00B99B32 /* Libraries */,
				00E356EF1AD99517003FC87E /* chanmaoTests */,
				83CBBA001A601CBA00E9B192 /* Products */,
				2D16E6871FA4F8E400B85C8A /* Frameworks */,
				3154E53520A39AF2000F4758 /* Recovered References */,
				1D010A4EE47D43099701B6F8 /* Resources */,
				E439A21FB20AA6E625A0F8F2 /* Pods */,
			);
			indentWidth = 2;
			sourceTree = "<group>";
			tabWidth = 2;
			usesTabs = 0;
		};
		83CBBA001A601CBA00E9B192 /* Products */ = {
			isa = PBXGroup;
			children = (
				13B07F961A680F5B00A75B9A /* chanmao.app */,
			);
			name = Products;
			sourceTree = "<group>";
		};
		ADBDB9201DFEBF0600ED6528 /* Products */ = {
			isa = PBXGroup;
			children = (
				ADBDB9271DFEBF0700ED6528 /* libRCTBlob.a */,
				2D16E6721FA4F8DC00B85C8A /* libRCTBlob-tvOS.a */,
			);
			name = Products;
			sourceTree = "<group>";
		};
		E439A21FB20AA6E625A0F8F2 /* Pods */ = {
			isa = PBXGroup;
			children = (
				11A35EE0B073629238D3946A /* Pods-chanmao.debug.xcconfig */,
				D3EE8E983E40E5E7D59B9634 /* Pods-chanmao.release.xcconfig */,
			);
			name = Pods;
			sourceTree = "<group>";
		};
		EBE8C3AE20C5E563002EE5C3 /* cmApplePay */ = {
			isa = PBXGroup;
			children = (
				EBE8C3AF20C5E563002EE5C3 /* cmApplePay.m */,
				EBE8C3B020C5E563002EE5C3 /* cmApplePay.h */,
			);
			path = cmApplePay;
			sourceTree = "<group>";
		};
		F963FCE320B4B86200C1C422 /* Alipay */ = {
			isa = PBXGroup;
			children = (
				F963FCE520B4B86200C1C422 /* AlipaySDK.bundle */,
				F963FCE720B4B86200C1C422 /* AlipayModule.h */,
				F963FCE920B4B86200C1C422 /* AlipayModule.m */,
				F963FCEB20B4B86200C1C422 /* AlipaySDK.framework */,
			);
			path = Alipay;
			sourceTree = "<group>";
		};
/* End PBXGroup section */

/* Begin PBXNativeTarget section */
		13B07F861A680F5B00A75B9A /* chanmao */ = {
			isa = PBXNativeTarget;
			buildConfigurationList = 13B07F931A680F5B00A75B9A /* Build configuration list for PBXNativeTarget "chanmao" */;
			buildPhases = (
				84911E5AD1ED94604271B849 /* [CP] Check Pods Manifest.lock */,
				13B07F871A680F5B00A75B9A /* Sources */,
				13B07F8C1A680F5B00A75B9A /* Frameworks */,
				13B07F8E1A680F5B00A75B9A /* Resources */,
				00DD1BFF1BD5951E006B06BC /* Bundle React Native code and images */,
				F273C9AF99F57547A19A885C /* [CP] Copy Pods Resources */,
			);
			buildRules = (
			);
			dependencies = (
			);
			name = chanmao;
			productName = "Hello World";
			productReference = 13B07F961A680F5B00A75B9A /* chanmao.app */;
			productType = "com.apple.product-type.application";
		};
/* End PBXNativeTarget section */

/* Begin PBXProject section */
		83CBB9F71A601CBA00E9B192 /* Project object */ = {
			isa = PBXProject;
			attributes = {
				LastUpgradeCheck = 610;
				ORGANIZATIONNAME = Facebook;
				TargetAttributes = {
					13B07F861A680F5B00A75B9A = {
						DevelopmentTeam = P5WETSWY6J;
						SystemCapabilities = {
							com.apple.ApplePay = {
								enabled = 1;
							};
						};
					};
				};
			};
			buildConfigurationList = 83CBB9FA1A601CBA00E9B192 /* Build configuration list for PBXProject "chanmao" */;
			compatibilityVersion = "Xcode 3.2";
			developmentRegion = English;
			hasScannedForEncodings = 0;
			knownRegions = (
				en,
				Base,
			);
			mainGroup = 83CBB9F61A601CBA00E9B192;
			productRefGroup = 83CBBA001A601CBA00E9B192 /* Products */;
			projectDirPath = "";
			projectReferences = (
				{
					ProductGroup = 3154E55B20A39AF6000F4758 /* Products */;
					ProjectRef = D8AB24399EE942769B9531AD /* CodePush.xcodeproj */;
				},
				{
					ProductGroup = 00C302A81ABCB8CE00DB3ED1 /* Products */;
					ProjectRef = 00C302A71ABCB8CE00DB3ED1 /* RCTActionSheet.xcodeproj */;
				},
				{
					ProductGroup = 5E91572E1DD0AC6500FF2AA8 /* Products */;
					ProjectRef = 5E91572D1DD0AC6500FF2AA8 /* RCTAnimation.xcodeproj */;
				},
				{
					ProductGroup = ADBDB9201DFEBF0600ED6528 /* Products */;
					ProjectRef = ADBDB91F1DFEBF0600ED6528 /* RCTBlob.xcodeproj */;
				},
				{
					ProductGroup = 00C302B61ABCB90400DB3ED1 /* Products */;
					ProjectRef = 00C302B51ABCB90400DB3ED1 /* RCTGeolocation.xcodeproj */;
				},
				{
					ProductGroup = 00C302BC1ABCB91800DB3ED1 /* Products */;
					ProjectRef = 00C302BB1ABCB91800DB3ED1 /* RCTImage.xcodeproj */;
				},
				{
					ProductGroup = 78C398B11ACF4ADC00677621 /* Products */;
					ProjectRef = 78C398B01ACF4ADC00677621 /* RCTLinking.xcodeproj */;
				},
				{
					ProductGroup = 00C302D41ABCB9D200DB3ED1 /* Products */;
					ProjectRef = 00C302D31ABCB9D200DB3ED1 /* RCTNetwork.xcodeproj */;
				},
				{
					ProductGroup = 139105B71AF99BAD00B5F7CC /* Products */;
					ProjectRef = 139105B61AF99BAD00B5F7CC /* RCTSettings.xcodeproj */;
				},
				{
					ProductGroup = 832341B11AAA6A8300B99B32 /* Products */;
					ProjectRef = 832341B01AAA6A8300B99B32 /* RCTText.xcodeproj */;
				},
				{
					ProductGroup = 00C302E01ABCB9EE00DB3ED1 /* Products */;
					ProjectRef = 00C302DF1ABCB9EE00DB3ED1 /* RCTVibration.xcodeproj */;
				},
				{
					ProductGroup = 139FDEE71B06529A00C62182 /* Products */;
					ProjectRef = 139FDEE61B06529A00C62182 /* RCTWebSocket.xcodeproj */;
				},
				{
					ProductGroup = 31CC7A8A20A4CE74001561DB /* Products */;
					ProjectRef = 31CC7A8920A4CE74001561DB /* RCTWeChat.xcodeproj */;
				},
				{
					ProductGroup = 146834001AC3E56700842450 /* Products */;
					ProjectRef = 146833FF1AC3E56700842450 /* React.xcodeproj */;
				},
				{
					ProductGroup = 3154E56C20A39BA0000F4758 /* Products */;
					ProjectRef = 3154E56B20A39BA0000F4758 /* ReactNativeNavigation.xcodeproj */;
				},
				{
					ProductGroup = 3183432220A3ACBA00B69D8C /* Products */;
					ProjectRef = 2645443B7AE54A82BBAE984E /* RealmReact.xcodeproj */;
				},
				{
					ProductGroup = 3122F85520B88FC900C388FF /* Products */;
					ProjectRef = 3122F85420B88FC900C388FF /* RNDeviceInfo.xcodeproj */;
				},
				{
					ProductGroup = 31E09C6720A3A445007902C5 /* Products */;
					ProjectRef = 53E04BF58A064BD39FA4F765 /* RNVectorIcons.xcodeproj */;
				},
			);
			projectRoot = "";
			targets = (
				13B07F861A680F5B00A75B9A /* chanmao */,
			);
		};
/* End PBXProject section */

/* Begin PBXReferenceProxy section */
		00C302AC1ABCB8CE00DB3ED1 /* libRCTActionSheet.a */ = {
			isa = PBXReferenceProxy;
			fileType = archive.ar;
			path = libRCTActionSheet.a;
			remoteRef = 00C302AB1ABCB8CE00DB3ED1 /* PBXContainerItemProxy */;
			sourceTree = BUILT_PRODUCTS_DIR;
		};
		00C302BA1ABCB90400DB3ED1 /* libRCTGeolocation.a */ = {
			isa = PBXReferenceProxy;
			fileType = archive.ar;
			path = libRCTGeolocation.a;
			remoteRef = 00C302B91ABCB90400DB3ED1 /* PBXContainerItemProxy */;
			sourceTree = BUILT_PRODUCTS_DIR;
		};
		00C302C01ABCB91800DB3ED1 /* libRCTImage.a */ = {
			isa = PBXReferenceProxy;
			fileType = archive.ar;
			path = libRCTImage.a;
			remoteRef = 00C302BF1ABCB91800DB3ED1 /* PBXContainerItemProxy */;
			sourceTree = BUILT_PRODUCTS_DIR;
		};
		00C302DC1ABCB9D200DB3ED1 /* libRCTNetwork.a */ = {
			isa = PBXReferenceProxy;
			fileType = archive.ar;
			path = libRCTNetwork.a;
			remoteRef = 00C302DB1ABCB9D200DB3ED1 /* PBXContainerItemProxy */;
			sourceTree = BUILT_PRODUCTS_DIR;
		};
		00C302E41ABCB9EE00DB3ED1 /* libRCTVibration.a */ = {
			isa = PBXReferenceProxy;
			fileType = archive.ar;
			path = libRCTVibration.a;
			remoteRef = 00C302E31ABCB9EE00DB3ED1 /* PBXContainerItemProxy */;
			sourceTree = BUILT_PRODUCTS_DIR;
		};
		139105C11AF99BAD00B5F7CC /* libRCTSettings.a */ = {
			isa = PBXReferenceProxy;
			fileType = archive.ar;
			path = libRCTSettings.a;
			remoteRef = 139105C01AF99BAD00B5F7CC /* PBXContainerItemProxy */;
			sourceTree = BUILT_PRODUCTS_DIR;
		};
		139FDEF41B06529B00C62182 /* libRCTWebSocket.a */ = {
			isa = PBXReferenceProxy;
			fileType = archive.ar;
			path = libRCTWebSocket.a;
			remoteRef = 139FDEF31B06529B00C62182 /* PBXContainerItemProxy */;
			sourceTree = BUILT_PRODUCTS_DIR;
		};
		146834041AC3E56700842450 /* libReact.a */ = {
			isa = PBXReferenceProxy;
			fileType = archive.ar;
			path = libReact.a;
			remoteRef = 146834031AC3E56700842450 /* PBXContainerItemProxy */;
			sourceTree = BUILT_PRODUCTS_DIR;
		};
		2D16E6721FA4F8DC00B85C8A /* libRCTBlob-tvOS.a */ = {
			isa = PBXReferenceProxy;
			fileType = archive.ar;
			path = "libRCTBlob-tvOS.a";
			remoteRef = 2D16E6711FA4F8DC00B85C8A /* PBXContainerItemProxy */;
			sourceTree = BUILT_PRODUCTS_DIR;
		};
		2D16E6841FA4F8DC00B85C8A /* libfishhook.a */ = {
			isa = PBXReferenceProxy;
			fileType = archive.ar;
			path = libfishhook.a;
			remoteRef = 2D16E6831FA4F8DC00B85C8A /* PBXContainerItemProxy */;
			sourceTree = BUILT_PRODUCTS_DIR;
		};
		2D16E6861FA4F8DC00B85C8A /* libfishhook-tvOS.a */ = {
			isa = PBXReferenceProxy;
			fileType = archive.ar;
			path = "libfishhook-tvOS.a";
			remoteRef = 2D16E6851FA4F8DC00B85C8A /* PBXContainerItemProxy */;
			sourceTree = BUILT_PRODUCTS_DIR;
		};
		2DF0FFDF2056DD460020B375 /* libjsinspector.a */ = {
			isa = PBXReferenceProxy;
			fileType = archive.ar;
			path = libjsinspector.a;
			remoteRef = 2DF0FFDE2056DD460020B375 /* PBXContainerItemProxy */;
			sourceTree = BUILT_PRODUCTS_DIR;
		};
		2DF0FFE12056DD460020B375 /* libjsinspector-tvOS.a */ = {
			isa = PBXReferenceProxy;
			fileType = archive.ar;
			path = "libjsinspector-tvOS.a";
			remoteRef = 2DF0FFE02056DD460020B375 /* PBXContainerItemProxy */;
			sourceTree = BUILT_PRODUCTS_DIR;
		};
		2DF0FFE32056DD460020B375 /* libthird-party.a */ = {
			isa = PBXReferenceProxy;
			fileType = archive.ar;
			path = "libthird-party.a";
			remoteRef = 2DF0FFE22056DD460020B375 /* PBXContainerItemProxy */;
			sourceTree = BUILT_PRODUCTS_DIR;
		};
		2DF0FFE52056DD460020B375 /* libthird-party.a */ = {
			isa = PBXReferenceProxy;
			fileType = archive.ar;
			path = "libthird-party.a";
			remoteRef = 2DF0FFE42056DD460020B375 /* PBXContainerItemProxy */;
			sourceTree = BUILT_PRODUCTS_DIR;
		};
		2DF0FFE72056DD460020B375 /* libdouble-conversion.a */ = {
			isa = PBXReferenceProxy;
			fileType = archive.ar;
			path = "libdouble-conversion.a";
			remoteRef = 2DF0FFE62056DD460020B375 /* PBXContainerItemProxy */;
			sourceTree = BUILT_PRODUCTS_DIR;
		};
		2DF0FFE92056DD460020B375 /* libdouble-conversion.a */ = {
			isa = PBXReferenceProxy;
			fileType = archive.ar;
			path = "libdouble-conversion.a";
			remoteRef = 2DF0FFE82056DD460020B375 /* PBXContainerItemProxy */;
			sourceTree = BUILT_PRODUCTS_DIR;
		};
		2DF0FFEB2056DD460020B375 /* libprivatedata.a */ = {
			isa = PBXReferenceProxy;
			fileType = archive.ar;
			path = libprivatedata.a;
			remoteRef = 2DF0FFEA2056DD460020B375 /* PBXContainerItemProxy */;
			sourceTree = BUILT_PRODUCTS_DIR;
		};
		2DF0FFED2056DD460020B375 /* libprivatedata-tvOS.a */ = {
			isa = PBXReferenceProxy;
			fileType = archive.ar;
			path = "libprivatedata-tvOS.a";
			remoteRef = 2DF0FFEC2056DD460020B375 /* PBXContainerItemProxy */;
			sourceTree = BUILT_PRODUCTS_DIR;
		};
		3122F85A20B88FCA00C388FF /* libRNDeviceInfo.a */ = {
			isa = PBXReferenceProxy;
			fileType = archive.ar;
			path = libRNDeviceInfo.a;
			remoteRef = 3122F85920B88FCA00C388FF /* PBXContainerItemProxy */;
			sourceTree = BUILT_PRODUCTS_DIR;
		};
		3122F85C20B88FCA00C388FF /* libRNDeviceInfo-tvOS.a */ = {
			isa = PBXReferenceProxy;
			fileType = archive.ar;
			path = "libRNDeviceInfo-tvOS.a";
			remoteRef = 3122F85B20B88FCA00C388FF /* PBXContainerItemProxy */;
			sourceTree = BUILT_PRODUCTS_DIR;
		};
		3154E56220A39AF6000F4758 /* libCodePush.a */ = {
			isa = PBXReferenceProxy;
			fileType = archive.ar;
			path = libCodePush.a;
			remoteRef = 3154E56120A39AF6000F4758 /* PBXContainerItemProxy */;
			sourceTree = BUILT_PRODUCTS_DIR;
		};
		3154E56420A39AF6000F4758 /* libCodePush.a */ = {
			isa = PBXReferenceProxy;
			fileType = archive.ar;
			path = libCodePush.a;
			remoteRef = 3154E56320A39AF6000F4758 /* PBXContainerItemProxy */;
			sourceTree = BUILT_PRODUCTS_DIR;
		};
		3154E57020A39BA0000F4758 /* libReactNativeNavigation.a */ = {
			isa = PBXReferenceProxy;
			fileType = archive.ar;
			path = libReactNativeNavigation.a;
			remoteRef = 3154E56F20A39BA0000F4758 /* PBXContainerItemProxy */;
			sourceTree = BUILT_PRODUCTS_DIR;
		};
		3183432620A3ACBA00B69D8C /* libRealmReact.a */ = {
			isa = PBXReferenceProxy;
			fileType = archive.ar;
			path = libRealmReact.a;
			remoteRef = 3183432520A3ACBA00B69D8C /* PBXContainerItemProxy */;
			sourceTree = BUILT_PRODUCTS_DIR;
		};
		31CC7AA720A4CE75001561DB /* libRCTWeChat.a */ = {
			isa = PBXReferenceProxy;
			fileType = archive.ar;
			path = libRCTWeChat.a;
			remoteRef = 31CC7AA620A4CE75001561DB /* PBXContainerItemProxy */;
			sourceTree = BUILT_PRODUCTS_DIR;
		};
		31CC7AA920A4CE75001561DB /* RCTWeChatTests.xctest */ = {
			isa = PBXReferenceProxy;
			fileType = wrapper.cfbundle;
			path = RCTWeChatTests.xctest;
			remoteRef = 31CC7AA820A4CE75001561DB /* PBXContainerItemProxy */;
			sourceTree = BUILT_PRODUCTS_DIR;
		};
		31E09C9520A3A446007902C5 /* libRNVectorIcons.a */ = {
			isa = PBXReferenceProxy;
			fileType = archive.ar;
			path = libRNVectorIcons.a;
			remoteRef = 31E09C9420A3A446007902C5 /* PBXContainerItemProxy */;
			sourceTree = BUILT_PRODUCTS_DIR;
		};
		3DAD3E841DF850E9000B6D8A /* libRCTImage-tvOS.a */ = {
			isa = PBXReferenceProxy;
			fileType = archive.ar;
			path = "libRCTImage-tvOS.a";
			remoteRef = 3DAD3E831DF850E9000B6D8A /* PBXContainerItemProxy */;
			sourceTree = BUILT_PRODUCTS_DIR;
		};
		3DAD3E881DF850E9000B6D8A /* libRCTLinking-tvOS.a */ = {
			isa = PBXReferenceProxy;
			fileType = archive.ar;
			path = "libRCTLinking-tvOS.a";
			remoteRef = 3DAD3E871DF850E9000B6D8A /* PBXContainerItemProxy */;
			sourceTree = BUILT_PRODUCTS_DIR;
		};
		3DAD3E8C1DF850E9000B6D8A /* libRCTNetwork-tvOS.a */ = {
			isa = PBXReferenceProxy;
			fileType = archive.ar;
			path = "libRCTNetwork-tvOS.a";
			remoteRef = 3DAD3E8B1DF850E9000B6D8A /* PBXContainerItemProxy */;
			sourceTree = BUILT_PRODUCTS_DIR;
		};
		3DAD3E901DF850E9000B6D8A /* libRCTSettings-tvOS.a */ = {
			isa = PBXReferenceProxy;
			fileType = archive.ar;
			path = "libRCTSettings-tvOS.a";
			remoteRef = 3DAD3E8F1DF850E9000B6D8A /* PBXContainerItemProxy */;
			sourceTree = BUILT_PRODUCTS_DIR;
		};
		3DAD3E941DF850E9000B6D8A /* libRCTText-tvOS.a */ = {
			isa = PBXReferenceProxy;
			fileType = archive.ar;
			path = "libRCTText-tvOS.a";
			remoteRef = 3DAD3E931DF850E9000B6D8A /* PBXContainerItemProxy */;
			sourceTree = BUILT_PRODUCTS_DIR;
		};
		3DAD3E991DF850E9000B6D8A /* libRCTWebSocket-tvOS.a */ = {
			isa = PBXReferenceProxy;
			fileType = archive.ar;
			path = "libRCTWebSocket-tvOS.a";
			remoteRef = 3DAD3E981DF850E9000B6D8A /* PBXContainerItemProxy */;
			sourceTree = BUILT_PRODUCTS_DIR;
		};
		3DAD3EA31DF850E9000B6D8A /* libReact.a */ = {
			isa = PBXReferenceProxy;
			fileType = archive.ar;
			path = libReact.a;
			remoteRef = 3DAD3EA21DF850E9000B6D8A /* PBXContainerItemProxy */;
			sourceTree = BUILT_PRODUCTS_DIR;
		};
		3DAD3EA51DF850E9000B6D8A /* libyoga.a */ = {
			isa = PBXReferenceProxy;
			fileType = archive.ar;
			path = libyoga.a;
			remoteRef = 3DAD3EA41DF850E9000B6D8A /* PBXContainerItemProxy */;
			sourceTree = BUILT_PRODUCTS_DIR;
		};
		3DAD3EA71DF850E9000B6D8A /* libyoga.a */ = {
			isa = PBXReferenceProxy;
			fileType = archive.ar;
			path = libyoga.a;
			remoteRef = 3DAD3EA61DF850E9000B6D8A /* PBXContainerItemProxy */;
			sourceTree = BUILT_PRODUCTS_DIR;
		};
		3DAD3EA91DF850E9000B6D8A /* libcxxreact.a */ = {
			isa = PBXReferenceProxy;
			fileType = archive.ar;
			path = libcxxreact.a;
			remoteRef = 3DAD3EA81DF850E9000B6D8A /* PBXContainerItemProxy */;
			sourceTree = BUILT_PRODUCTS_DIR;
		};
		3DAD3EAB1DF850E9000B6D8A /* libcxxreact.a */ = {
			isa = PBXReferenceProxy;
			fileType = archive.ar;
			path = libcxxreact.a;
			remoteRef = 3DAD3EAA1DF850E9000B6D8A /* PBXContainerItemProxy */;
			sourceTree = BUILT_PRODUCTS_DIR;
		};
		3DAD3EAD1DF850E9000B6D8A /* libjschelpers.a */ = {
			isa = PBXReferenceProxy;
			fileType = archive.ar;
			path = libjschelpers.a;
			remoteRef = 3DAD3EAC1DF850E9000B6D8A /* PBXContainerItemProxy */;
			sourceTree = BUILT_PRODUCTS_DIR;
		};
		3DAD3EAF1DF850E9000B6D8A /* libjschelpers.a */ = {
			isa = PBXReferenceProxy;
			fileType = archive.ar;
			path = libjschelpers.a;
			remoteRef = 3DAD3EAE1DF850E9000B6D8A /* PBXContainerItemProxy */;
			sourceTree = BUILT_PRODUCTS_DIR;
		};
		5E9157331DD0AC6500FF2AA8 /* libRCTAnimation.a */ = {
			isa = PBXReferenceProxy;
			fileType = archive.ar;
			path = libRCTAnimation.a;
			remoteRef = 5E9157321DD0AC6500FF2AA8 /* PBXContainerItemProxy */;
			sourceTree = BUILT_PRODUCTS_DIR;
		};
		5E9157351DD0AC6500FF2AA8 /* libRCTAnimation.a */ = {
			isa = PBXReferenceProxy;
			fileType = archive.ar;
			path = libRCTAnimation.a;
			remoteRef = 5E9157341DD0AC6500FF2AA8 /* PBXContainerItemProxy */;
			sourceTree = BUILT_PRODUCTS_DIR;
		};
		78C398B91ACF4ADC00677621 /* libRCTLinking.a */ = {
			isa = PBXReferenceProxy;
			fileType = archive.ar;
			path = libRCTLinking.a;
			remoteRef = 78C398B81ACF4ADC00677621 /* PBXContainerItemProxy */;
			sourceTree = BUILT_PRODUCTS_DIR;
		};
		832341B51AAA6A8300B99B32 /* libRCTText.a */ = {
			isa = PBXReferenceProxy;
			fileType = archive.ar;
			path = libRCTText.a;
			remoteRef = 832341B41AAA6A8300B99B32 /* PBXContainerItemProxy */;
			sourceTree = BUILT_PRODUCTS_DIR;
		};
		ADBDB9271DFEBF0700ED6528 /* libRCTBlob.a */ = {
			isa = PBXReferenceProxy;
			fileType = archive.ar;
			path = libRCTBlob.a;
			remoteRef = ADBDB9261DFEBF0700ED6528 /* PBXContainerItemProxy */;
			sourceTree = BUILT_PRODUCTS_DIR;
		};
/* End PBXReferenceProxy section */

/* Begin PBXResourcesBuildPhase section */
		13B07F8E1A680F5B00A75B9A /* Resources */ = {
			isa = PBXResourcesBuildPhase;
			buildActionMask = 2147483647;
			files = (
				31CC7B8520A4DAE7001561DB /* chanmao.ttf in Resources */,
				31CC7B8420A4DAE2001561DB /* fzzyjt.TTF in Resources */,
				F963FD1A20B4B86300C1C422 /* AlipaySDK.bundle in Resources */,
				31CC7B5520A4DADD001561DB /* 方正准圆简体.TTF in Resources */,
				13B07FBF1A68108700A75B9A /* Images.xcassets in Resources */,
				31E09C5520A3A29C007902C5 /* EvilIcons.ttf in Resources */,
				DF5515882193A7CD00F46A3D /* NotoSansMonoCJKsc-Regular.otf in Resources */,
				DF55158E2193A81A00F46A3D /* NotoSansCJKsc-Medium.otf in Resources */,
				31E09C5120A3A29C007902C5 /* Foundation.ttf in Resources */,
				31E09C5420A3A29C007902C5 /* Zocial.ttf in Resources */,
				31E09C5720A3A29C007902C5 /* MaterialIcons.ttf in Resources */,
				31E09C5220A3A29C007902C5 /* Ionicons.ttf in Resources */,
				31E09C5620A3A29C007902C5 /* SimpleLineIcons.ttf in Resources */,
				31E09C4D20A3A29C007902C5 /* Octicons.ttf in Resources */,
				DF55158D2193A81A00F46A3D /* NotoSansCJKsc-Black.otf in Resources */,
				31E09C4E20A3A29C007902C5 /* Feather.ttf in Resources */,
				31E09C5320A3A29C007902C5 /* FontAwesome.ttf in Resources */,
				31E09C4F20A3A29C007902C5 /* Entypo.ttf in Resources */,
				31E09C5020A3A29C007902C5 /* MaterialCommunityIcons.ttf in Resources */,
				13B07FBD1A68108700A75B9A /* LaunchScreen.xib in Resources */,
				DF5515902193A81A00F46A3D /* NotoSansCJKsc-Regular.otf in Resources */,
				D9ECDA9D5595465B9B858F7C /* Entypo.ttf in Resources */,
				82622CC64D8E4488B5270DBA /* EvilIcons.ttf in Resources */,
				D01E587654124B71AC8501D4 /* Feather.ttf in Resources */,
				9DB5A231B7EA4762967057A8 /* FontAwesome.ttf in Resources */,
				B7E5875FACA040BAA04330CA /* Foundation.ttf in Resources */,
				C132089C5ABC44829F2F1888 /* Ionicons.ttf in Resources */,
				31FBA814825B46C882C60909 /* MaterialCommunityIcons.ttf in Resources */,
				A4414E5DC8004D079E507AE4 /* MaterialIcons.ttf in Resources */,
				6F96AA76E1D64B8DA0CF4E5F /* Octicons.ttf in Resources */,
				4E235BA18DCE402EA0F6F657 /* SimpleLineIcons.ttf in Resources */,
				DF55158F2193A81A00F46A3D /* NotoSansCJKsc-Bold.otf in Resources */,
				73BAAFB974544FB7927E3977 /* Zocial.ttf in Resources */,
				041BA6DB523A4C01A5A760D5 /* NotoSansCJKsc-Black.otf in Resources */,
				F7FC89FD4C7C4061A18A402E /* NotoSansCJKsc-Bold.otf in Resources */,
				C41FF2CE95D24A239A7074F3 /* NotoSansCJKsc-Medium.otf in Resources */,
				20A00C57F26C42E09D1EFB0C /* NotoSansCJKsc-Regular.otf in Resources */,
				042F5739D5CD466B8C2511D7 /* NotoSansMonoCJKsc-Regular.otf in Resources */,
			);
			runOnlyForDeploymentPostprocessing = 0;
		};
/* End PBXResourcesBuildPhase section */

/* Begin PBXShellScriptBuildPhase section */
		00DD1BFF1BD5951E006B06BC /* Bundle React Native code and images */ = {
			isa = PBXShellScriptBuildPhase;
			buildActionMask = 2147483647;
			files = (
			);
			inputPaths = (
			);
			name = "Bundle React Native code and images";
			outputPaths = (
			);
			runOnlyForDeploymentPostprocessing = 0;
			shellPath = /bin/sh;
			shellScript = "export NODE_BINARY=node\n../node_modules/react-native/scripts/react-native-xcode.sh";
		};
		84911E5AD1ED94604271B849 /* [CP] Check Pods Manifest.lock */ = {
			isa = PBXShellScriptBuildPhase;
			buildActionMask = 2147483647;
			files = (
			);
			inputPaths = (
				"${PODS_PODFILE_DIR_PATH}/Podfile.lock",
				"${PODS_ROOT}/Manifest.lock",
			);
			name = "[CP] Check Pods Manifest.lock";
			outputPaths = (
				"$(DERIVED_FILE_DIR)/Pods-chanmao-checkManifestLockResult.txt",
			);
			runOnlyForDeploymentPostprocessing = 0;
			shellPath = /bin/sh;
			shellScript = "diff \"${PODS_PODFILE_DIR_PATH}/Podfile.lock\" \"${PODS_ROOT}/Manifest.lock\" > /dev/null\nif [ $? != 0 ] ; then\n    # print error to STDERR\n    echo \"error: The sandbox is not in sync with the Podfile.lock. Run 'pod install' or update your CocoaPods installation.\" >&2\n    exit 1\nfi\n# This output is used by Xcode 'outputs' to avoid re-running this script phase.\necho \"SUCCESS\" > \"${SCRIPT_OUTPUT_FILE_0}\"\n";
			showEnvVarsInLog = 0;
		};
		F273C9AF99F57547A19A885C /* [CP] Copy Pods Resources */ = {
			isa = PBXShellScriptBuildPhase;
			buildActionMask = 2147483647;
			files = (
			);
			inputPaths = (
				"${SRCROOT}/Pods/Target Support Files/Pods-chanmao/Pods-chanmao-resources.sh",
				"${PODS_CONFIGURATION_BUILD_DIR}/Stripe/Stripe.bundle",
			);
			name = "[CP] Copy Pods Resources";
			outputPaths = (
				"${TARGET_BUILD_DIR}/${UNLOCALIZED_RESOURCES_FOLDER_PATH}/Stripe.bundle",
			);
			runOnlyForDeploymentPostprocessing = 0;
			shellPath = /bin/sh;
			shellScript = "\"${SRCROOT}/Pods/Target Support Files/Pods-chanmao/Pods-chanmao-resources.sh\"\n";
			showEnvVarsInLog = 0;
		};
/* End PBXShellScriptBuildPhase section */

/* Begin PBXSourcesBuildPhase section */
		13B07F871A680F5B00A75B9A /* Sources */ = {
			isa = PBXSourcesBuildPhase;
			buildActionMask = 2147483647;
			files = (
				EBE8C3DF20C5E563002EE5C3 /* cmApplePay.m in Sources */,
				F963FD1C20B4B86300C1C422 /* AlipayModule.m in Sources */,
				13B07FBC1A68108700A75B9A /* AppDelegate.m in Sources */,
				13B07FC11A68108700A75B9A /* main.m in Sources */,
				3122F7F920B76AA900C388FF /* StripeBridge.m in Sources */,
			);
			runOnlyForDeploymentPostprocessing = 0;
		};
/* End PBXSourcesBuildPhase section */

/* Begin PBXVariantGroup section */
		13B07FB11A68108700A75B9A /* LaunchScreen.xib */ = {
			isa = PBXVariantGroup;
			children = (
				13B07FB21A68108700A75B9A /* Base */,
			);
			name = LaunchScreen.xib;
			path = chanmao;
			sourceTree = "<group>";
		};
/* End PBXVariantGroup section */

/* Begin XCBuildConfiguration section */
		13B07F941A680F5B00A75B9A /* Debug */ = {
			isa = XCBuildConfiguration;
			baseConfigurationReference = 11A35EE0B073629238D3946A /* Pods-chanmao.debug.xcconfig */;
			buildSettings = {
				ASSETCATALOG_COMPILER_APPICON_NAME = AppIcon;
				CODE_SIGN_ENTITLEMENTS = chanmao/chanmao.entitlements;
				CURRENT_PROJECT_VERSION = 1;
				DEAD_CODE_STRIPPING = NO;
				DEVELOPMENT_TEAM = P5WETSWY6J;
				FRAMEWORK_SEARCH_PATHS = (
					"$(inherited)",
					"$(PROJECT_DIR)/Alipay",
				);
				HEADER_SEARCH_PATHS = (
					"$(inherited)",
					"$(SRCROOT)/../node_modules/react-native-code-push/ios/CodePush/**",
					"$(SRCROOT)/../node_modules/react-native-device-info/ios/RNDeviceInfo",
					"$(SRCROOT)/../node_modules/react-native-navigation/ios/**",
					"$(SRCROOT)/../node_modules/react-native-vector-icons/RNVectorIconsManager",
					"$(SRCROOT)/../node_modules/react-native-wechat/ios",
					"$(SRCROOT)/../node_modules/realm/src/**",
				);
				INFOPLIST_FILE = chanmao/Info.plist;
				LD_RUNPATH_SEARCH_PATHS = "$(inherited) @executable_path/Frameworks";
				OTHER_LDFLAGS = (
					"$(inherited)",
					"-ObjC",
					"-lc++",
				);
				PRODUCT_BUNDLE_IDENTIFIER = ca.chanmao.orderapp;
				PRODUCT_NAME = chanmao;
				VERSIONING_SYSTEM = "apple-generic";
			};
			name = Debug;
		};
		13B07F951A680F5B00A75B9A /* Release */ = {
			isa = XCBuildConfiguration;
			baseConfigurationReference = D3EE8E983E40E5E7D59B9634 /* Pods-chanmao.release.xcconfig */;
			buildSettings = {
				ASSETCATALOG_COMPILER_APPICON_NAME = AppIcon;
				CODE_SIGN_ENTITLEMENTS = chanmao/chanmao.entitlements;
				CURRENT_PROJECT_VERSION = 1;
				DEVELOPMENT_TEAM = P5WETSWY6J;
				FRAMEWORK_SEARCH_PATHS = (
					"$(inherited)",
					"$(PROJECT_DIR)/Alipay",
				);
				HEADER_SEARCH_PATHS = (
					"$(inherited)",
					"$(SRCROOT)/../node_modules/react-native-code-push/ios/CodePush/**",
					"$(SRCROOT)/../node_modules/react-native-device-info/ios/RNDeviceInfo",
					"$(SRCROOT)/../node_modules/react-native-navigation/ios/**",
					"$(SRCROOT)/../node_modules/react-native-vector-icons/RNVectorIconsManager",
					"$(SRCROOT)/../node_modules/react-native-wechat/ios",
					"$(SRCROOT)/../node_modules/realm/src/**",
				);
				INFOPLIST_FILE = chanmao/Info.plist;
				LD_RUNPATH_SEARCH_PATHS = "$(inherited) @executable_path/Frameworks";
				OTHER_LDFLAGS = (
					"$(inherited)",
					"-ObjC",
					"-lc++",
				);
				PRODUCT_BUNDLE_IDENTIFIER = ca.chanmao.orderapp;
				PRODUCT_NAME = chanmao;
				VERSIONING_SYSTEM = "apple-generic";
			};
			name = Release;
		};
		83CBBA201A601CBA00E9B192 /* Debug */ = {
			isa = XCBuildConfiguration;
			buildSettings = {
				ALWAYS_SEARCH_USER_PATHS = NO;
				CLANG_CXX_LANGUAGE_STANDARD = "gnu++0x";
				CLANG_CXX_LIBRARY = "libc++";
				CLANG_ENABLE_MODULES = YES;
				CLANG_ENABLE_OBJC_ARC = YES;
				CLANG_WARN_BOOL_CONVERSION = YES;
				CLANG_WARN_CONSTANT_CONVERSION = YES;
				CLANG_WARN_DIRECT_OBJC_ISA_USAGE = YES_ERROR;
				CLANG_WARN_EMPTY_BODY = YES;
				CLANG_WARN_ENUM_CONVERSION = YES;
				CLANG_WARN_INT_CONVERSION = YES;
				CLANG_WARN_OBJC_ROOT_CLASS = YES_ERROR;
				CLANG_WARN_UNREACHABLE_CODE = YES;
				CLANG_WARN__DUPLICATE_METHOD_MATCH = YES;
				"CODE_SIGN_IDENTITY[sdk=iphoneos*]" = "iPhone Developer";
				COPY_PHASE_STRIP = NO;
				ENABLE_STRICT_OBJC_MSGSEND = YES;
				GCC_C_LANGUAGE_STANDARD = gnu99;
				GCC_DYNAMIC_NO_PIC = NO;
				GCC_OPTIMIZATION_LEVEL = 0;
				GCC_PREPROCESSOR_DEFINITIONS = (
					"DEBUG=1",
					"$(inherited)",
				);
				GCC_SYMBOLS_PRIVATE_EXTERN = NO;
				GCC_WARN_64_TO_32_BIT_CONVERSION = YES;
				GCC_WARN_ABOUT_RETURN_TYPE = YES_ERROR;
				GCC_WARN_UNDECLARED_SELECTOR = YES;
				GCC_WARN_UNINITIALIZED_AUTOS = YES_AGGRESSIVE;
				GCC_WARN_UNUSED_FUNCTION = YES;
				GCC_WARN_UNUSED_VARIABLE = YES;
				IPHONEOS_DEPLOYMENT_TARGET = 8.0;
				MTL_ENABLE_DEBUG_INFO = YES;
				ONLY_ACTIVE_ARCH = YES;
				SDKROOT = iphoneos;
			};
			name = Debug;
		};
		83CBBA211A601CBA00E9B192 /* Release */ = {
			isa = XCBuildConfiguration;
			buildSettings = {
				ALWAYS_SEARCH_USER_PATHS = NO;
				CLANG_CXX_LANGUAGE_STANDARD = "gnu++0x";
				CLANG_CXX_LIBRARY = "libc++";
				CLANG_ENABLE_MODULES = YES;
				CLANG_ENABLE_OBJC_ARC = YES;
				CLANG_WARN_BOOL_CONVERSION = YES;
				CLANG_WARN_CONSTANT_CONVERSION = YES;
				CLANG_WARN_DIRECT_OBJC_ISA_USAGE = YES_ERROR;
				CLANG_WARN_EMPTY_BODY = YES;
				CLANG_WARN_ENUM_CONVERSION = YES;
				CLANG_WARN_INT_CONVERSION = YES;
				CLANG_WARN_OBJC_ROOT_CLASS = YES_ERROR;
				CLANG_WARN_UNREACHABLE_CODE = YES;
				CLANG_WARN__DUPLICATE_METHOD_MATCH = YES;
				"CODE_SIGN_IDENTITY[sdk=iphoneos*]" = "iPhone Developer";
				COPY_PHASE_STRIP = YES;
				ENABLE_NS_ASSERTIONS = NO;
				ENABLE_STRICT_OBJC_MSGSEND = YES;
				GCC_C_LANGUAGE_STANDARD = gnu99;
				GCC_WARN_64_TO_32_BIT_CONVERSION = YES;
				GCC_WARN_ABOUT_RETURN_TYPE = YES_ERROR;
				GCC_WARN_UNDECLARED_SELECTOR = YES;
				GCC_WARN_UNINITIALIZED_AUTOS = YES_AGGRESSIVE;
				GCC_WARN_UNUSED_FUNCTION = YES;
				GCC_WARN_UNUSED_VARIABLE = YES;
				IPHONEOS_DEPLOYMENT_TARGET = 8.0;
				MTL_ENABLE_DEBUG_INFO = NO;
				SDKROOT = iphoneos;
				VALIDATE_PRODUCT = YES;
			};
			name = Release;
		};
/* End XCBuildConfiguration section */

/* Begin XCConfigurationList section */
		13B07F931A680F5B00A75B9A /* Build configuration list for PBXNativeTarget "chanmao" */ = {
			isa = XCConfigurationList;
			buildConfigurations = (
				13B07F941A680F5B00A75B9A /* Debug */,
				13B07F951A680F5B00A75B9A /* Release */,
			);
			defaultConfigurationIsVisible = 0;
			defaultConfigurationName = Debug;
		};
		83CBB9FA1A601CBA00E9B192 /* Build configuration list for PBXProject "chanmao" */ = {
			isa = XCConfigurationList;
			buildConfigurations = (
				83CBBA201A601CBA00E9B192 /* Debug */,
				83CBBA211A601CBA00E9B192 /* Release */,
			);
			defaultConfigurationIsVisible = 0;
			defaultConfigurationName = Debug;
		};
/* End XCConfigurationList section */
	};
	rootObject = 83CBB9F71A601CBA00E9B192 /* Project object */;
}
